PODS:
  - Cedar (0.11.3)
  - DTModelStorage (1.2.4):
    - DTModelStorage/All (= 1.2.4)
  - DTModelStorage/All (1.2.4):
    - DTModelStorage/Core
    - DTModelStorage/CoreDataStorage
    - DTModelStorage/MemoryStorage
  - DTModelStorage/Core (1.2.4)
  - DTModelStorage/CoreDataStorage (1.2.4):
    - DTModelStorage/Core
  - DTModelStorage/MemoryStorage (1.2.4):
    - DTModelStorage/Core
  - OCMock (2.2.4)

DEPENDENCIES:
  - Cedar
  - DTModelStorage (= 1.2.4)
  - OCMock (~> 2.2)

SPEC CHECKSUMS:
  Cedar: ab1ea4e5c8af4ee4a8fa0452936679861876dc80
  DTModelStorage: d33ad9ed9480f4a0d87467cf76589d3a60a9dfbe
  OCMock: a6a7dc0e3997fb9f35d99f72528698ebf60d64f2

COCOAPODS: 0.37.2
