PODS:
  - Cedar (0.9.8)
  - DTModelStorage (0.9.0):
    - DTModelStorage/All
  - DTModelStorage/All (0.9.0):
    - DTModelStorage/CoreDataStorage
    - DTModelStorage/MemoryStorage
    - DTModelStorage/ModelTransfer
  - DTModelStorage/Core (0.9.0)
  - DTModelStorage/CoreDataStorage (0.9.0):
    - DTModelStorage/Core
  - DTModelStorage/MemoryStorage (0.9.0):
    - DTModelStorage/Core
  - DTModelStorage/ModelTransfer (0.9.0)
  - OCMock (2.2.4)
  - PlaceKit (1.1.0):
    - PlaceKit/Core
  - PlaceKit/Core (1.1.0)

DEPENDENCIES:
  - Cedar
  - DTModelStorage (= 0.9.0)
  - OCMock (~> 2.2)
  - PlaceKit

SPEC CHECKSUMS:
  Cedar: 6ad54fd39ef5f32292af175bc0259462c724ffb3
  DTModelStorage: fced4755b36440d053ce187b1475cb7dc8f70f74
  OCMock: 6db79185520e24f9f299548f2b8b07e41d881bd5
  PlaceKit: 84da16ea55065c2e62cff1fafb86f73bb9cbc193

COCOAPODS: 0.34.1
