{
  "object": {
    "pins": [
      {
        "package": "DTModelStorage",
        "repositoryURL": "https://github.com/DenTelezhkin/DTModelStorage",
        "state": {
          "branch": null,
          "revision": "29a85693397cb5c41aa60e0563d43c724abaf8ed",
          "version": "8.0.0-beta.2"
        }
      }
    ]
  },
  "version": 1
}
