{
  "object": {
    "pins": [
      {
        "package": "DTModelStorage",
        "repositoryURL": "https://github.com/DenTelezhkin/DTModelStorage",
        "state": {
          "branch": null,
          "revision": "bcdf8bc860699f986827385b248a9822f11c0453",
          "version": "8.0.0-beta.1"
        }
      }
    ]
  },
  "version": 1
}
