{
  "object": {
    "pins": [
      {
        "package": "DTModelStorage",
        "repositoryURL": "https://github.com/DenTelezhkin/DTModelStorage",
        "state": {
          "branch": null,
          "revision": "d00f7567859a925470720b0b6fd01d791df8b51d",
          "version": "10.0.0"
        }
      }
    ]
  },
  "version": 1
}
