{
  "object": {
    "pins": [
      {
        "package": "Changeset",
        "repositoryURL": "https://github.com/DenTelezhkin/Changeset",
        "state": {
          "branch": "swiftpm-platforms",
          "revision": "76ee0cdc4f46a5129229e36530384e1bee7d34e5",
          "version": null
        }
      },
      {
        "package": "DTModelStorage",
        "repositoryURL": "https://github.com/DenTelezhkin/DTModelStorage",
        "state": {
          "branch": "custom-view-mappings",
          "revision": "7ebb9bcb1ccbc8d0877e40224590a0dd79f74eca",
          "version": null
        }
      }
    ]
  },
  "version": 1
}
