{
  "pins" : [
    {
      "identity" : "changeset",
      "kind" : "remoteSourceControl",
      "location" : "https://github.com/DenTelezhkin/Changeset",
      "state" : {
        "branch" : "swiftpm-platforms",
        "revision" : "76ee0cdc4f46a5129229e36530384e1bee7d34e5"
      }
    },
    {
      "identity" : "dtmodelstorage",
      "kind" : "remoteSourceControl",
      "location" : "https://github.com/DenTelezhkin/DTModelStorage",
      "state" : {
        "branch" : "feature/swiftui",
        "revision" : "f3479396671a4755056daa322a90a8d37a8548bc"
      }
    }
  ],
  "version" : 2
}
