{
  "pins" : [
    {
      "identity" : "changeset",
      "kind" : "remoteSourceControl",
      "location" : "https://github.com/DenTelezhkin/Changeset",
      "state" : {
        "branch" : "swiftpm-platforms",
        "revision" : "76ee0cdc4f46a5129229e36530384e1bee7d34e5"
      }
    },
    {
      "identity" : "dtmodelstorage",
      "kind" : "remoteSourceControl",
      "location" : "https://github.com/DenTelezhkin/DTModelStorage",
      "state" : {
        "branch" : "main",
        "revision" : "49f408f61d61917f31d1dd2ccba73813c7698f1f"
      }
    }
  ],
  "version" : 2
}
