// !$*UTF8*$!
{
	archiveVersion = 1;
	classes = {
	};
	objectVersion = 46;
	objects = {

/* Begin PBXBuildFile section */
		9A383C9B1CE1D9FD0081D843 /* DTTableViewManager.swift in Sources */ = {isa = PBXBuildFile; fileRef = 9A383C961CE1D9FD0081D843 /* DTTableViewManager.swift */; };
		9A383C9C1CE1D9FD0081D843 /* DTTableViewManager.swift in Sources */ = {isa = PBXBuildFile; fileRef = 9A383C961CE1D9FD0081D843 /* DTTableViewManager.swift */; };
		9A383C9D1CE1D9FD0081D843 /* SectionModel+HeaderFooter.swift in Sources */ = {isa = PBXBuildFile; fileRef = 9A383C971CE1D9FD0081D843 /* SectionModel+HeaderFooter.swift */; };
		9A383C9E1CE1D9FD0081D843 /* SectionModel+HeaderFooter.swift in Sources */ = {isa = PBXBuildFile; fileRef = 9A383C971CE1D9FD0081D843 /* SectionModel+HeaderFooter.swift */; };
		9A383C9F1CE1D9FD0081D843 /* TableViewConfiguration.swift in Sources */ = {isa = PBXBuildFile; fileRef = 9A383C981CE1D9FD0081D843 /* TableViewConfiguration.swift */; };
		9A383CA01CE1D9FD0081D843 /* TableViewConfiguration.swift in Sources */ = {isa = PBXBuildFile; fileRef = 9A383C981CE1D9FD0081D843 /* TableViewConfiguration.swift */; };
		9A383CA11CE1D9FD0081D843 /* TableViewFactory.swift in Sources */ = {isa = PBXBuildFile; fileRef = 9A383C991CE1D9FD0081D843 /* TableViewFactory.swift */; };
		9A383CA21CE1D9FD0081D843 /* TableViewFactory.swift in Sources */ = {isa = PBXBuildFile; fileRef = 9A383C991CE1D9FD0081D843 /* TableViewFactory.swift */; };
		9A383CA31CE1D9FD0081D843 /* UIView+XibLoading.swift in Sources */ = {isa = PBXBuildFile; fileRef = 9A383C9A1CE1D9FD0081D843 /* UIView+XibLoading.swift */; };
		9A383CA41CE1D9FD0081D843 /* UIView+XibLoading.swift in Sources */ = {isa = PBXBuildFile; fileRef = 9A383C9A1CE1D9FD0081D843 /* UIView+XibLoading.swift */; };
		9A383CA61CE1DA2F0081D843 /* Default-568h@2x.png in Resources */ = {isa = PBXBuildFile; fileRef = 9A383CA51CE1DA2F0081D843 /* Default-568h@2x.png */; };
		9A383CA81CE1DABF0081D843 /* TableViewController+UnitTests.swift in Sources */ = {isa = PBXBuildFile; fileRef = 9A383CA71CE1DABF0081D843 /* TableViewController+UnitTests.swift */; };
		9A383CA91CE1DABF0081D843 /* TableViewController+UnitTests.swift in Sources */ = {isa = PBXBuildFile; fileRef = 9A383CA71CE1DABF0081D843 /* TableViewController+UnitTests.swift */; };
		9A383CAB1CE1DAC40081D843 /* NSIndexPath+Constructor.swift in Sources */ = {isa = PBXBuildFile; fileRef = 9A383CAA1CE1DAC40081D843 /* NSIndexPath+Constructor.swift */; };
		9A383CAC1CE1DAC40081D843 /* NSIndexPath+Constructor.swift in Sources */ = {isa = PBXBuildFile; fileRef = 9A383CAA1CE1DAC40081D843 /* NSIndexPath+Constructor.swift */; };
		9A383CB61CE1DAD80081D843 /* NibCell.xib in Resources */ = {isa = PBXBuildFile; fileRef = 9A383CB01CE1DAD80081D843 /* NibCell.xib */; };
		9A383CB71CE1DAD80081D843 /* NibHeaderFooterView.xib in Resources */ = {isa = PBXBuildFile; fileRef = 9A383CB11CE1DAD80081D843 /* NibHeaderFooterView.xib */; };
		9A383CB81CE1DAD80081D843 /* NibView.xib in Resources */ = {isa = PBXBuildFile; fileRef = 9A383CB21CE1DAD80081D843 /* NibView.xib */; };
		9A383CB91CE1DAD80081D843 /* RandomNibNameCell.xib in Resources */ = {isa = PBXBuildFile; fileRef = 9A383CB31CE1DAD80081D843 /* RandomNibNameCell.xib */; };
		9A383CBA1CE1DAD80081D843 /* ReactingHeaderFooterView.xib in Resources */ = {isa = PBXBuildFile; fileRef = 9A383CB41CE1DAD80081D843 /* ReactingHeaderFooterView.xib */; };
		9A383CBB1CE1DAD80081D843 /* XibTableViewController.xib in Resources */ = {isa = PBXBuildFile; fileRef = 9A383CB51CE1DAD80081D843 /* XibTableViewController.xib */; };
		9A383CC21CE1DB4C0081D843 /* NibCell.xib in Resources */ = {isa = PBXBuildFile; fileRef = 9A383CBC1CE1DB4C0081D843 /* NibCell.xib */; };
		9A383CC31CE1DB4C0081D843 /* NibHeaderFooterView.xib in Resources */ = {isa = PBXBuildFile; fileRef = 9A383CBD1CE1DB4C0081D843 /* NibHeaderFooterView.xib */; };
		9A383CC41CE1DB4C0081D843 /* NibView.xib in Resources */ = {isa = PBXBuildFile; fileRef = 9A383CBE1CE1DB4C0081D843 /* NibView.xib */; };
		9A383CC51CE1DB4C0081D843 /* RandomNibNameCell.xib in Resources */ = {isa = PBXBuildFile; fileRef = 9A383CBF1CE1DB4C0081D843 /* RandomNibNameCell.xib */; };
		9A383CC61CE1DB4C0081D843 /* ReactingHeaderFooterView.xib in Resources */ = {isa = PBXBuildFile; fileRef = 9A383CC01CE1DB4C0081D843 /* ReactingHeaderFooterView.xib */; };
		9A383CC71CE1DB4C0081D843 /* XibTableViewController.xib in Resources */ = {isa = PBXBuildFile; fileRef = 9A383CC11CE1DB4C0081D843 /* XibTableViewController.xib */; };
		9A383CCC1CE1DB7D0081D843 /* XibTableViewController.swift in Sources */ = {isa = PBXBuildFile; fileRef = 9A383CCB1CE1DB7D0081D843 /* XibTableViewController.swift */; };
		9A383CCD1CE1DB7D0081D843 /* XibTableViewController.swift in Sources */ = {isa = PBXBuildFile; fileRef = 9A383CCB1CE1DB7D0081D843 /* XibTableViewController.swift */; };
		9A383CD51CE1DB8A0081D843 /* FixtureCells.swift in Sources */ = {isa = PBXBuildFile; fileRef = 9A383CCE1CE1DB8A0081D843 /* FixtureCells.swift */; };
		9A383CD61CE1DB8A0081D843 /* FixtureCells.swift in Sources */ = {isa = PBXBuildFile; fileRef = 9A383CCE1CE1DB8A0081D843 /* FixtureCells.swift */; };
		9A383CD71CE1DB8A0081D843 /* FixtureStoryboard.storyboard in Resources */ = {isa = PBXBuildFile; fileRef = 9A383CCF1CE1DB8A0081D843 /* FixtureStoryboard.storyboard */; };
		9A383CD81CE1DB8A0081D843 /* FixtureStoryboard.storyboard in Resources */ = {isa = PBXBuildFile; fileRef = 9A383CCF1CE1DB8A0081D843 /* FixtureStoryboard.storyboard */; };
		9A383CD91CE1DB8A0081D843 /* FixtureViews.swift in Sources */ = {isa = PBXBuildFile; fileRef = 9A383CD01CE1DB8A0081D843 /* FixtureViews.swift */; };
		9A383CDA1CE1DB8A0081D843 /* FixtureViews.swift in Sources */ = {isa = PBXBuildFile; fileRef = 9A383CD01CE1DB8A0081D843 /* FixtureViews.swift */; };
		9A383CDB1CE1DB8A0081D843 /* OptionalCells.swift in Sources */ = {isa = PBXBuildFile; fileRef = 9A383CD11CE1DB8A0081D843 /* OptionalCells.swift */; };
		9A383CDC1CE1DB8A0081D843 /* OptionalCells.swift in Sources */ = {isa = PBXBuildFile; fileRef = 9A383CD11CE1DB8A0081D843 /* OptionalCells.swift */; };
		9A383CDD1CE1DB8A0081D843 /* ReactingHeaderFooters.swift in Sources */ = {isa = PBXBuildFile; fileRef = 9A383CD21CE1DB8A0081D843 /* ReactingHeaderFooters.swift */; };
		9A383CDE1CE1DB8A0081D843 /* ReactingHeaderFooters.swift in Sources */ = {isa = PBXBuildFile; fileRef = 9A383CD21CE1DB8A0081D843 /* ReactingHeaderFooters.swift */; };
		9A383CDF1CE1DB8A0081D843 /* ReactingTableCell.swift in Sources */ = {isa = PBXBuildFile; fileRef = 9A383CD31CE1DB8A0081D843 /* ReactingTableCell.swift */; };
		9A383CE01CE1DB8A0081D843 /* ReactingTableCell.swift in Sources */ = {isa = PBXBuildFile; fileRef = 9A383CD31CE1DB8A0081D843 /* ReactingTableCell.swift */; };
		9A383CE11CE1DB8A0081D843 /* StoryboardCell.swift in Sources */ = {isa = PBXBuildFile; fileRef = 9A383CD41CE1DB8A0081D843 /* StoryboardCell.swift */; };
		9A383CE21CE1DB8A0081D843 /* StoryboardCell.swift in Sources */ = {isa = PBXBuildFile; fileRef = 9A383CD41CE1DB8A0081D843 /* StoryboardCell.swift */; };
		9A383CE41CE1DBAA0081D843 /* DTTestTableViewController.swift in Sources */ = {isa = PBXBuildFile; fileRef = 9A383CE31CE1DBAA0081D843 /* DTTestTableViewController.swift */; };
		9A383CE51CE1DBAA0081D843 /* DTTestTableViewController.swift in Sources */ = {isa = PBXBuildFile; fileRef = 9A383CE31CE1DBAA0081D843 /* DTTestTableViewController.swift */; };
		9A383CF01CE1DBCA0081D843 /* CreationTestCase.swift in Sources */ = {isa = PBXBuildFile; fileRef = 9A383CE61CE1DBCA0081D843 /* CreationTestCase.swift */; };
		9A383CF11CE1DBCA0081D843 /* CreationTestCase.swift in Sources */ = {isa = PBXBuildFile; fileRef = 9A383CE61CE1DBCA0081D843 /* CreationTestCase.swift */; };
		9A383CF41CE1DBCA0081D843 /* DatasourceTestCase.swift in Sources */ = {isa = PBXBuildFile; fileRef = 9A383CE81CE1DBCA0081D843 /* DatasourceTestCase.swift */; };
		9A383CF51CE1DBCA0081D843 /* DatasourceTestCase.swift in Sources */ = {isa = PBXBuildFile; fileRef = 9A383CE81CE1DBCA0081D843 /* DatasourceTestCase.swift */; };
		9A383CF81CE1DBCA0081D843 /* MappingTestCase.swift in Sources */ = {isa = PBXBuildFile; fileRef = 9A383CEA1CE1DBCA0081D843 /* MappingTestCase.swift */; };
		9A383CF91CE1DBCA0081D843 /* MappingTestCase.swift in Sources */ = {isa = PBXBuildFile; fileRef = 9A383CEA1CE1DBCA0081D843 /* MappingTestCase.swift */; };
		9A383CFC1CE1DBCA0081D843 /* ReactingToEventsTestCase.swift in Sources */ = {isa = PBXBuildFile; fileRef = 9A383CEC1CE1DBCA0081D843 /* ReactingToEventsTestCase.swift */; };
		9A383CFD1CE1DBCA0081D843 /* ReactingToEventsTestCase.swift in Sources */ = {isa = PBXBuildFile; fileRef = 9A383CEC1CE1DBCA0081D843 /* ReactingToEventsTestCase.swift */; };
		9A383CFE1CE1DBCA0081D843 /* StoryboardMappingTestCase.swift in Sources */ = {isa = PBXBuildFile; fileRef = 9A383CED1CE1DBCA0081D843 /* StoryboardMappingTestCase.swift */; };
		9A383CFF1CE1DBCA0081D843 /* StoryboardMappingTestCase.swift in Sources */ = {isa = PBXBuildFile; fileRef = 9A383CED1CE1DBCA0081D843 /* StoryboardMappingTestCase.swift */; };
		9A383D001CE1DBCA0081D843 /* TableViewFactoryTestCase.swift in Sources */ = {isa = PBXBuildFile; fileRef = 9A383CEE1CE1DBCA0081D843 /* TableViewFactoryTestCase.swift */; };
		9A383D011CE1DBCA0081D843 /* TableViewFactoryTestCase.swift in Sources */ = {isa = PBXBuildFile; fileRef = 9A383CEE1CE1DBCA0081D843 /* TableViewFactoryTestCase.swift */; };
		9A383D021CE1DBCA0081D843 /* ViewModelMappingCustomizableTestCase.swift in Sources */ = {isa = PBXBuildFile; fileRef = 9A383CEF1CE1DBCA0081D843 /* ViewModelMappingCustomizableTestCase.swift */; };
		9A383D031CE1DBCA0081D843 /* ViewModelMappingCustomizableTestCase.swift in Sources */ = {isa = PBXBuildFile; fileRef = 9A383CEF1CE1DBCA0081D843 /* ViewModelMappingCustomizableTestCase.swift */; };
		9A383D051CE1DC4F0081D843 /* StoryboardViewController.swift in Sources */ = {isa = PBXBuildFile; fileRef = 9A383D041CE1DC4F0081D843 /* StoryboardViewController.swift */; };
		9A383D061CE1DC4F0081D843 /* StoryboardViewController.swift in Sources */ = {isa = PBXBuildFile; fileRef = 9A383D041CE1DC4F0081D843 /* StoryboardViewController.swift */; };
		9A41FBDB1B8A176300508207 /* BankCell.xib in Resources */ = {isa = PBXBuildFile; fileRef = 9A41FBDA1B8A176300508207 /* BankCell.xib */; };
		9A41FBE01B8A17C400508207 /* Banks.json in Resources */ = {isa = PBXBuildFile; fileRef = 9A41FBDF1B8A17C400508207 /* Banks.json */; };
		9A41FBE31B8A17E700508207 /* mochaGrunge.png in Resources */ = {isa = PBXBuildFile; fileRef = 9A41FBE11B8A17E700508207 /* mochaGrunge.png */; };
		9A41FBE41B8A17E700508207 /* textured_paper.png in Resources */ = {isa = PBXBuildFile; fileRef = 9A41FBE21B8A17E700508207 /* textured_paper.png */; };
		9A41FBE71B8A181300508207 /* Banks.xcdatamodeld in Sources */ = {isa = PBXBuildFile; fileRef = 9A41FBE51B8A181300508207 /* Banks.xcdatamodeld */; };
		9A5292041B5D3DAC00DC8528 /* DTTableViewManager.framework in Frameworks */ = {isa = PBXBuildFile; fileRef = 9A2A38BC1AEE285E0021E97D /* DTTableViewManager.framework */; };
		9A587D721CE335250094C821 /* DTModelStorage.framework in Frameworks */ = {isa = PBXBuildFile; fileRef = 9A587D541CE334E70094C821 /* DTModelStorage.framework */; };
		9A587D751CE3352E0094C821 /* DTModelStorage.framework in Frameworks */ = {isa = PBXBuildFile; fileRef = 9A587D581CE334E70094C821 /* DTModelStorage.framework */; };
		9A587D7A1CE3355B0094C821 /* DTModelStorage.framework in Frameworks */ = {isa = PBXBuildFile; fileRef = 9A587D541CE334E70094C821 /* DTModelStorage.framework */; };
		9A587D7D1CE335660094C821 /* Nimble.framework in Frameworks */ = {isa = PBXBuildFile; fileRef = 9A587D651CE334EB0094C821 /* Nimble.framework */; };
		9A587D821CE335B40094C821 /* Nimble.framework in Frameworks */ = {isa = PBXBuildFile; fileRef = 9A587D6D1CE334EB0094C821 /* Nimble.framework */; };
		9A587D831CE335B90094C821 /* DTModelStorage.framework in Frameworks */ = {isa = PBXBuildFile; fileRef = 9A587D581CE334E70094C821 /* DTModelStorage.framework */; };
		9A587D861CE335D80094C821 /* DTModelStorage.framework in Frameworks */ = {isa = PBXBuildFile; fileRef = 9A587D541CE334E70094C821 /* DTModelStorage.framework */; };
		9A587D871CE335DF0094C821 /* DTModelStorage.framework in CopyFiles */ = {isa = PBXBuildFile; fileRef = 9A587D541CE334E70094C821 /* DTModelStorage.framework */; settings = {ATTRIBUTES = (CodeSignOnCopy, RemoveHeadersOnCopy, ); }; };
		9A6CED701BE570750091B0AF /* DTTableViewManager.framework in Frameworks */ = {isa = PBXBuildFile; fileRef = 9A2A38BC1AEE285E0021E97D /* DTTableViewManager.framework */; };
		9A9B17071B65771600D8ABD3 /* AppDelegate.swift in Sources */ = {isa = PBXBuildFile; fileRef = 9A9B17061B65771600D8ABD3 /* AppDelegate.swift */; };
		9A9B170E1B65771600D8ABD3 /* Main.storyboard in Resources */ = {isa = PBXBuildFile; fileRef = 9A9B170C1B65771600D8ABD3 /* Main.storyboard */; };
		9A9B17101B65771600D8ABD3 /* Images.xcassets in Resources */ = {isa = PBXBuildFile; fileRef = 9A9B170F1B65771600D8ABD3 /* Images.xcassets */; };
		9A9B17131B65771600D8ABD3 /* LaunchScreen.xib in Resources */ = {isa = PBXBuildFile; fileRef = 9A9B17111B65771600D8ABD3 /* LaunchScreen.xib */; };
		9A9B17261B65772E00D8ABD3 /* DTTableViewManager.framework in Frameworks */ = {isa = PBXBuildFile; fileRef = 9A2A38BC1AEE285E0021E97D /* DTTableViewManager.framework */; };
		9AA3E6C51BA84CB4004950AE /* DTTableViewManager.framework in CopyFiles */ = {isa = PBXBuildFile; fileRef = 9A2A38BC1AEE285E0021E97D /* DTTableViewManager.framework */; settings = {ATTRIBUTES = (CodeSignOnCopy, RemoveHeadersOnCopy, ); }; };
		9AB666CD1D7AE31C00A6CEED /* TableViewUpdater.swift in Sources */ = {isa = PBXBuildFile; fileRef = 9AB666CC1D7AE31C00A6CEED /* TableViewUpdater.swift */; };
		9AB666CE1D7AE31C00A6CEED /* TableViewUpdater.swift in Sources */ = {isa = PBXBuildFile; fileRef = 9AB666CC1D7AE31C00A6CEED /* TableViewUpdater.swift */; };
		9ABE07401B85FC8400636D78 /* CoreDataSearchViewController.swift in Sources */ = {isa = PBXBuildFile; fileRef = 9ABE073F1B85FC8400636D78 /* CoreDataSearchViewController.swift */; };
		9ABE07421B85FCCC00636D78 /* CoreDataManager.swift in Sources */ = {isa = PBXBuildFile; fileRef = 9ABE07411B85FCCC00636D78 /* CoreDataManager.swift */; };
		9ABE07451B85FE4E00636D78 /* Bank.swift in Sources */ = {isa = PBXBuildFile; fileRef = 9ABE07441B85FE4E00636D78 /* Bank.swift */; };
		9ABE074D1B861BCF00636D78 /* BankCell.swift in Sources */ = {isa = PBXBuildFile; fileRef = 9ABE074B1B86074900636D78 /* BankCell.swift */; };
		9AD9D9DF1B6EB2F700AD49AC /* AddRemoveViewController.swift in Sources */ = {isa = PBXBuildFile; fileRef = 9AD9D9DE1B6EB2F700AD49AC /* AddRemoveViewController.swift */; };
		9AD9D9E21B6EB3C700AD49AC /* StringCell.swift in Sources */ = {isa = PBXBuildFile; fileRef = 9AD9D9E11B6EB3C700AD49AC /* StringCell.swift */; };
		9AD9D9E41B6EB8AB00AD49AC /* ReorderViewController.swift in Sources */ = {isa = PBXBuildFile; fileRef = 9AD9D9E31B6EB8AB00AD49AC /* ReorderViewController.swift */; };
		9AD9D9E91B6EBD7D00AD49AC /* CustomViewsController.swift in Sources */ = {isa = PBXBuildFile; fileRef = 9AD9D9E81B6EBD7D00AD49AC /* CustomViewsController.swift */; };
		9AD9D9ED1B6EBEAD00AD49AC /* CustomStringCell.swift in Sources */ = {isa = PBXBuildFile; fileRef = 9AD9D9EB1B6EBEAD00AD49AC /* CustomStringCell.swift */; };
		9AD9D9EE1B6EBEAD00AD49AC /* CustomStringCell.xib in Resources */ = {isa = PBXBuildFile; fileRef = 9AD9D9EC1B6EBEAD00AD49AC /* CustomStringCell.xib */; };
		9AD9D9F01B6EBF7700AD49AC /* CustomHeaderFooterView.swift in Sources */ = {isa = PBXBuildFile; fileRef = 9AD9D9EF1B6EBF7700AD49AC /* CustomHeaderFooterView.swift */; };
		9AD9D9F21B6EBF8800AD49AC /* CustomHeaderFooterView.xib in Resources */ = {isa = PBXBuildFile; fileRef = 9AD9D9F11B6EBF8800AD49AC /* CustomHeaderFooterView.xib */; };
		9ADA63331B88A56F0060B2C0 /* TableViewController.swift in Sources */ = {isa = PBXBuildFile; fileRef = 9ADA63321B88A56F0060B2C0 /* TableViewController.swift */; };
/* End PBXBuildFile section */

/* Begin PBXContainerItemProxy section */
		9A1A499E1B5452FA0006610B /* PBXContainerItemProxy */ = {
			isa = PBXContainerItemProxy;
			containerPortal = E6EA83591615EE6000F8B8C3 /* Project object */;
			proxyType = 1;
			remoteGlobalIDString = 9A2A38BB1AEE285E0021E97D;
			remoteInfo = DTTableViewManager;
		};
		9A587D531CE334E70094C821 /* PBXContainerItemProxy */ = {
			isa = PBXContainerItemProxy;
			containerPortal = 9A587D4A1CE334E70094C821 /* DTModelStorage.xcodeproj */;
			proxyType = 2;
			remoteGlobalIDString = 9A2A385B1AEE24340021E97D;
			remoteInfo = "DTModelStorage-iOS";
		};
		9A587D551CE334E70094C821 /* PBXContainerItemProxy */ = {
			isa = PBXContainerItemProxy;
			containerPortal = 9A587D4A1CE334E70094C821 /* DTModelStorage.xcodeproj */;
			proxyType = 2;
			remoteGlobalIDString = 9A7D5BAB19D860700083673D;
			remoteInfo = "Tests-iOS";
		};
		9A587D571CE334E70094C821 /* PBXContainerItemProxy */ = {
			isa = PBXContainerItemProxy;
			containerPortal = 9A587D4A1CE334E70094C821 /* DTModelStorage.xcodeproj */;
			proxyType = 2;
			remoteGlobalIDString = 9A4C3BBC1BE4E32B000931BA;
			remoteInfo = "DTModelStorage-tvOS";
		};
		9A587D591CE334E70094C821 /* PBXContainerItemProxy */ = {
			isa = PBXContainerItemProxy;
			containerPortal = 9A587D4A1CE334E70094C821 /* DTModelStorage.xcodeproj */;
			proxyType = 2;
			remoteGlobalIDString = 9A4C3BED1BE4E377000931BA;
			remoteInfo = "Tests-tvOS";
		};
		9A587D641CE334EB0094C821 /* PBXContainerItemProxy */ = {
			isa = PBXContainerItemProxy;
			containerPortal = 9A587D5B1CE334EB0094C821 /* Nimble.xcodeproj */;
			proxyType = 2;
			remoteGlobalIDString = 1F1A74291940169200FFFC47;
			remoteInfo = "Nimble-iOS";
		};
		9A587D661CE334EB0094C821 /* PBXContainerItemProxy */ = {
			isa = PBXContainerItemProxy;
			containerPortal = 9A587D5B1CE334EB0094C821 /* Nimble.xcodeproj */;
			proxyType = 2;
			remoteGlobalIDString = 1F1A74341940169200FFFC47;
			remoteInfo = "Nimble-iOSTests";
		};
		9A587D681CE334EB0094C821 /* PBXContainerItemProxy */ = {
			isa = PBXContainerItemProxy;
			containerPortal = 9A587D5B1CE334EB0094C821 /* Nimble.xcodeproj */;
			proxyType = 2;
			remoteGlobalIDString = 1F925EAD195C0D6300ED456B;
			remoteInfo = "Nimble-OSX";
		};
		9A587D6A1CE334EB0094C821 /* PBXContainerItemProxy */ = {
			isa = PBXContainerItemProxy;
			containerPortal = 9A587D5B1CE334EB0094C821 /* Nimble.xcodeproj */;
			proxyType = 2;
			remoteGlobalIDString = 1F925EB7195C0D6300ED456B;
			remoteInfo = "Nimble-OSXTests";
		};
		9A587D6C1CE334EB0094C821 /* PBXContainerItemProxy */ = {
			isa = PBXContainerItemProxy;
			containerPortal = 9A587D5B1CE334EB0094C821 /* Nimble.xcodeproj */;
			proxyType = 2;
			remoteGlobalIDString = 1F5DF1551BDCA0CE00C3A531;
			remoteInfo = "Nimble-tvOS";
		};
		9A587D6E1CE334EB0094C821 /* PBXContainerItemProxy */ = {
			isa = PBXContainerItemProxy;
			containerPortal = 9A587D5B1CE334EB0094C821 /* Nimble.xcodeproj */;
			proxyType = 2;
			remoteGlobalIDString = 1F5DF15E1BDCA0CE00C3A531;
			remoteInfo = "Nimble-tvOSTests";
		};
		9A587D701CE335210094C821 /* PBXContainerItemProxy */ = {
			isa = PBXContainerItemProxy;
			containerPortal = 9A587D4A1CE334E70094C821 /* DTModelStorage.xcodeproj */;
			proxyType = 1;
			remoteGlobalIDString = 9A2A385A1AEE24340021E97D;
			remoteInfo = "DTModelStorage-iOS";
		};
		9A587D731CE3352A0094C821 /* PBXContainerItemProxy */ = {
			isa = PBXContainerItemProxy;
			containerPortal = 9A587D4A1CE334E70094C821 /* DTModelStorage.xcodeproj */;
			proxyType = 1;
			remoteGlobalIDString = 9A4C3BBB1BE4E32B000931BA;
			remoteInfo = "DTModelStorage-tvOS";
		};
		9A587D761CE335540094C821 /* PBXContainerItemProxy */ = {
			isa = PBXContainerItemProxy;
			containerPortal = 9A587D4A1CE334E70094C821 /* DTModelStorage.xcodeproj */;
			proxyType = 1;
			remoteGlobalIDString = 9A2A385A1AEE24340021E97D;
			remoteInfo = "DTModelStorage-iOS";
		};
		9A587D781CE335570094C821 /* PBXContainerItemProxy */ = {
			isa = PBXContainerItemProxy;
			containerPortal = 9A587D5B1CE334EB0094C821 /* Nimble.xcodeproj */;
			proxyType = 1;
			remoteGlobalIDString = 1F1A74281940169200FFFC47;
			remoteInfo = "Nimble-iOS";
		};
		9A587D7E1CE335A70094C821 /* PBXContainerItemProxy */ = {
			isa = PBXContainerItemProxy;
			containerPortal = 9A587D4A1CE334E70094C821 /* DTModelStorage.xcodeproj */;
			proxyType = 1;
			remoteGlobalIDString = 9A4C3BBB1BE4E32B000931BA;
			remoteInfo = "DTModelStorage-tvOS";
		};
		9A587D801CE335AB0094C821 /* PBXContainerItemProxy */ = {
			isa = PBXContainerItemProxy;
			containerPortal = 9A587D5B1CE334EB0094C821 /* Nimble.xcodeproj */;
			proxyType = 1;
			remoteGlobalIDString = 1F5DF1541BDCA0CE00C3A531;
			remoteInfo = "Nimble-tvOS";
		};
		9A587D841CE335D50094C821 /* PBXContainerItemProxy */ = {
			isa = PBXContainerItemProxy;
			containerPortal = 9A587D4A1CE334E70094C821 /* DTModelStorage.xcodeproj */;
			proxyType = 1;
			remoteGlobalIDString = 9A2A385A1AEE24340021E97D;
			remoteInfo = "DTModelStorage-iOS";
		};
		9A6CED9E1BE571F40091B0AF /* PBXContainerItemProxy */ = {
			isa = PBXContainerItemProxy;
			containerPortal = E6EA83591615EE6000F8B8C3 /* Project object */;
			proxyType = 1;
			remoteGlobalIDString = 9A6CED8B1BE571860091B0AF;
			remoteInfo = "DTTableViewManager-tvOS";
		};
		9A9B172A1B65773800D8ABD3 /* PBXContainerItemProxy */ = {
			isa = PBXContainerItemProxy;
			containerPortal = E6EA83591615EE6000F8B8C3 /* Project object */;
			proxyType = 1;
			remoteGlobalIDString = 9A2A38BB1AEE285E0021E97D;
			remoteInfo = DTTableViewManager;
		};
/* End PBXContainerItemProxy section */

/* Begin PBXCopyFilesBuildPhase section */
		9AA3E6C31BA84CA5004950AE /* CopyFiles */ = {
			isa = PBXCopyFilesBuildPhase;
			buildActionMask = 2147483647;
			dstPath = "";
			dstSubfolderSpec = 10;
			files = (
				9A587D871CE335DF0094C821 /* DTModelStorage.framework in CopyFiles */,
				9AA3E6C51BA84CB4004950AE /* DTTableViewManager.framework in CopyFiles */,
			);
			runOnlyForDeploymentPostprocessing = 0;
		};
/* End PBXCopyFilesBuildPhase section */

/* Begin PBXFileReference section */
		9A2A38BC1AEE285E0021E97D /* DTTableViewManager.framework */ = {isa = PBXFileReference; explicitFileType = wrapper.framework; includeInIndex = 0; path = DTTableViewManager.framework; sourceTree = BUILT_PRODUCTS_DIR; };
		9A383C831CE1CC790081D843 /* Example.plist */ = {isa = PBXFileReference; lastKnownFileType = text.plist.xml; name = Example.plist; path = "Supporting files/Example.plist"; sourceTree = "<group>"; };
		9A383C841CE1CC790081D843 /* Framework.plist */ = {isa = PBXFileReference; lastKnownFileType = text.plist.xml; name = Framework.plist; path = "Supporting files/Framework.plist"; sourceTree = "<group>"; };
		9A383C851CE1CC790081D843 /* Tests.plist */ = {isa = PBXFileReference; lastKnownFileType = text.plist.xml; name = Tests.plist; path = "Supporting files/Tests.plist"; sourceTree = "<group>"; };
		9A383C941CE1D9E30081D843 /* CHANGELOG.md */ = {isa = PBXFileReference; lastKnownFileType = net.daringfireball.markdown; path = CHANGELOG.md; sourceTree = "<group>"; };
		9A383C951CE1D9EB0081D843 /* README.md */ = {isa = PBXFileReference; lastKnownFileType = net.daringfireball.markdown; path = README.md; sourceTree = "<group>"; };
		9A383C961CE1D9FD0081D843 /* DTTableViewManager.swift */ = {isa = PBXFileReference; fileEncoding = 4; lastKnownFileType = sourcecode.swift; name = DTTableViewManager.swift; path = Source/DTTableViewManager.swift; sourceTree = "<group>"; };
		9A383C971CE1D9FD0081D843 /* SectionModel+HeaderFooter.swift */ = {isa = PBXFileReference; fileEncoding = 4; lastKnownFileType = sourcecode.swift; name = "SectionModel+HeaderFooter.swift"; path = "Source/SectionModel+HeaderFooter.swift"; sourceTree = "<group>"; };
		9A383C981CE1D9FD0081D843 /* TableViewConfiguration.swift */ = {isa = PBXFileReference; fileEncoding = 4; lastKnownFileType = sourcecode.swift; name = TableViewConfiguration.swift; path = Source/TableViewConfiguration.swift; sourceTree = "<group>"; };
		9A383C991CE1D9FD0081D843 /* TableViewFactory.swift */ = {isa = PBXFileReference; fileEncoding = 4; lastKnownFileType = sourcecode.swift; name = TableViewFactory.swift; path = Source/TableViewFactory.swift; sourceTree = "<group>"; };
		9A383C9A1CE1D9FD0081D843 /* UIView+XibLoading.swift */ = {isa = PBXFileReference; fileEncoding = 4; lastKnownFileType = sourcecode.swift; name = "UIView+XibLoading.swift"; path = "Source/UIView+XibLoading.swift"; sourceTree = "<group>"; };
		9A383CA51CE1DA2F0081D843 /* Default-568h@2x.png */ = {isa = PBXFileReference; lastKnownFileType = image.png; name = "Default-568h@2x.png"; path = "Supporting files/Default-568h@2x.png"; sourceTree = "<group>"; };
		9A383CA71CE1DABF0081D843 /* TableViewController+UnitTests.swift */ = {isa = PBXFileReference; fileEncoding = 4; lastKnownFileType = sourcecode.swift; name = "TableViewController+UnitTests.swift"; path = "Tests/TableViewController+UnitTests.swift"; sourceTree = SOURCE_ROOT; };
		9A383CAA1CE1DAC40081D843 /* NSIndexPath+Constructor.swift */ = {isa = PBXFileReference; fileEncoding = 4; lastKnownFileType = sourcecode.swift; name = "NSIndexPath+Constructor.swift"; path = "Tests/NSIndexPath+Constructor.swift"; sourceTree = SOURCE_ROOT; };
		9A383CB01CE1DAD80081D843 /* NibCell.xib */ = {isa = PBXFileReference; fileEncoding = 4; lastKnownFileType = file.xib; name = NibCell.xib; path = Tests/Fixtures/tvOS/NibCell.xib; sourceTree = SOURCE_ROOT; };
		9A383CB11CE1DAD80081D843 /* NibHeaderFooterView.xib */ = {isa = PBXFileReference; fileEncoding = 4; lastKnownFileType = file.xib; name = NibHeaderFooterView.xib; path = Tests/Fixtures/tvOS/NibHeaderFooterView.xib; sourceTree = SOURCE_ROOT; };
		9A383CB21CE1DAD80081D843 /* NibView.xib */ = {isa = PBXFileReference; fileEncoding = 4; lastKnownFileType = file.xib; name = NibView.xib; path = Tests/Fixtures/tvOS/NibView.xib; sourceTree = SOURCE_ROOT; };
		9A383CB31CE1DAD80081D843 /* RandomNibNameCell.xib */ = {isa = PBXFileReference; fileEncoding = 4; lastKnownFileType = file.xib; name = RandomNibNameCell.xib; path = Tests/Fixtures/tvOS/RandomNibNameCell.xib; sourceTree = SOURCE_ROOT; };
		9A383CB41CE1DAD80081D843 /* ReactingHeaderFooterView.xib */ = {isa = PBXFileReference; fileEncoding = 4; lastKnownFileType = file.xib; name = ReactingHeaderFooterView.xib; path = Tests/Fixtures/tvOS/ReactingHeaderFooterView.xib; sourceTree = SOURCE_ROOT; };
		9A383CB51CE1DAD80081D843 /* XibTableViewController.xib */ = {isa = PBXFileReference; fileEncoding = 4; lastKnownFileType = file.xib; name = XibTableViewController.xib; path = Tests/Fixtures/tvOS/XibTableViewController.xib; sourceTree = SOURCE_ROOT; };
		9A383CBC1CE1DB4C0081D843 /* NibCell.xib */ = {isa = PBXFileReference; fileEncoding = 4; lastKnownFileType = file.xib; name = NibCell.xib; path = Tests/Fixtures/iOS/NibCell.xib; sourceTree = SOURCE_ROOT; };
		9A383CBD1CE1DB4C0081D843 /* NibHeaderFooterView.xib */ = {isa = PBXFileReference; fileEncoding = 4; lastKnownFileType = file.xib; name = NibHeaderFooterView.xib; path = Tests/Fixtures/iOS/NibHeaderFooterView.xib; sourceTree = SOURCE_ROOT; };
		9A383CBE1CE1DB4C0081D843 /* NibView.xib */ = {isa = PBXFileReference; fileEncoding = 4; lastKnownFileType = file.xib; name = NibView.xib; path = Tests/Fixtures/iOS/NibView.xib; sourceTree = SOURCE_ROOT; };
		9A383CBF1CE1DB4C0081D843 /* RandomNibNameCell.xib */ = {isa = PBXFileReference; fileEncoding = 4; lastKnownFileType = file.xib; name = RandomNibNameCell.xib; path = Tests/Fixtures/iOS/RandomNibNameCell.xib; sourceTree = SOURCE_ROOT; };
		9A383CC01CE1DB4C0081D843 /* ReactingHeaderFooterView.xib */ = {isa = PBXFileReference; fileEncoding = 4; lastKnownFileType = file.xib; name = ReactingHeaderFooterView.xib; path = Tests/Fixtures/iOS/ReactingHeaderFooterView.xib; sourceTree = SOURCE_ROOT; };
		9A383CC11CE1DB4C0081D843 /* XibTableViewController.xib */ = {isa = PBXFileReference; fileEncoding = 4; lastKnownFileType = file.xib; name = XibTableViewController.xib; path = Tests/Fixtures/iOS/XibTableViewController.xib; sourceTree = SOURCE_ROOT; };
		9A383CCB1CE1DB7D0081D843 /* XibTableViewController.swift */ = {isa = PBXFileReference; fileEncoding = 4; lastKnownFileType = sourcecode.swift; name = XibTableViewController.swift; path = Tests/Fixtures/XibTableViewController.swift; sourceTree = SOURCE_ROOT; };
		9A383CCE1CE1DB8A0081D843 /* FixtureCells.swift */ = {isa = PBXFileReference; fileEncoding = 4; lastKnownFileType = sourcecode.swift; name = FixtureCells.swift; path = Tests/Fixtures/FixtureCells.swift; sourceTree = SOURCE_ROOT; };
		9A383CCF1CE1DB8A0081D843 /* FixtureStoryboard.storyboard */ = {isa = PBXFileReference; fileEncoding = 4; lastKnownFileType = file.storyboard; name = FixtureStoryboard.storyboard; path = Tests/Fixtures/FixtureStoryboard.storyboard; sourceTree = SOURCE_ROOT; };
		9A383CD01CE1DB8A0081D843 /* FixtureViews.swift */ = {isa = PBXFileReference; fileEncoding = 4; lastKnownFileType = sourcecode.swift; name = FixtureViews.swift; path = Tests/Fixtures/FixtureViews.swift; sourceTree = SOURCE_ROOT; };
		9A383CD11CE1DB8A0081D843 /* OptionalCells.swift */ = {isa = PBXFileReference; fileEncoding = 4; lastKnownFileType = sourcecode.swift; name = OptionalCells.swift; path = Tests/Fixtures/OptionalCells.swift; sourceTree = SOURCE_ROOT; };
		9A383CD21CE1DB8A0081D843 /* ReactingHeaderFooters.swift */ = {isa = PBXFileReference; fileEncoding = 4; lastKnownFileType = sourcecode.swift; name = ReactingHeaderFooters.swift; path = Tests/Fixtures/ReactingHeaderFooters.swift; sourceTree = SOURCE_ROOT; };
		9A383CD31CE1DB8A0081D843 /* ReactingTableCell.swift */ = {isa = PBXFileReference; fileEncoding = 4; lastKnownFileType = sourcecode.swift; name = ReactingTableCell.swift; path = Tests/Fixtures/ReactingTableCell.swift; sourceTree = SOURCE_ROOT; };
		9A383CD41CE1DB8A0081D843 /* StoryboardCell.swift */ = {isa = PBXFileReference; fileEncoding = 4; lastKnownFileType = sourcecode.swift; name = StoryboardCell.swift; path = Tests/Fixtures/StoryboardCell.swift; sourceTree = SOURCE_ROOT; };
		9A383CE31CE1DBAA0081D843 /* DTTestTableViewController.swift */ = {isa = PBXFileReference; fileEncoding = 4; lastKnownFileType = sourcecode.swift; name = DTTestTableViewController.swift; path = Tests/Fixtures/DTTestTableViewController.swift; sourceTree = SOURCE_ROOT; };
		9A383CE61CE1DBCA0081D843 /* CreationTestCase.swift */ = {isa = PBXFileReference; fileEncoding = 4; lastKnownFileType = sourcecode.swift; name = CreationTestCase.swift; path = Tests/CreationTestCase.swift; sourceTree = SOURCE_ROOT; };
		9A383CE81CE1DBCA0081D843 /* DatasourceTestCase.swift */ = {isa = PBXFileReference; fileEncoding = 4; lastKnownFileType = sourcecode.swift; name = DatasourceTestCase.swift; path = Tests/DatasourceTestCase.swift; sourceTree = SOURCE_ROOT; };
		9A383CEA1CE1DBCA0081D843 /* MappingTestCase.swift */ = {isa = PBXFileReference; fileEncoding = 4; lastKnownFileType = sourcecode.swift; name = MappingTestCase.swift; path = Tests/MappingTestCase.swift; sourceTree = SOURCE_ROOT; };
		9A383CEC1CE1DBCA0081D843 /* ReactingToEventsTestCase.swift */ = {isa = PBXFileReference; fileEncoding = 4; lastKnownFileType = sourcecode.swift; name = ReactingToEventsTestCase.swift; path = Tests/ReactingToEventsTestCase.swift; sourceTree = SOURCE_ROOT; };
		9A383CED1CE1DBCA0081D843 /* StoryboardMappingTestCase.swift */ = {isa = PBXFileReference; fileEncoding = 4; lastKnownFileType = sourcecode.swift; name = StoryboardMappingTestCase.swift; path = Tests/StoryboardMappingTestCase.swift; sourceTree = SOURCE_ROOT; };
		9A383CEE1CE1DBCA0081D843 /* TableViewFactoryTestCase.swift */ = {isa = PBXFileReference; fileEncoding = 4; lastKnownFileType = sourcecode.swift; name = TableViewFactoryTestCase.swift; path = Tests/TableViewFactoryTestCase.swift; sourceTree = SOURCE_ROOT; };
		9A383CEF1CE1DBCA0081D843 /* ViewModelMappingCustomizableTestCase.swift */ = {isa = PBXFileReference; fileEncoding = 4; lastKnownFileType = sourcecode.swift; name = ViewModelMappingCustomizableTestCase.swift; path = Tests/ViewModelMappingCustomizableTestCase.swift; sourceTree = SOURCE_ROOT; };
		9A383D041CE1DC4F0081D843 /* StoryboardViewController.swift */ = {isa = PBXFileReference; fileEncoding = 4; lastKnownFileType = sourcecode.swift; name = StoryboardViewController.swift; path = Tests/StoryboardViewController.swift; sourceTree = SOURCE_ROOT; };
		9A41FBDA1B8A176300508207 /* BankCell.xib */ = {isa = PBXFileReference; fileEncoding = 4; lastKnownFileType = file.xib; name = BankCell.xib; path = Cells/BankCell.xib; sourceTree = "<group>"; };
		9A41FBDF1B8A17C400508207 /* Banks.json */ = {isa = PBXFileReference; fileEncoding = 4; lastKnownFileType = text.json; name = Banks.json; path = "Example controllers/Search/Banks.json"; sourceTree = "<group>"; };
		9A41FBE11B8A17E700508207 /* mochaGrunge.png */ = {isa = PBXFileReference; lastKnownFileType = image.png; name = mochaGrunge.png; path = Resources/mochaGrunge.png; sourceTree = "<group>"; };
		9A41FBE21B8A17E700508207 /* textured_paper.png */ = {isa = PBXFileReference; lastKnownFileType = image.png; name = textured_paper.png; path = Resources/textured_paper.png; sourceTree = "<group>"; };
		9A41FBE61B8A181300508207 /* Banks.xcdatamodel */ = {isa = PBXFileReference; lastKnownFileType = wrapper.xcdatamodel; path = Banks.xcdatamodel; sourceTree = "<group>"; };
		9A587D4A1CE334E70094C821 /* DTModelStorage.xcodeproj */ = {isa = PBXFileReference; lastKnownFileType = "wrapper.pb-project"; name = DTModelStorage.xcodeproj; path = Carthage/Checkouts/DTModelStorage/DTModelStorage.xcodeproj; sourceTree = "<group>"; };
		9A587D5B1CE334EB0094C821 /* Nimble.xcodeproj */ = {isa = PBXFileReference; lastKnownFileType = "wrapper.pb-project"; name = Nimble.xcodeproj; path = Carthage/Checkouts/Nimble/Nimble.xcodeproj; sourceTree = "<group>"; };
		9A6CED7D1BE570750091B0AF /* Tests-tvOS.xctest */ = {isa = PBXFileReference; explicitFileType = wrapper.cfbundle; includeInIndex = 0; path = "Tests-tvOS.xctest"; sourceTree = BUILT_PRODUCTS_DIR; };
		9A6CED8C1BE571860091B0AF /* DTTableViewManager.framework */ = {isa = PBXFileReference; explicitFileType = wrapper.framework; includeInIndex = 0; path = DTTableViewManager.framework; sourceTree = BUILT_PRODUCTS_DIR; };
		9A88F5A819EAC683008436C9 /* Images.xcassets */ = {isa = PBXFileReference; lastKnownFileType = folder.assetcatalog; name = Images.xcassets; path = Example/Images.xcassets; sourceTree = "<group>"; };
		9A9B17021B65771600D8ABD3 /* Example.app */ = {isa = PBXFileReference; explicitFileType = wrapper.application; includeInIndex = 0; path = Example.app; sourceTree = BUILT_PRODUCTS_DIR; };
		9A9B17061B65771600D8ABD3 /* AppDelegate.swift */ = {isa = PBXFileReference; lastKnownFileType = sourcecode.swift; path = AppDelegate.swift; sourceTree = "<group>"; };
		9A9B170D1B65771600D8ABD3 /* Base */ = {isa = PBXFileReference; lastKnownFileType = file.storyboard; name = Base; path = Base.lproj/Main.storyboard; sourceTree = "<group>"; };
		9A9B170F1B65771600D8ABD3 /* Images.xcassets */ = {isa = PBXFileReference; lastKnownFileType = folder.assetcatalog; path = Images.xcassets; sourceTree = "<group>"; };
		9A9B17121B65771600D8ABD3 /* Base */ = {isa = PBXFileReference; lastKnownFileType = file.xib; name = Base; path = Base.lproj/LaunchScreen.xib; sourceTree = "<group>"; };
		9AB666CC1D7AE31C00A6CEED /* TableViewUpdater.swift */ = {isa = PBXFileReference; fileEncoding = 4; lastKnownFileType = sourcecode.swift; name = TableViewUpdater.swift; path = Source/TableViewUpdater.swift; sourceTree = "<group>"; };
		9ABE073F1B85FC8400636D78 /* CoreDataSearchViewController.swift */ = {isa = PBXFileReference; fileEncoding = 4; lastKnownFileType = sourcecode.swift; name = CoreDataSearchViewController.swift; path = "Example controllers/Search/CoreDataSearchViewController.swift"; sourceTree = "<group>"; };
		9ABE07411B85FCCC00636D78 /* CoreDataManager.swift */ = {isa = PBXFileReference; fileEncoding = 4; lastKnownFileType = sourcecode.swift; path = CoreDataManager.swift; sourceTree = "<group>"; };
		9ABE07441B85FE4E00636D78 /* Bank.swift */ = {isa = PBXFileReference; fileEncoding = 4; lastKnownFileType = sourcecode.swift; name = Bank.swift; path = CoreData/Bank.swift; sourceTree = "<group>"; };
		9ABE074B1B86074900636D78 /* BankCell.swift */ = {isa = PBXFileReference; fileEncoding = 4; lastKnownFileType = sourcecode.swift; name = BankCell.swift; path = "Example controllers/Search/BankCell.swift"; sourceTree = "<group>"; };
		9AD9D9DE1B6EB2F700AD49AC /* AddRemoveViewController.swift */ = {isa = PBXFileReference; fileEncoding = 4; lastKnownFileType = sourcecode.swift; name = AddRemoveViewController.swift; path = "Example controllers/AddRemoveViewController.swift"; sourceTree = "<group>"; };
		9AD9D9E11B6EB3C700AD49AC /* StringCell.swift */ = {isa = PBXFileReference; fileEncoding = 4; lastKnownFileType = sourcecode.swift; name = StringCell.swift; path = Cells/StringCell.swift; sourceTree = "<group>"; };
		9AD9D9E31B6EB8AB00AD49AC /* ReorderViewController.swift */ = {isa = PBXFileReference; fileEncoding = 4; lastKnownFileType = sourcecode.swift; name = ReorderViewController.swift; path = "Example controllers/ReorderViewController.swift"; sourceTree = "<group>"; };
		9AD9D9E81B6EBD7D00AD49AC /* CustomViewsController.swift */ = {isa = PBXFileReference; fileEncoding = 4; lastKnownFileType = sourcecode.swift; name = CustomViewsController.swift; path = "Example controllers/CustomViewsController.swift"; sourceTree = "<group>"; };
		9AD9D9EB1B6EBEAD00AD49AC /* CustomStringCell.swift */ = {isa = PBXFileReference; fileEncoding = 4; lastKnownFileType = sourcecode.swift; name = CustomStringCell.swift; path = Cells/CustomStringCell.swift; sourceTree = "<group>"; };
		9AD9D9EC1B6EBEAD00AD49AC /* CustomStringCell.xib */ = {isa = PBXFileReference; fileEncoding = 4; lastKnownFileType = file.xib; name = CustomStringCell.xib; path = Cells/CustomStringCell.xib; sourceTree = "<group>"; };
		9AD9D9EF1B6EBF7700AD49AC /* CustomHeaderFooterView.swift */ = {isa = PBXFileReference; fileEncoding = 4; lastKnownFileType = sourcecode.swift; name = CustomHeaderFooterView.swift; path = "Headers:Footers/CustomHeaderFooterView.swift"; sourceTree = "<group>"; };
		9AD9D9F11B6EBF8800AD49AC /* CustomHeaderFooterView.xib */ = {isa = PBXFileReference; fileEncoding = 4; lastKnownFileType = file.xib; name = CustomHeaderFooterView.xib; path = "Headers:Footers/CustomHeaderFooterView.xib"; sourceTree = "<group>"; };
		9ADA63321B88A56F0060B2C0 /* TableViewController.swift */ = {isa = PBXFileReference; fileEncoding = 4; lastKnownFileType = sourcecode.swift; name = TableViewController.swift; path = "Example controllers/TableViewController.swift"; sourceTree = "<group>"; };
		9AF0031A1A5ABE7000ABFC90 /* Tests-iOS.xctest */ = {isa = PBXFileReference; explicitFileType = wrapper.cfbundle; includeInIndex = 0; path = "Tests-iOS.xctest"; sourceTree = BUILT_PRODUCTS_DIR; };
/* End PBXFileReference section */

/* Begin PBXFrameworksBuildPhase section */
		9A2A38B81AEE285E0021E97D /* Frameworks */ = {
			isa = PBXFrameworksBuildPhase;
			buildActionMask = 2147483647;
			files = (
				9A587D721CE335250094C821 /* DTModelStorage.framework in Frameworks */,
			);
			runOnlyForDeploymentPostprocessing = 0;
		};
		9A6CED6D1BE570750091B0AF /* Frameworks */ = {
			isa = PBXFrameworksBuildPhase;
			buildActionMask = 2147483647;
			files = (
				9A587D831CE335B90094C821 /* DTModelStorage.framework in Frameworks */,
				9A587D821CE335B40094C821 /* Nimble.framework in Frameworks */,
				9A6CED701BE570750091B0AF /* DTTableViewManager.framework in Frameworks */,
			);
			runOnlyForDeploymentPostprocessing = 0;
		};
		9A6CED881BE571860091B0AF /* Frameworks */ = {
			isa = PBXFrameworksBuildPhase;
			buildActionMask = 2147483647;
			files = (
				9A587D751CE3352E0094C821 /* DTModelStorage.framework in Frameworks */,
			);
			runOnlyForDeploymentPostprocessing = 0;
		};
		9A9B16FF1B65771600D8ABD3 /* Frameworks */ = {
			isa = PBXFrameworksBuildPhase;
			buildActionMask = 2147483647;
			files = (
				9A587D861CE335D80094C821 /* DTModelStorage.framework in Frameworks */,
				9A9B17261B65772E00D8ABD3 /* DTTableViewManager.framework in Frameworks */,
			);
			runOnlyForDeploymentPostprocessing = 0;
		};
		9AF003171A5ABE7000ABFC90 /* Frameworks */ = {
			isa = PBXFrameworksBuildPhase;
			buildActionMask = 2147483647;
			files = (
				9A587D7D1CE335660094C821 /* Nimble.framework in Frameworks */,
				9A587D7A1CE3355B0094C821 /* DTModelStorage.framework in Frameworks */,
				9A5292041B5D3DAC00DC8528 /* DTTableViewManager.framework in Frameworks */,
			);
			runOnlyForDeploymentPostprocessing = 0;
		};
/* End PBXFrameworksBuildPhase section */

/* Begin PBXGroup section */
		9A08A9AB1B8A23A100877C62 /* DTTableViewManager */ = {
			isa = PBXGroup;
			children = (
				9A383C961CE1D9FD0081D843 /* DTTableViewManager.swift */,
				9AB666CC1D7AE31C00A6CEED /* TableViewUpdater.swift */,
				9A383C971CE1D9FD0081D843 /* SectionModel+HeaderFooter.swift */,
				9A383C981CE1D9FD0081D843 /* TableViewConfiguration.swift */,
				9A383C991CE1D9FD0081D843 /* TableViewFactory.swift */,
				9A383C9A1CE1D9FD0081D843 /* UIView+XibLoading.swift */,
			);
			name = DTTableViewManager;
			path = ../DTTableViewManager;
			sourceTree = "<group>";
		};
		9A1663E91B5A63BB00B2C3C8 /* Views */ = {
			isa = PBXGroup;
			children = (
				9A6CEDA11BE5724E0091B0AF /* tvOS */,
				9A6CEDA01BE572480091B0AF /* iOS */,
			);
			name = Views;
			sourceTree = "<group>";
		};
		9A1A49A01B54555D0006610B /* Fixtures */ = {
			isa = PBXGroup;
			children = (
				9A383D041CE1DC4F0081D843 /* StoryboardViewController.swift */,
				9A383CE31CE1DBAA0081D843 /* DTTestTableViewController.swift */,
				9A383CCB1CE1DB7D0081D843 /* XibTableViewController.swift */,
				9A1663E91B5A63BB00B2C3C8 /* Views */,
				9A75CEC51B55B2CA007FB06C /* Cells */,
			);
			name = Fixtures;
			sourceTree = "<group>";
		};
		9A30334D1B77A303000B3355 /* Search */ = {
			isa = PBXGroup;
			children = (
				9ABE073E1B85FC6C00636D78 /* CoreData */,
			);
			name = Search;
			sourceTree = "<group>";
		};
		9A383C821CE1CC5F0081D843 /* Supporting files */ = {
			isa = PBXGroup;
			children = (
				9A383C831CE1CC790081D843 /* Example.plist */,
				9A383C841CE1CC790081D843 /* Framework.plist */,
				9A383C851CE1CC790081D843 /* Tests.plist */,
			);
			name = "Supporting files";
			sourceTree = "<group>";
		};
		9A587D4B1CE334E70094C821 /* Products */ = {
			isa = PBXGroup;
			children = (
				9A587D541CE334E70094C821 /* DTModelStorage.framework */,
				9A587D561CE334E70094C821 /* Tests-iOS.xctest */,
				9A587D581CE334E70094C821 /* DTModelStorage.framework */,
				9A587D5A1CE334E70094C821 /* Tests-tvOS.xctest */,
			);
			name = Products;
			sourceTree = "<group>";
		};
		9A587D5C1CE334EB0094C821 /* Products */ = {
			isa = PBXGroup;
			children = (
				9A587D691CE334EB0094C821 /* Nimble.framework */,
				9A587D6B1CE334EB0094C821 /* NimbleTests.xctest */,
				9A587D651CE334EB0094C821 /* Nimble.framework */,
				9A587D671CE334EB0094C821 /* NimbleTests.xctest */,
				9A587D6D1CE334EB0094C821 /* Nimble.framework */,
				9A587D6F1CE334EB0094C821 /* NimbleTests.xctest */,
			);
			name = Products;
			sourceTree = "<group>";
		};
		9A6CEDA01BE572480091B0AF /* iOS */ = {
			isa = PBXGroup;
			children = (
				9A383CBC1CE1DB4C0081D843 /* NibCell.xib */,
				9A383CBD1CE1DB4C0081D843 /* NibHeaderFooterView.xib */,
				9A383CBE1CE1DB4C0081D843 /* NibView.xib */,
				9A383CBF1CE1DB4C0081D843 /* RandomNibNameCell.xib */,
				9A383CC01CE1DB4C0081D843 /* ReactingHeaderFooterView.xib */,
				9A383CC11CE1DB4C0081D843 /* XibTableViewController.xib */,
			);
			name = iOS;
			sourceTree = "<group>";
		};
		9A6CEDA11BE5724E0091B0AF /* tvOS */ = {
			isa = PBXGroup;
			children = (
				9A383CB01CE1DAD80081D843 /* NibCell.xib */,
				9A383CB11CE1DAD80081D843 /* NibHeaderFooterView.xib */,
				9A383CB21CE1DAD80081D843 /* NibView.xib */,
				9A383CB31CE1DAD80081D843 /* RandomNibNameCell.xib */,
				9A383CB41CE1DAD80081D843 /* ReactingHeaderFooterView.xib */,
				9A383CB51CE1DAD80081D843 /* XibTableViewController.xib */,
			);
			name = tvOS;
			sourceTree = "<group>";
		};
		9A75CEC51B55B2CA007FB06C /* Cells */ = {
			isa = PBXGroup;
			children = (
				9A383CCE1CE1DB8A0081D843 /* FixtureCells.swift */,
				9A383CCF1CE1DB8A0081D843 /* FixtureStoryboard.storyboard */,
				9A383CD01CE1DB8A0081D843 /* FixtureViews.swift */,
				9A383CD11CE1DB8A0081D843 /* OptionalCells.swift */,
				9A383CD21CE1DB8A0081D843 /* ReactingHeaderFooters.swift */,
				9A383CD31CE1DB8A0081D843 /* ReactingTableCell.swift */,
				9A383CD41CE1DB8A0081D843 /* StoryboardCell.swift */,
			);
			name = Cells;
			sourceTree = "<group>";
		};
		9A9B17031B65771600D8ABD3 /* Example */ = {
			isa = PBXGroup;
			children = (
				9AD9D9E51B6EB96B00AD49AC /* Headers/Footers */,
				9AD9D9E01B6EB3AC00AD49AC /* Cells */,
				9AD9D9DD1B6EB2D500AD49AC /* ExampleControllers */,
				9A9B17061B65771600D8ABD3 /* AppDelegate.swift */,
				9A9B170C1B65771600D8ABD3 /* Main.storyboard */,
				9A9B170F1B65771600D8ABD3 /* Images.xcassets */,
				9A9B17111B65771600D8ABD3 /* LaunchScreen.xib */,
				9A9B17041B65771600D8ABD3 /* Supporting Files */,
			);
			path = Example;
			sourceTree = "<group>";
		};
		9A9B17041B65771600D8ABD3 /* Supporting Files */ = {
			isa = PBXGroup;
			children = (
				9A41FBE11B8A17E700508207 /* mochaGrunge.png */,
				9A41FBE21B8A17E700508207 /* textured_paper.png */,
			);
			name = "Supporting Files";
			sourceTree = "<group>";
		};
		9ABE073E1B85FC6C00636D78 /* CoreData */ = {
			isa = PBXGroup;
			children = (
				9A41FBDF1B8A17C400508207 /* Banks.json */,
				9A41FBE51B8A181300508207 /* Banks.xcdatamodeld */,
				9ABE073F1B85FC8400636D78 /* CoreDataSearchViewController.swift */,
				9ABE07411B85FCCC00636D78 /* CoreDataManager.swift */,
				9ABE07441B85FE4E00636D78 /* Bank.swift */,
				9ABE074B1B86074900636D78 /* BankCell.swift */,
			);
			name = CoreData;
			sourceTree = "<group>";
		};
		9AD92BED1BE266D700E667FF /* Documentation */ = {
			isa = PBXGroup;
			children = (
				9A383C951CE1D9EB0081D843 /* README.md */,
				9A383C941CE1D9E30081D843 /* CHANGELOG.md */,
			);
			name = Documentation;
			sourceTree = "<group>";
		};
		9AD9D9DD1B6EB2D500AD49AC /* ExampleControllers */ = {
			isa = PBXGroup;
			children = (
				9A30334D1B77A303000B3355 /* Search */,
				9AD9D9EA1B6EBD9F00AD49AC /* Custom views example */,
				9AD9D9DE1B6EB2F700AD49AC /* AddRemoveViewController.swift */,
				9AD9D9E31B6EB8AB00AD49AC /* ReorderViewController.swift */,
				9ADA63321B88A56F0060B2C0 /* TableViewController.swift */,
			);
			name = ExampleControllers;
			sourceTree = "<group>";
		};
		9AD9D9E01B6EB3AC00AD49AC /* Cells */ = {
			isa = PBXGroup;
			children = (
				9A41FBDA1B8A176300508207 /* BankCell.xib */,
				9AD9D9E11B6EB3C700AD49AC /* StringCell.swift */,
				9AD9D9EB1B6EBEAD00AD49AC /* CustomStringCell.swift */,
				9AD9D9EC1B6EBEAD00AD49AC /* CustomStringCell.xib */,
			);
			name = Cells;
			sourceTree = "<group>";
		};
		9AD9D9E51B6EB96B00AD49AC /* Headers/Footers */ = {
			isa = PBXGroup;
			children = (
				9AD9D9EF1B6EBF7700AD49AC /* CustomHeaderFooterView.swift */,
				9AD9D9F11B6EBF8800AD49AC /* CustomHeaderFooterView.xib */,
			);
			name = Headers/Footers;
			sourceTree = "<group>";
		};
		9AD9D9EA1B6EBD9F00AD49AC /* Custom views example */ = {
			isa = PBXGroup;
			children = (
				9AD9D9E81B6EBD7D00AD49AC /* CustomViewsController.swift */,
			);
			name = "Custom views example";
			sourceTree = "<group>";
		};
		9AF0031B1A5ABE7000ABFC90 /* Tests */ = {
			isa = PBXGroup;
			children = (
				9A383CA71CE1DABF0081D843 /* TableViewController+UnitTests.swift */,
				9A383CAA1CE1DAC40081D843 /* NSIndexPath+Constructor.swift */,
				9A1A49A01B54555D0006610B /* Fixtures */,
				9A383CE61CE1DBCA0081D843 /* CreationTestCase.swift */,
				9A383CE81CE1DBCA0081D843 /* DatasourceTestCase.swift */,
				9A383CEA1CE1DBCA0081D843 /* MappingTestCase.swift */,
				9A383CEC1CE1DBCA0081D843 /* ReactingToEventsTestCase.swift */,
				9A383CED1CE1DBCA0081D843 /* StoryboardMappingTestCase.swift */,
				9A383CEE1CE1DBCA0081D843 /* TableViewFactoryTestCase.swift */,
				9A383CEF1CE1DBCA0081D843 /* ViewModelMappingCustomizableTestCase.swift */,
			);
			name = Tests;
			path = XCTests;
			sourceTree = "<group>";
		};
		E6EA83571615EE6000F8B8C3 = {
			isa = PBXGroup;
			children = (
				9A587D4A1CE334E70094C821 /* DTModelStorage.xcodeproj */,
				9A587D5B1CE334EB0094C821 /* Nimble.xcodeproj */,
				9AD92BED1BE266D700E667FF /* Documentation */,
				9A08A9AB1B8A23A100877C62 /* DTTableViewManager */,
				9A9B17031B65771600D8ABD3 /* Example */,
				9A88F5A819EAC683008436C9 /* Images.xcassets */,
				9A383CA51CE1DA2F0081D843 /* Default-568h@2x.png */,
				9AF0031B1A5ABE7000ABFC90 /* Tests */,
				E6EA83631615EE6000F8B8C3 /* Products */,
				9A383C821CE1CC5F0081D843 /* Supporting files */,
			);
			sourceTree = "<group>";
		};
		E6EA83631615EE6000F8B8C3 /* Products */ = {
			isa = PBXGroup;
			children = (
				9AF0031A1A5ABE7000ABFC90 /* Tests-iOS.xctest */,
				9A2A38BC1AEE285E0021E97D /* DTTableViewManager.framework */,
				9A9B17021B65771600D8ABD3 /* Example.app */,
				9A6CED7D1BE570750091B0AF /* Tests-tvOS.xctest */,
				9A6CED8C1BE571860091B0AF /* DTTableViewManager.framework */,
			);
			name = Products;
			sourceTree = "<group>";
		};
/* End PBXGroup section */

/* Begin PBXNativeTarget section */
		9A2A38BB1AEE285E0021E97D /* DTTableViewManager-iOS */ = {
			isa = PBXNativeTarget;
			buildConfigurationList = 9A2A38D31AEE285E0021E97D /* Build configuration list for PBXNativeTarget "DTTableViewManager-iOS" */;
			buildPhases = (
				9A2A38B71AEE285E0021E97D /* Sources */,
				9A2A38B81AEE285E0021E97D /* Frameworks */,
			);
			buildRules = (
			);
			dependencies = (
				9A587D711CE335210094C821 /* PBXTargetDependency */,
			);
			name = "DTTableViewManager-iOS";
			productName = DTTableViewManager;
			productReference = 9A2A38BC1AEE285E0021E97D /* DTTableViewManager.framework */;
			productType = "com.apple.product-type.framework";
		};
		9A6CED5B1BE570750091B0AF /* Tests-tvOS */ = {
			isa = PBXNativeTarget;
			buildConfigurationList = 9A6CED7A1BE570750091B0AF /* Build configuration list for PBXNativeTarget "Tests-tvOS" */;
			buildPhases = (
				9A6CED5E1BE570750091B0AF /* Sources */,
				9A6CED6D1BE570750091B0AF /* Frameworks */,
				9A6CED711BE570750091B0AF /* Resources */,
			);
			buildRules = (
			);
			dependencies = (
				9A587D811CE335AB0094C821 /* PBXTargetDependency */,
				9A587D7F1CE335A70094C821 /* PBXTargetDependency */,
				9A6CED9F1BE571F40091B0AF /* PBXTargetDependency */,
			);
			name = "Tests-tvOS";
			productName = XCTests;
			productReference = 9A6CED7D1BE570750091B0AF /* Tests-tvOS.xctest */;
			productType = "com.apple.product-type.bundle.unit-test";
		};
		9A6CED8B1BE571860091B0AF /* DTTableViewManager-tvOS */ = {
			isa = PBXNativeTarget;
			buildConfigurationList = 9A6CED911BE571860091B0AF /* Build configuration list for PBXNativeTarget "DTTableViewManager-tvOS" */;
			buildPhases = (
				9A6CED871BE571860091B0AF /* Sources */,
				9A6CED881BE571860091B0AF /* Frameworks */,
			);
			buildRules = (
			);
			dependencies = (
				9A587D741CE3352A0094C821 /* PBXTargetDependency */,
			);
			name = "DTTableViewManager-tvOS";
			productName = "DTTableViewManager-tvOS";
			productReference = 9A6CED8C1BE571860091B0AF /* DTTableViewManager.framework */;
			productType = "com.apple.product-type.framework";
		};
		9A9B17011B65771600D8ABD3 /* Example */ = {
			isa = PBXNativeTarget;
			buildConfigurationList = 9A9B17201B65771600D8ABD3 /* Build configuration list for PBXNativeTarget "Example" */;
			buildPhases = (
				9A9B16FE1B65771600D8ABD3 /* Sources */,
				9A9B16FF1B65771600D8ABD3 /* Frameworks */,
				9A9B17001B65771600D8ABD3 /* Resources */,
				9AA3E6C31BA84CA5004950AE /* CopyFiles */,
			);
			buildRules = (
			);
			dependencies = (
				9A587D851CE335D50094C821 /* PBXTargetDependency */,
				9A9B172B1B65773800D8ABD3 /* PBXTargetDependency */,
			);
			name = Example;
			productName = Example;
			productReference = 9A9B17021B65771600D8ABD3 /* Example.app */;
			productType = "com.apple.product-type.application";
		};
		9AF003191A5ABE7000ABFC90 /* Tests-iOS */ = {
			isa = PBXNativeTarget;
			buildConfigurationList = 9AF003241A5ABE7000ABFC90 /* Build configuration list for PBXNativeTarget "Tests-iOS" */;
			buildPhases = (
				9AF003161A5ABE7000ABFC90 /* Sources */,
				9AF003171A5ABE7000ABFC90 /* Frameworks */,
				9AF003181A5ABE7000ABFC90 /* Resources */,
			);
			buildRules = (
			);
			dependencies = (
				9A587D791CE335570094C821 /* PBXTargetDependency */,
				9A587D771CE335540094C821 /* PBXTargetDependency */,
				9A1A499F1B5452FA0006610B /* PBXTargetDependency */,
			);
			name = "Tests-iOS";
			productName = XCTests;
			productReference = 9AF0031A1A5ABE7000ABFC90 /* Tests-iOS.xctest */;
			productType = "com.apple.product-type.bundle.unit-test";
		};
/* End PBXNativeTarget section */

/* Begin PBXProject section */
		E6EA83591615EE6000F8B8C3 /* Project object */ = {
			isa = PBXProject;
			attributes = {
				LastSwiftUpdateCheck = 0700;
				LastUpgradeCheck = 0800;
				ORGANIZATIONNAME = "Denys Telezhkin";
				TargetAttributes = {
					9A2A38BB1AEE285E0021E97D = {
						CreatedOnToolsVersion = 6.3.1;
						LastSwiftMigration = 0800;
					};
					9A6CED8B1BE571860091B0AF = {
						CreatedOnToolsVersion = 7.1;
					};
					9A9B17011B65771600D8ABD3 = {
						CreatedOnToolsVersion = 6.4;
						LastSwiftMigration = 0800;
					};
					9AF003191A5ABE7000ABFC90 = {
						CreatedOnToolsVersion = 6.1.1;
						LastSwiftMigration = 0800;
					};
				};
			};
			buildConfigurationList = E6EA835C1615EE6000F8B8C3 /* Build configuration list for PBXProject "DTTableViewManager" */;
			compatibilityVersion = "Xcode 3.2";
			developmentRegion = English;
			hasScannedForEncodings = 0;
			knownRegions = (
				en,
				Base,
			);
			mainGroup = E6EA83571615EE6000F8B8C3;
			productRefGroup = E6EA83631615EE6000F8B8C3 /* Products */;
			projectDirPath = "";
			projectReferences = (
				{
					ProductGroup = 9A587D4B1CE334E70094C821 /* Products */;
					ProjectRef = 9A587D4A1CE334E70094C821 /* DTModelStorage.xcodeproj */;
				},
				{
					ProductGroup = 9A587D5C1CE334EB0094C821 /* Products */;
					ProjectRef = 9A587D5B1CE334EB0094C821 /* Nimble.xcodeproj */;
				},
			);
			projectRoot = "";
			targets = (
				9A9B17011B65771600D8ABD3 /* Example */,
				9AF003191A5ABE7000ABFC90 /* Tests-iOS */,
				9A2A38BB1AEE285E0021E97D /* DTTableViewManager-iOS */,
				9A6CED5B1BE570750091B0AF /* Tests-tvOS */,
				9A6CED8B1BE571860091B0AF /* DTTableViewManager-tvOS */,
			);
		};
/* End PBXProject section */

/* Begin PBXReferenceProxy section */
		9A587D541CE334E70094C821 /* DTModelStorage.framework */ = {
			isa = PBXReferenceProxy;
			fileType = wrapper.framework;
			path = DTModelStorage.framework;
			remoteRef = 9A587D531CE334E70094C821 /* PBXContainerItemProxy */;
			sourceTree = BUILT_PRODUCTS_DIR;
		};
		9A587D561CE334E70094C821 /* Tests-iOS.xctest */ = {
			isa = PBXReferenceProxy;
			fileType = wrapper.cfbundle;
			path = "Tests-iOS.xctest";
			remoteRef = 9A587D551CE334E70094C821 /* PBXContainerItemProxy */;
			sourceTree = BUILT_PRODUCTS_DIR;
		};
		9A587D581CE334E70094C821 /* DTModelStorage.framework */ = {
			isa = PBXReferenceProxy;
			fileType = wrapper.framework;
			path = DTModelStorage.framework;
			remoteRef = 9A587D571CE334E70094C821 /* PBXContainerItemProxy */;
			sourceTree = BUILT_PRODUCTS_DIR;
		};
		9A587D5A1CE334E70094C821 /* Tests-tvOS.xctest */ = {
			isa = PBXReferenceProxy;
			fileType = wrapper.cfbundle;
			path = "Tests-tvOS.xctest";
			remoteRef = 9A587D591CE334E70094C821 /* PBXContainerItemProxy */;
			sourceTree = BUILT_PRODUCTS_DIR;
		};
		9A587D651CE334EB0094C821 /* Nimble.framework */ = {
			isa = PBXReferenceProxy;
			fileType = wrapper.framework;
			path = Nimble.framework;
			remoteRef = 9A587D641CE334EB0094C821 /* PBXContainerItemProxy */;
			sourceTree = BUILT_PRODUCTS_DIR;
		};
		9A587D671CE334EB0094C821 /* NimbleTests.xctest */ = {
			isa = PBXReferenceProxy;
			fileType = wrapper.cfbundle;
			path = NimbleTests.xctest;
			remoteRef = 9A587D661CE334EB0094C821 /* PBXContainerItemProxy */;
			sourceTree = BUILT_PRODUCTS_DIR;
		};
		9A587D691CE334EB0094C821 /* Nimble.framework */ = {
			isa = PBXReferenceProxy;
			fileType = wrapper.framework;
			path = Nimble.framework;
			remoteRef = 9A587D681CE334EB0094C821 /* PBXContainerItemProxy */;
			sourceTree = BUILT_PRODUCTS_DIR;
		};
		9A587D6B1CE334EB0094C821 /* NimbleTests.xctest */ = {
			isa = PBXReferenceProxy;
			fileType = wrapper.cfbundle;
			path = NimbleTests.xctest;
			remoteRef = 9A587D6A1CE334EB0094C821 /* PBXContainerItemProxy */;
			sourceTree = BUILT_PRODUCTS_DIR;
		};
		9A587D6D1CE334EB0094C821 /* Nimble.framework */ = {
			isa = PBXReferenceProxy;
			fileType = wrapper.framework;
			path = Nimble.framework;
			remoteRef = 9A587D6C1CE334EB0094C821 /* PBXContainerItemProxy */;
			sourceTree = BUILT_PRODUCTS_DIR;
		};
		9A587D6F1CE334EB0094C821 /* NimbleTests.xctest */ = {
			isa = PBXReferenceProxy;
			fileType = wrapper.cfbundle;
			path = NimbleTests.xctest;
			remoteRef = 9A587D6E1CE334EB0094C821 /* PBXContainerItemProxy */;
			sourceTree = BUILT_PRODUCTS_DIR;
		};
/* End PBXReferenceProxy section */

/* Begin PBXResourcesBuildPhase section */
		9A6CED711BE570750091B0AF /* Resources */ = {
			isa = PBXResourcesBuildPhase;
			buildActionMask = 2147483647;
			files = (
				9A383CB71CE1DAD80081D843 /* NibHeaderFooterView.xib in Resources */,
				9A383CB91CE1DAD80081D843 /* RandomNibNameCell.xib in Resources */,
				9A383CBB1CE1DAD80081D843 /* XibTableViewController.xib in Resources */,
				9A383CD81CE1DB8A0081D843 /* FixtureStoryboard.storyboard in Resources */,
				9A383CB61CE1DAD80081D843 /* NibCell.xib in Resources */,
				9A383CBA1CE1DAD80081D843 /* ReactingHeaderFooterView.xib in Resources */,
				9A383CB81CE1DAD80081D843 /* NibView.xib in Resources */,
			);
			runOnlyForDeploymentPostprocessing = 0;
		};
		9A9B17001B65771600D8ABD3 /* Resources */ = {
			isa = PBXResourcesBuildPhase;
			buildActionMask = 2147483647;
			files = (
				9A41FBE41B8A17E700508207 /* textured_paper.png in Resources */,
				9AD9D9F21B6EBF8800AD49AC /* CustomHeaderFooterView.xib in Resources */,
				9A9B170E1B65771600D8ABD3 /* Main.storyboard in Resources */,
				9A383CA61CE1DA2F0081D843 /* Default-568h@2x.png in Resources */,
				9A9B17131B65771600D8ABD3 /* LaunchScreen.xib in Resources */,
				9A9B17101B65771600D8ABD3 /* Images.xcassets in Resources */,
				9A41FBDB1B8A176300508207 /* BankCell.xib in Resources */,
				9A41FBE01B8A17C400508207 /* Banks.json in Resources */,
				9A41FBE31B8A17E700508207 /* mochaGrunge.png in Resources */,
				9AD9D9EE1B6EBEAD00AD49AC /* CustomStringCell.xib in Resources */,
			);
			runOnlyForDeploymentPostprocessing = 0;
		};
		9AF003181A5ABE7000ABFC90 /* Resources */ = {
			isa = PBXResourcesBuildPhase;
			buildActionMask = 2147483647;
			files = (
				9A383CC31CE1DB4C0081D843 /* NibHeaderFooterView.xib in Resources */,
				9A383CC51CE1DB4C0081D843 /* RandomNibNameCell.xib in Resources */,
				9A383CC71CE1DB4C0081D843 /* XibTableViewController.xib in Resources */,
				9A383CD71CE1DB8A0081D843 /* FixtureStoryboard.storyboard in Resources */,
				9A383CC21CE1DB4C0081D843 /* NibCell.xib in Resources */,
				9A383CC61CE1DB4C0081D843 /* ReactingHeaderFooterView.xib in Resources */,
				9A383CC41CE1DB4C0081D843 /* NibView.xib in Resources */,
			);
			runOnlyForDeploymentPostprocessing = 0;
		};
/* End PBXResourcesBuildPhase section */

/* Begin PBXSourcesBuildPhase section */
		9A2A38B71AEE285E0021E97D /* Sources */ = {
			isa = PBXSourcesBuildPhase;
			buildActionMask = 2147483647;
			files = (
				9A383C9D1CE1D9FD0081D843 /* SectionModel+HeaderFooter.swift in Sources */,
				9AB666CD1D7AE31C00A6CEED /* TableViewUpdater.swift in Sources */,
				9A383CA31CE1D9FD0081D843 /* UIView+XibLoading.swift in Sources */,
				9A383C9F1CE1D9FD0081D843 /* TableViewConfiguration.swift in Sources */,
				9A383C9B1CE1D9FD0081D843 /* DTTableViewManager.swift in Sources */,
				9A383CA11CE1D9FD0081D843 /* TableViewFactory.swift in Sources */,
			);
			runOnlyForDeploymentPostprocessing = 0;
		};
		9A6CED5E1BE570750091B0AF /* Sources */ = {
			isa = PBXSourcesBuildPhase;
			buildActionMask = 2147483647;
			files = (
				9A383CDA1CE1DB8A0081D843 /* FixtureViews.swift in Sources */,
				9A383CF11CE1DBCA0081D843 /* CreationTestCase.swift in Sources */,
				9A383D031CE1DBCA0081D843 /* ViewModelMappingCustomizableTestCase.swift in Sources */,
				9A383CD61CE1DB8A0081D843 /* FixtureCells.swift in Sources */,
				9A383D061CE1DC4F0081D843 /* StoryboardViewController.swift in Sources */,
				9A383CE21CE1DB8A0081D843 /* StoryboardCell.swift in Sources */,
				9A383CA91CE1DABF0081D843 /* TableViewController+UnitTests.swift in Sources */,
				9A383CAC1CE1DAC40081D843 /* NSIndexPath+Constructor.swift in Sources */,
				9A383CDE1CE1DB8A0081D843 /* ReactingHeaderFooters.swift in Sources */,
				9A383CCD1CE1DB7D0081D843 /* XibTableViewController.swift in Sources */,
				9A383CF51CE1DBCA0081D843 /* DatasourceTestCase.swift in Sources */,
				9A383CE01CE1DB8A0081D843 /* ReactingTableCell.swift in Sources */,
				9A383D011CE1DBCA0081D843 /* TableViewFactoryTestCase.swift in Sources */,
				9A383CF91CE1DBCA0081D843 /* MappingTestCase.swift in Sources */,
				9A383CE51CE1DBAA0081D843 /* DTTestTableViewController.swift in Sources */,
				9A383CDC1CE1DB8A0081D843 /* OptionalCells.swift in Sources */,
				9A383CFD1CE1DBCA0081D843 /* ReactingToEventsTestCase.swift in Sources */,
				9A383CFF1CE1DBCA0081D843 /* StoryboardMappingTestCase.swift in Sources */,
			);
			runOnlyForDeploymentPostprocessing = 0;
		};
		9A6CED871BE571860091B0AF /* Sources */ = {
			isa = PBXSourcesBuildPhase;
			buildActionMask = 2147483647;
			files = (
				9A383C9E1CE1D9FD0081D843 /* SectionModel+HeaderFooter.swift in Sources */,
				9AB666CE1D7AE31C00A6CEED /* TableViewUpdater.swift in Sources */,
				9A383CA41CE1D9FD0081D843 /* UIView+XibLoading.swift in Sources */,
				9A383CA01CE1D9FD0081D843 /* TableViewConfiguration.swift in Sources */,
				9A383C9C1CE1D9FD0081D843 /* DTTableViewManager.swift in Sources */,
				9A383CA21CE1D9FD0081D843 /* TableViewFactory.swift in Sources */,
			);
			runOnlyForDeploymentPostprocessing = 0;
		};
		9A9B16FE1B65771600D8ABD3 /* Sources */ = {
			isa = PBXSourcesBuildPhase;
			buildActionMask = 2147483647;
			files = (
				9AD9D9E41B6EB8AB00AD49AC /* ReorderViewController.swift in Sources */,
				9AD9D9E91B6EBD7D00AD49AC /* CustomViewsController.swift in Sources */,
				9ADA63331B88A56F0060B2C0 /* TableViewController.swift in Sources */,
				9ABE07401B85FC8400636D78 /* CoreDataSearchViewController.swift in Sources */,
				9ABE074D1B861BCF00636D78 /* BankCell.swift in Sources */,
				9AD9D9ED1B6EBEAD00AD49AC /* CustomStringCell.swift in Sources */,
				9ABE07421B85FCCC00636D78 /* CoreDataManager.swift in Sources */,
				9A9B17071B65771600D8ABD3 /* AppDelegate.swift in Sources */,
				9AD9D9F01B6EBF7700AD49AC /* CustomHeaderFooterView.swift in Sources */,
				9AD9D9E21B6EB3C700AD49AC /* StringCell.swift in Sources */,
				9A41FBE71B8A181300508207 /* Banks.xcdatamodeld in Sources */,
				9ABE07451B85FE4E00636D78 /* Bank.swift in Sources */,
				9AD9D9DF1B6EB2F700AD49AC /* AddRemoveViewController.swift in Sources */,
			);
			runOnlyForDeploymentPostprocessing = 0;
		};
		9AF003161A5ABE7000ABFC90 /* Sources */ = {
			isa = PBXSourcesBuildPhase;
			buildActionMask = 2147483647;
			files = (
				9A383CD91CE1DB8A0081D843 /* FixtureViews.swift in Sources */,
				9A383CF01CE1DBCA0081D843 /* CreationTestCase.swift in Sources */,
				9A383D021CE1DBCA0081D843 /* ViewModelMappingCustomizableTestCase.swift in Sources */,
				9A383CD51CE1DB8A0081D843 /* FixtureCells.swift in Sources */,
				9A383D051CE1DC4F0081D843 /* StoryboardViewController.swift in Sources */,
				9A383CE11CE1DB8A0081D843 /* StoryboardCell.swift in Sources */,
				9A383CA81CE1DABF0081D843 /* TableViewController+UnitTests.swift in Sources */,
				9A383CAB1CE1DAC40081D843 /* NSIndexPath+Constructor.swift in Sources */,
				9A383CDD1CE1DB8A0081D843 /* ReactingHeaderFooters.swift in Sources */,
				9A383CCC1CE1DB7D0081D843 /* XibTableViewController.swift in Sources */,
				9A383CF41CE1DBCA0081D843 /* DatasourceTestCase.swift in Sources */,
				9A383CDF1CE1DB8A0081D843 /* ReactingTableCell.swift in Sources */,
				9A383D001CE1DBCA0081D843 /* TableViewFactoryTestCase.swift in Sources */,
				9A383CF81CE1DBCA0081D843 /* MappingTestCase.swift in Sources */,
				9A383CE41CE1DBAA0081D843 /* DTTestTableViewController.swift in Sources */,
				9A383CDB1CE1DB8A0081D843 /* OptionalCells.swift in Sources */,
				9A383CFC1CE1DBCA0081D843 /* ReactingToEventsTestCase.swift in Sources */,
				9A383CFE1CE1DBCA0081D843 /* StoryboardMappingTestCase.swift in Sources */,
			);
			runOnlyForDeploymentPostprocessing = 0;
		};
/* End PBXSourcesBuildPhase section */

/* Begin PBXTargetDependency section */
		9A1A499F1B5452FA0006610B /* PBXTargetDependency */ = {
			isa = PBXTargetDependency;
			target = 9A2A38BB1AEE285E0021E97D /* DTTableViewManager-iOS */;
			targetProxy = 9A1A499E1B5452FA0006610B /* PBXContainerItemProxy */;
		};
		9A587D711CE335210094C821 /* PBXTargetDependency */ = {
			isa = PBXTargetDependency;
			name = "DTModelStorage-iOS";
			targetProxy = 9A587D701CE335210094C821 /* PBXContainerItemProxy */;
		};
		9A587D741CE3352A0094C821 /* PBXTargetDependency */ = {
			isa = PBXTargetDependency;
			name = "DTModelStorage-tvOS";
			targetProxy = 9A587D731CE3352A0094C821 /* PBXContainerItemProxy */;
		};
		9A587D771CE335540094C821 /* PBXTargetDependency */ = {
			isa = PBXTargetDependency;
			name = "DTModelStorage-iOS";
			targetProxy = 9A587D761CE335540094C821 /* PBXContainerItemProxy */;
		};
		9A587D791CE335570094C821 /* PBXTargetDependency */ = {
			isa = PBXTargetDependency;
			name = "Nimble-iOS";
			targetProxy = 9A587D781CE335570094C821 /* PBXContainerItemProxy */;
		};
		9A587D7F1CE335A70094C821 /* PBXTargetDependency */ = {
			isa = PBXTargetDependency;
			name = "DTModelStorage-tvOS";
			targetProxy = 9A587D7E1CE335A70094C821 /* PBXContainerItemProxy */;
		};
		9A587D811CE335AB0094C821 /* PBXTargetDependency */ = {
			isa = PBXTargetDependency;
			name = "Nimble-tvOS";
			targetProxy = 9A587D801CE335AB0094C821 /* PBXContainerItemProxy */;
		};
		9A587D851CE335D50094C821 /* PBXTargetDependency */ = {
			isa = PBXTargetDependency;
			name = "DTModelStorage-iOS";
			targetProxy = 9A587D841CE335D50094C821 /* PBXContainerItemProxy */;
		};
		9A6CED9F1BE571F40091B0AF /* PBXTargetDependency */ = {
			isa = PBXTargetDependency;
			target = 9A6CED8B1BE571860091B0AF /* DTTableViewManager-tvOS */;
			targetProxy = 9A6CED9E1BE571F40091B0AF /* PBXContainerItemProxy */;
		};
		9A9B172B1B65773800D8ABD3 /* PBXTargetDependency */ = {
			isa = PBXTargetDependency;
			target = 9A2A38BB1AEE285E0021E97D /* DTTableViewManager-iOS */;
			targetProxy = 9A9B172A1B65773800D8ABD3 /* PBXContainerItemProxy */;
		};
/* End PBXTargetDependency section */

/* Begin PBXVariantGroup section */
		9A9B170C1B65771600D8ABD3 /* Main.storyboard */ = {
			isa = PBXVariantGroup;
			children = (
				9A9B170D1B65771600D8ABD3 /* Base */,
			);
			name = Main.storyboard;
			sourceTree = "<group>";
		};
		9A9B17111B65771600D8ABD3 /* LaunchScreen.xib */ = {
			isa = PBXVariantGroup;
			children = (
				9A9B17121B65771600D8ABD3 /* Base */,
			);
			name = LaunchScreen.xib;
			sourceTree = "<group>";
		};
/* End PBXVariantGroup section */

/* Begin XCBuildConfiguration section */
		9A2A38CF1AEE285E0021E97D /* Debug */ = {
			isa = XCBuildConfiguration;
			buildSettings = {
				APPLICATION_EXTENSION_API_ONLY = YES;
				CLANG_ALLOW_NON_MODULAR_INCLUDES_IN_FRAMEWORK_MODULES = NO;
				CURRENT_PROJECT_VERSION = 1;
				DEFINES_MODULE = YES;
				DYLIB_COMPATIBILITY_VERSION = 1;
				DYLIB_CURRENT_VERSION = 1;
				DYLIB_INSTALL_NAME_BASE = "@rpath";
				ENABLE_STRICT_OBJC_MSGSEND = YES;
				GCC_NO_COMMON_BLOCKS = YES;
				GCC_PREPROCESSOR_DEFINITIONS = (
					"DEBUG=1",
					"$(inherited)",
				);
				INFOPLIST_FILE = "$(SRCROOT)/Supporting files/Framework.plist";
				INSTALL_PATH = "$(LOCAL_LIBRARY_DIR)/Frameworks";
				LD_RUNPATH_SEARCH_PATHS = "$(inherited) @executable_path/Frameworks @loader_path/Frameworks";
				MTL_ENABLE_DEBUG_INFO = YES;
				PRODUCT_BUNDLE_IDENTIFIER = "com.mlsdev.$(PRODUCT_NAME:rfc1034identifier)";
				PRODUCT_NAME = DTTableViewManager;
				SKIP_INSTALL = YES;
				SWIFT_VERSION = 3.0;
				VERSIONING_SYSTEM = "apple-generic";
				VERSION_INFO_PREFIX = "";
			};
			name = Debug;
		};
		9A2A38D01AEE285E0021E97D /* Release */ = {
			isa = XCBuildConfiguration;
			buildSettings = {
				APPLICATION_EXTENSION_API_ONLY = YES;
				CLANG_ALLOW_NON_MODULAR_INCLUDES_IN_FRAMEWORK_MODULES = NO;
				CURRENT_PROJECT_VERSION = 1;
				DEFINES_MODULE = YES;
				DYLIB_COMPATIBILITY_VERSION = 1;
				DYLIB_CURRENT_VERSION = 1;
				DYLIB_INSTALL_NAME_BASE = "@rpath";
				ENABLE_NS_ASSERTIONS = NO;
				ENABLE_STRICT_OBJC_MSGSEND = YES;
				GCC_NO_COMMON_BLOCKS = YES;
				INFOPLIST_FILE = "$(SRCROOT)/Supporting files/Framework.plist";
				INSTALL_PATH = "$(LOCAL_LIBRARY_DIR)/Frameworks";
				LD_RUNPATH_SEARCH_PATHS = "$(inherited) @executable_path/Frameworks @loader_path/Frameworks";
				MTL_ENABLE_DEBUG_INFO = NO;
				PRODUCT_BUNDLE_IDENTIFIER = "com.mlsdev.$(PRODUCT_NAME:rfc1034identifier)";
				PRODUCT_NAME = DTTableViewManager;
				SKIP_INSTALL = YES;
				SWIFT_OPTIMIZATION_LEVEL = "-Owholemodule";
				SWIFT_VERSION = 3.0;
				VERSIONING_SYSTEM = "apple-generic";
				VERSION_INFO_PREFIX = "";
			};
			name = Release;
		};
		9A6CED7B1BE570750091B0AF /* Debug */ = {
			isa = XCBuildConfiguration;
			buildSettings = {
				CLANG_ENABLE_MODULES = YES;
				CLANG_ENABLE_OBJC_ARC = YES;
				CLANG_WARN_BOOL_CONVERSION = YES;
				CLANG_WARN_CONSTANT_CONVERSION = YES;
				CLANG_WARN_DIRECT_OBJC_ISA_USAGE = YES_ERROR;
				CLANG_WARN_ENUM_CONVERSION = YES;
				CLANG_WARN_INT_CONVERSION = YES;
				CLANG_WARN_OBJC_ROOT_CLASS = YES_ERROR;
				CLANG_WARN_UNREACHABLE_CODE = YES;
				ENABLE_STRICT_OBJC_MSGSEND = YES;
				GCC_PREPROCESSOR_DEFINITIONS = (
					"DEBUG=1",
					"$(inherited)",
				);
				GCC_WARN_64_TO_32_BIT_CONVERSION = YES;
				GCC_WARN_ABOUT_RETURN_TYPE = YES_ERROR;
				GCC_WARN_UNDECLARED_SELECTOR = YES;
				GCC_WARN_UNINITIALIZED_AUTOS = YES_AGGRESSIVE;
				GCC_WARN_UNUSED_FUNCTION = YES;
				INFOPLIST_FILE = "Supporting files/Tests.plist";
				LD_RUNPATH_SEARCH_PATHS = "$(inherited) @executable_path/Frameworks @loader_path/Frameworks";
				MTL_ENABLE_DEBUG_INFO = YES;
				PRODUCT_BUNDLE_IDENTIFIER = "MLSDev.$(PRODUCT_NAME:rfc1034identifier)";
				PRODUCT_NAME = "$(TARGET_NAME)";
				SDKROOT = appletvos;
			};
			name = Debug;
		};
		9A6CED7C1BE570750091B0AF /* Release */ = {
			isa = XCBuildConfiguration;
			buildSettings = {
				CLANG_ENABLE_MODULES = YES;
				CLANG_ENABLE_OBJC_ARC = YES;
				CLANG_WARN_BOOL_CONVERSION = YES;
				CLANG_WARN_CONSTANT_CONVERSION = YES;
				CLANG_WARN_DIRECT_OBJC_ISA_USAGE = YES_ERROR;
				CLANG_WARN_ENUM_CONVERSION = YES;
				CLANG_WARN_INT_CONVERSION = YES;
				CLANG_WARN_OBJC_ROOT_CLASS = YES_ERROR;
				CLANG_WARN_UNREACHABLE_CODE = YES;
				ENABLE_NS_ASSERTIONS = NO;
				ENABLE_STRICT_OBJC_MSGSEND = YES;
				GCC_WARN_64_TO_32_BIT_CONVERSION = YES;
				GCC_WARN_ABOUT_RETURN_TYPE = YES_ERROR;
				GCC_WARN_UNDECLARED_SELECTOR = YES;
				GCC_WARN_UNINITIALIZED_AUTOS = YES_AGGRESSIVE;
				GCC_WARN_UNUSED_FUNCTION = YES;
				INFOPLIST_FILE = "Supporting files/Tests.plist";
				LD_RUNPATH_SEARCH_PATHS = "$(inherited) @executable_path/Frameworks @loader_path/Frameworks";
				MTL_ENABLE_DEBUG_INFO = NO;
				PRODUCT_BUNDLE_IDENTIFIER = "MLSDev.$(PRODUCT_NAME:rfc1034identifier)";
				PRODUCT_NAME = "$(TARGET_NAME)";
				SDKROOT = appletvos;
				SWIFT_OPTIMIZATION_LEVEL = "-Owholemodule";
			};
			name = Release;
		};
		9A6CED921BE571860091B0AF /* Debug */ = {
			isa = XCBuildConfiguration;
			buildSettings = {
				APPLICATION_EXTENSION_API_ONLY = YES;
				CLANG_WARN_BOOL_CONVERSION = YES;
				CLANG_WARN_CONSTANT_CONVERSION = YES;
				CLANG_WARN_DIRECT_OBJC_ISA_USAGE = YES_ERROR;
				CLANG_WARN_ENUM_CONVERSION = YES;
				CLANG_WARN_INT_CONVERSION = YES;
				CLANG_WARN_OBJC_ROOT_CLASS = YES_ERROR;
				CLANG_WARN_UNREACHABLE_CODE = YES;
				CURRENT_PROJECT_VERSION = 1;
				DEFINES_MODULE = YES;
				DYLIB_COMPATIBILITY_VERSION = 1;
				DYLIB_CURRENT_VERSION = 1;
				DYLIB_INSTALL_NAME_BASE = "@rpath";
				ENABLE_STRICT_OBJC_MSGSEND = YES;
				GCC_NO_COMMON_BLOCKS = YES;
				GCC_WARN_64_TO_32_BIT_CONVERSION = YES;
				GCC_WARN_ABOUT_RETURN_TYPE = YES_ERROR;
				GCC_WARN_UNDECLARED_SELECTOR = YES;
				GCC_WARN_UNINITIALIZED_AUTOS = YES_AGGRESSIVE;
				GCC_WARN_UNUSED_FUNCTION = YES;
				INFOPLIST_FILE = "$(SRCROOT)/Supporting files/Framework.plist";
				INSTALL_PATH = "$(LOCAL_LIBRARY_DIR)/Frameworks";
				LD_RUNPATH_SEARCH_PATHS = "$(inherited) @executable_path/Frameworks @loader_path/Frameworks";
				MTL_ENABLE_DEBUG_INFO = YES;
				PRODUCT_BUNDLE_IDENTIFIER = "MLSDev.DTTableViewManager-tvOS";
				PRODUCT_NAME = DTTableViewManager;
				SDKROOT = appletvos;
				SKIP_INSTALL = YES;
				TARGETED_DEVICE_FAMILY = 3;
				VERSIONING_SYSTEM = "apple-generic";
				VERSION_INFO_PREFIX = "";
			};
			name = Debug;
		};
		9A6CED931BE571860091B0AF /* Release */ = {
			isa = XCBuildConfiguration;
			buildSettings = {
				APPLICATION_EXTENSION_API_ONLY = YES;
				CLANG_WARN_BOOL_CONVERSION = YES;
				CLANG_WARN_CONSTANT_CONVERSION = YES;
				CLANG_WARN_DIRECT_OBJC_ISA_USAGE = YES_ERROR;
				CLANG_WARN_ENUM_CONVERSION = YES;
				CLANG_WARN_INT_CONVERSION = YES;
				CLANG_WARN_OBJC_ROOT_CLASS = YES_ERROR;
				CLANG_WARN_UNREACHABLE_CODE = YES;
				COPY_PHASE_STRIP = NO;
				CURRENT_PROJECT_VERSION = 1;
				DEFINES_MODULE = YES;
				DYLIB_COMPATIBILITY_VERSION = 1;
				DYLIB_CURRENT_VERSION = 1;
				DYLIB_INSTALL_NAME_BASE = "@rpath";
				ENABLE_NS_ASSERTIONS = NO;
				ENABLE_STRICT_OBJC_MSGSEND = YES;
				GCC_NO_COMMON_BLOCKS = YES;
				GCC_WARN_64_TO_32_BIT_CONVERSION = YES;
				GCC_WARN_ABOUT_RETURN_TYPE = YES_ERROR;
				GCC_WARN_UNDECLARED_SELECTOR = YES;
				GCC_WARN_UNINITIALIZED_AUTOS = YES_AGGRESSIVE;
				GCC_WARN_UNUSED_FUNCTION = YES;
				INFOPLIST_FILE = "$(SRCROOT)/Supporting files/Framework.plist";
				INSTALL_PATH = "$(LOCAL_LIBRARY_DIR)/Frameworks";
				LD_RUNPATH_SEARCH_PATHS = "$(inherited) @executable_path/Frameworks @loader_path/Frameworks";
				MTL_ENABLE_DEBUG_INFO = NO;
				PRODUCT_BUNDLE_IDENTIFIER = "MLSDev.DTTableViewManager-tvOS";
				PRODUCT_NAME = DTTableViewManager;
				SDKROOT = appletvos;
				SKIP_INSTALL = YES;
				SWIFT_OPTIMIZATION_LEVEL = "-Owholemodule";
				TARGETED_DEVICE_FAMILY = 3;
				VERSIONING_SYSTEM = "apple-generic";
				VERSION_INFO_PREFIX = "";
			};
			name = Release;
		};
		9A9B17211B65771600D8ABD3 /* Debug */ = {
			isa = XCBuildConfiguration;
			buildSettings = {
				ALWAYS_EMBED_SWIFT_STANDARD_LIBRARIES = YES;
				ASSETCATALOG_COMPILER_APPICON_NAME = AppIcon;
				CLANG_WARN_BOOL_CONVERSION = YES;
				CLANG_WARN_CONSTANT_CONVERSION = YES;
				CLANG_WARN_DIRECT_OBJC_ISA_USAGE = YES_ERROR;
				CLANG_WARN_ENUM_CONVERSION = YES;
				CLANG_WARN_INT_CONVERSION = YES;
				CLANG_WARN_OBJC_ROOT_CLASS = YES_ERROR;
				CLANG_WARN_UNREACHABLE_CODE = YES;
				ENABLE_STRICT_OBJC_MSGSEND = YES;
				GCC_NO_COMMON_BLOCKS = YES;
				GCC_PREPROCESSOR_DEFINITIONS = (
					"DEBUG=1",
					"$(inherited)",
				);
				GCC_WARN_64_TO_32_BIT_CONVERSION = YES;
				GCC_WARN_ABOUT_RETURN_TYPE = YES_ERROR;
				GCC_WARN_UNDECLARED_SELECTOR = YES;
				GCC_WARN_UNINITIALIZED_AUTOS = YES_AGGRESSIVE;
				GCC_WARN_UNUSED_FUNCTION = YES;
				INFOPLIST_FILE = "$(SRCROOT)/Supporting files/Example.plist";
				LD_RUNPATH_SEARCH_PATHS = "$(inherited) @executable_path/Frameworks";
				MTL_ENABLE_DEBUG_INFO = YES;
				PRODUCT_BUNDLE_IDENTIFIER = "MLSDev.$(PRODUCT_NAME:rfc1034identifier)";
				PRODUCT_NAME = "$(TARGET_NAME)";
				SWIFT_VERSION = 3.0;
				TARGETED_DEVICE_FAMILY = "1,2";
			};
			name = Debug;
		};
		9A9B17221B65771600D8ABD3 /* Release */ = {
			isa = XCBuildConfiguration;
			buildSettings = {
				ALWAYS_EMBED_SWIFT_STANDARD_LIBRARIES = YES;
				ASSETCATALOG_COMPILER_APPICON_NAME = AppIcon;
				CLANG_WARN_BOOL_CONVERSION = YES;
				CLANG_WARN_CONSTANT_CONVERSION = YES;
				CLANG_WARN_DIRECT_OBJC_ISA_USAGE = YES_ERROR;
				CLANG_WARN_ENUM_CONVERSION = YES;
				CLANG_WARN_INT_CONVERSION = YES;
				CLANG_WARN_OBJC_ROOT_CLASS = YES_ERROR;
				CLANG_WARN_UNREACHABLE_CODE = YES;
				COPY_PHASE_STRIP = NO;
				ENABLE_NS_ASSERTIONS = NO;
				ENABLE_STRICT_OBJC_MSGSEND = YES;
				GCC_NO_COMMON_BLOCKS = YES;
				GCC_WARN_64_TO_32_BIT_CONVERSION = YES;
				GCC_WARN_ABOUT_RETURN_TYPE = YES_ERROR;
				GCC_WARN_UNDECLARED_SELECTOR = YES;
				GCC_WARN_UNINITIALIZED_AUTOS = YES_AGGRESSIVE;
				GCC_WARN_UNUSED_FUNCTION = YES;
				INFOPLIST_FILE = "$(SRCROOT)/Supporting files/Example.plist";
				LD_RUNPATH_SEARCH_PATHS = "$(inherited) @executable_path/Frameworks";
				MTL_ENABLE_DEBUG_INFO = NO;
				PRODUCT_BUNDLE_IDENTIFIER = "MLSDev.$(PRODUCT_NAME:rfc1034identifier)";
				PRODUCT_NAME = "$(TARGET_NAME)";
				SWIFT_OPTIMIZATION_LEVEL = "-Owholemodule";
				SWIFT_VERSION = 3.0;
				TARGETED_DEVICE_FAMILY = "1,2";
			};
			name = Release;
		};
		9AF003221A5ABE7000ABFC90 /* Debug */ = {
			isa = XCBuildConfiguration;
			buildSettings = {
				CLANG_WARN_BOOL_CONVERSION = YES;
				CLANG_WARN_CONSTANT_CONVERSION = YES;
				CLANG_WARN_DIRECT_OBJC_ISA_USAGE = YES_ERROR;
				CLANG_WARN_ENUM_CONVERSION = YES;
				CLANG_WARN_INT_CONVERSION = YES;
				CLANG_WARN_OBJC_ROOT_CLASS = YES_ERROR;
				CLANG_WARN_UNREACHABLE_CODE = YES;
				ENABLE_STRICT_OBJC_MSGSEND = YES;
				GCC_PREPROCESSOR_DEFINITIONS = (
					"DEBUG=1",
					"$(inherited)",
				);
				GCC_WARN_64_TO_32_BIT_CONVERSION = YES;
				GCC_WARN_ABOUT_RETURN_TYPE = YES_ERROR;
				GCC_WARN_UNDECLARED_SELECTOR = YES;
				GCC_WARN_UNINITIALIZED_AUTOS = YES_AGGRESSIVE;
				GCC_WARN_UNUSED_FUNCTION = YES;
				INFOPLIST_FILE = "Supporting files/Tests.plist";
				LD_RUNPATH_SEARCH_PATHS = "$(inherited) @executable_path/Frameworks @loader_path/Frameworks";
				MTL_ENABLE_DEBUG_INFO = YES;
				PRODUCT_BUNDLE_IDENTIFIER = "MLSDev.$(PRODUCT_NAME:rfc1034identifier)";
				PRODUCT_NAME = "$(TARGET_NAME)";
				SWIFT_VERSION = 3.0;
			};
			name = Debug;
		};
		9AF003231A5ABE7000ABFC90 /* Release */ = {
			isa = XCBuildConfiguration;
			buildSettings = {
				CLANG_WARN_BOOL_CONVERSION = YES;
				CLANG_WARN_CONSTANT_CONVERSION = YES;
				CLANG_WARN_DIRECT_OBJC_ISA_USAGE = YES_ERROR;
				CLANG_WARN_ENUM_CONVERSION = YES;
				CLANG_WARN_INT_CONVERSION = YES;
				CLANG_WARN_OBJC_ROOT_CLASS = YES_ERROR;
				CLANG_WARN_UNREACHABLE_CODE = YES;
				ENABLE_NS_ASSERTIONS = NO;
				ENABLE_STRICT_OBJC_MSGSEND = YES;
				GCC_WARN_64_TO_32_BIT_CONVERSION = YES;
				GCC_WARN_ABOUT_RETURN_TYPE = YES_ERROR;
				GCC_WARN_UNDECLARED_SELECTOR = YES;
				GCC_WARN_UNINITIALIZED_AUTOS = YES_AGGRESSIVE;
				GCC_WARN_UNUSED_FUNCTION = YES;
				INFOPLIST_FILE = "Supporting files/Tests.plist";
				LD_RUNPATH_SEARCH_PATHS = "$(inherited) @executable_path/Frameworks @loader_path/Frameworks";
				MTL_ENABLE_DEBUG_INFO = NO;
				PRODUCT_BUNDLE_IDENTIFIER = "MLSDev.$(PRODUCT_NAME:rfc1034identifier)";
				PRODUCT_NAME = "$(TARGET_NAME)";
				SWIFT_OPTIMIZATION_LEVEL = "-Owholemodule";
				SWIFT_VERSION = 3.0;
			};
			name = Release;
		};
		E6EA83841615EE6000F8B8C3 /* Debug */ = {
			isa = XCBuildConfiguration;
			buildSettings = {
				ALWAYS_SEARCH_USER_PATHS = NO;
				CLANG_ENABLE_MODULES = YES;
				CLANG_ENABLE_OBJC_ARC = YES;
				CLANG_WARN_BOOL_CONVERSION = YES;
				CLANG_WARN_CONSTANT_CONVERSION = YES;
				CLANG_WARN_EMPTY_BODY = YES;
				CLANG_WARN_ENUM_CONVERSION = YES;
				CLANG_WARN_INFINITE_RECURSION = YES;
				CLANG_WARN_INT_CONVERSION = YES;
				CLANG_WARN_SUSPICIOUS_MOVE = YES;
				CLANG_WARN_UNREACHABLE_CODE = YES;
				CLANG_WARN__DUPLICATE_METHOD_MATCH = YES;
				"CODE_SIGN_IDENTITY[sdk=iphoneos*]" = "iPhone Developer";
				COPY_PHASE_STRIP = NO;
				CURRENT_PROJECT_VERSION = 1;
				ENABLE_STRICT_OBJC_MSGSEND = YES;
				ENABLE_TESTABILITY = YES;
				GCC_NO_COMMON_BLOCKS = YES;
				GCC_OPTIMIZATION_LEVEL = 0;
				GCC_PREPROCESSOR_DEFINITIONS = (
					"DEBUG=1",
					"$(inherited)",
				);
				GCC_SYMBOLS_PRIVATE_EXTERN = NO;
				GCC_WARN_64_TO_32_BIT_CONVERSION = YES;
				GCC_WARN_ABOUT_RETURN_TYPE = YES;
				GCC_WARN_UNDECLARED_SELECTOR = YES;
				GCC_WARN_UNINITIALIZED_AUTOS = YES;
				GCC_WARN_UNUSED_FUNCTION = YES;
				GCC_WARN_UNUSED_VARIABLE = YES;
				IPHONEOS_DEPLOYMENT_TARGET = 8.0;
				MACOSX_DEPLOYMENT_TARGET = 10.9;
				ONLY_ACTIVE_ARCH = YES;
				SDKROOT = iphoneos;
				SWIFT_OPTIMIZATION_LEVEL = "-Onone";
				SWIFT_VERSION = 3.0;
				TARGETED_DEVICE_FAMILY = "1,2";
				TVOS_DEPLOYMENT_TARGET = 9.0;
				VERSIONING_SYSTEM = "apple-generic";
				WATCHOS_DEPLOYMENT_TARGET = 2.0;
			};
			name = Debug;
		};
		E6EA83851615EE6000F8B8C3 /* Release */ = {
			isa = XCBuildConfiguration;
			buildSettings = {
				ALWAYS_SEARCH_USER_PATHS = NO;
				CLANG_ENABLE_MODULES = YES;
				CLANG_ENABLE_OBJC_ARC = YES;
				CLANG_WARN_BOOL_CONVERSION = YES;
				CLANG_WARN_CONSTANT_CONVERSION = YES;
				CLANG_WARN_EMPTY_BODY = YES;
				CLANG_WARN_ENUM_CONVERSION = YES;
				CLANG_WARN_INFINITE_RECURSION = YES;
				CLANG_WARN_INT_CONVERSION = YES;
				CLANG_WARN_SUSPICIOUS_MOVE = YES;
				CLANG_WARN_UNREACHABLE_CODE = YES;
				CLANG_WARN__DUPLICATE_METHOD_MATCH = YES;
				"CODE_SIGN_IDENTITY[sdk=iphoneos*]" = "iPhone Developer";
				COPY_PHASE_STRIP = YES;
				CURRENT_PROJECT_VERSION = 1;
				ENABLE_STRICT_OBJC_MSGSEND = YES;
				GCC_NO_COMMON_BLOCKS = YES;
				GCC_WARN_64_TO_32_BIT_CONVERSION = YES;
				GCC_WARN_ABOUT_RETURN_TYPE = YES;
				GCC_WARN_UNDECLARED_SELECTOR = YES;
				GCC_WARN_UNINITIALIZED_AUTOS = YES;
				GCC_WARN_UNUSED_FUNCTION = YES;
				GCC_WARN_UNUSED_VARIABLE = YES;
				IPHONEOS_DEPLOYMENT_TARGET = 8.0;
				MACOSX_DEPLOYMENT_TARGET = 10.9;
				SDKROOT = iphoneos;
				SWIFT_VERSION = 3.0;
				TARGETED_DEVICE_FAMILY = "1,2";
				TVOS_DEPLOYMENT_TARGET = 9.0;
				VALIDATE_PRODUCT = YES;
				VERSIONING_SYSTEM = "apple-generic";
				WATCHOS_DEPLOYMENT_TARGET = 2.0;
			};
			name = Release;
		};
/* End XCBuildConfiguration section */

/* Begin XCConfigurationList section */
		9A2A38D31AEE285E0021E97D /* Build configuration list for PBXNativeTarget "DTTableViewManager-iOS" */ = {
			isa = XCConfigurationList;
			buildConfigurations = (
				9A2A38CF1AEE285E0021E97D /* Debug */,
				9A2A38D01AEE285E0021E97D /* Release */,
			);
			defaultConfigurationIsVisible = 0;
			defaultConfigurationName = Release;
		};
		9A6CED7A1BE570750091B0AF /* Build configuration list for PBXNativeTarget "Tests-tvOS" */ = {
			isa = XCConfigurationList;
			buildConfigurations = (
				9A6CED7B1BE570750091B0AF /* Debug */,
				9A6CED7C1BE570750091B0AF /* Release */,
			);
			defaultConfigurationIsVisible = 0;
			defaultConfigurationName = Release;
		};
		9A6CED911BE571860091B0AF /* Build configuration list for PBXNativeTarget "DTTableViewManager-tvOS" */ = {
			isa = XCConfigurationList;
			buildConfigurations = (
				9A6CED921BE571860091B0AF /* Debug */,
				9A6CED931BE571860091B0AF /* Release */,
			);
			defaultConfigurationIsVisible = 0;
			defaultConfigurationName = Release;
		};
		9A9B17201B65771600D8ABD3 /* Build configuration list for PBXNativeTarget "Example" */ = {
			isa = XCConfigurationList;
			buildConfigurations = (
				9A9B17211B65771600D8ABD3 /* Debug */,
				9A9B17221B65771600D8ABD3 /* Release */,
			);
			defaultConfigurationIsVisible = 0;
			defaultConfigurationName = Release;
		};
		9AF003241A5ABE7000ABFC90 /* Build configuration list for PBXNativeTarget "Tests-iOS" */ = {
			isa = XCConfigurationList;
			buildConfigurations = (
				9AF003221A5ABE7000ABFC90 /* Debug */,
				9AF003231A5ABE7000ABFC90 /* Release */,
			);
			defaultConfigurationIsVisible = 0;
			defaultConfigurationName = Release;
		};
		E6EA835C1615EE6000F8B8C3 /* Build configuration list for PBXProject "DTTableViewManager" */ = {
			isa = XCConfigurationList;
			buildConfigurations = (
				E6EA83841615EE6000F8B8C3 /* Debug */,
				E6EA83851615EE6000F8B8C3 /* Release */,
			);
			defaultConfigurationIsVisible = 0;
			defaultConfigurationName = Release;
		};
/* End XCConfigurationList section */

/* Begin XCVersionGroup section */
		9A41FBE51B8A181300508207 /* Banks.xcdatamodeld */ = {
			isa = XCVersionGroup;
			children = (
				9A41FBE61B8A181300508207 /* Banks.xcdatamodel */,
			);
			currentVersion = 9A41FBE61B8A181300508207 /* Banks.xcdatamodel */;
			name = Banks.xcdatamodeld;
			path = "Example controllers/Search/Banks.xcdatamodeld";
			sourceTree = "<group>";
			versionGroupType = wrapper.xcdatamodel;
		};
/* End XCVersionGroup section */
	};
	rootObject = E6EA83591615EE6000F8B8C3 /* Project object */;
}
