// !$*UTF8*$!
{
	archiveVersion = 1;
	classes = {
	};
	objectVersion = 46;
	objects = {

/* Begin PBXBuildFile section */
		E638F0F4161990F800694FBC /* CellFactory.m in Sources */ = {isa = PBXBuildFile; fileRef = E638F0F3161990F800694FBC /* CellFactory.m */; };
		E638F0FA1619910600694FBC /* AppDataStore.m in Sources */ = {isa = PBXBuildFile; fileRef = E638F0F61619910600694FBC /* AppDataStore.m */; };
		E638F0FB1619910600694FBC /* SingletonFactory.m in Sources */ = {isa = PBXBuildFile; fileRef = E638F0F81619910600694FBC /* SingletonFactory.m */; };
		E638F1021619911B00694FBC /* BaseTableViewCell.m in Sources */ = {isa = PBXBuildFile; fileRef = E638F0FD1619911500694FBC /* BaseTableViewCell.m */; };
		E638F1031619911B00694FBC /* BaseTableViewController.m in Sources */ = {isa = PBXBuildFile; fileRef = E638F0FF1619911700694FBC /* BaseTableViewController.m */; };
		E638F1041619911B00694FBC /* BaseViewController.m in Sources */ = {isa = PBXBuildFile; fileRef = E638F1011619911900694FBC /* BaseViewController.m */; };
		E638F1091619916B00694FBC /* Example.m in Sources */ = {isa = PBXBuildFile; fileRef = E638F1081619916B00694FBC /* Example.m */; };
		E638F10C1619919900694FBC /* ExampleCell.m in Sources */ = {isa = PBXBuildFile; fileRef = E638F10B1619919900694FBC /* ExampleCell.m */; };
		E6EA83671615EE6000F8B8C3 /* UIKit.framework in Frameworks */ = {isa = PBXBuildFile; fileRef = E6EA83661615EE6000F8B8C3 /* UIKit.framework */; };
		E6EA83691615EE6000F8B8C3 /* Foundation.framework in Frameworks */ = {isa = PBXBuildFile; fileRef = E6EA83681615EE6000F8B8C3 /* Foundation.framework */; };
		E6EA836B1615EE6000F8B8C3 /* CoreGraphics.framework in Frameworks */ = {isa = PBXBuildFile; fileRef = E6EA836A1615EE6000F8B8C3 /* CoreGraphics.framework */; };
		E6EA83711615EE6000F8B8C3 /* InfoPlist.strings in Resources */ = {isa = PBXBuildFile; fileRef = E6EA836F1615EE6000F8B8C3 /* InfoPlist.strings */; };
		E6EA83731615EE6000F8B8C3 /* main.m in Sources */ = {isa = PBXBuildFile; fileRef = E6EA83721615EE6000F8B8C3 /* main.m */; };
		E6EA83771615EE6000F8B8C3 /* AppDelegate.m in Sources */ = {isa = PBXBuildFile; fileRef = E6EA83761615EE6000F8B8C3 /* AppDelegate.m */; };
		E6EA83791615EE6000F8B8C3 /* Default.png in Resources */ = {isa = PBXBuildFile; fileRef = E6EA83781615EE6000F8B8C3 /* Default.png */; };
		E6EA837B1615EE6000F8B8C3 /* Default@2x.png in Resources */ = {isa = PBXBuildFile; fileRef = E6EA837A1615EE6000F8B8C3 /* Default@2x.png */; };
		E6EA837D1615EE6000F8B8C3 /* Default-568h@2x.png in Resources */ = {isa = PBXBuildFile; fileRef = E6EA837C1615EE6000F8B8C3 /* Default-568h@2x.png */; };
		E6EA83801615EE6000F8B8C3 /* ExampleTableViewController.m in Sources */ = {isa = PBXBuildFile; fileRef = E6EA837F1615EE6000F8B8C3 /* ExampleTableViewController.m */; };
		E6EA83831615EE6000F8B8C3 /* ExampleTableViewController.xib in Resources */ = {isa = PBXBuildFile; fileRef = E6EA83811615EE6000F8B8C3 /* ExampleTableViewController.xib */; };
/* End PBXBuildFile section */

/* Begin PBXFileReference section */
		E638F0F2161990F800694FBC /* CellFactory.h */ = {isa = PBXFileReference; fileEncoding = 4; lastKnownFileType = sourcecode.c.h; name = CellFactory.h; path = Factory/CellFactory.h; sourceTree = "<group>"; };
		E638F0F3161990F800694FBC /* CellFactory.m */ = {isa = PBXFileReference; fileEncoding = 4; lastKnownFileType = sourcecode.c.objc; name = CellFactory.m; path = Factory/CellFactory.m; sourceTree = "<group>"; };
		E638F0F51619910600694FBC /* AppDataStore.h */ = {isa = PBXFileReference; fileEncoding = 4; lastKnownFileType = sourcecode.c.h; name = AppDataStore.h; path = Factory/AppDataStore.h; sourceTree = "<group>"; };
		E638F0F61619910600694FBC /* AppDataStore.m */ = {isa = PBXFileReference; fileEncoding = 4; lastKnownFileType = sourcecode.c.objc; name = AppDataStore.m; path = Factory/AppDataStore.m; sourceTree = "<group>"; };
		E638F0F71619910600694FBC /* SingletonFactory.h */ = {isa = PBXFileReference; fileEncoding = 4; lastKnownFileType = sourcecode.c.h; name = SingletonFactory.h; path = Factory/SingletonFactory.h; sourceTree = "<group>"; };
		E638F0F81619910600694FBC /* SingletonFactory.m */ = {isa = PBXFileReference; fileEncoding = 4; lastKnownFileType = sourcecode.c.objc; name = SingletonFactory.m; path = Factory/SingletonFactory.m; sourceTree = "<group>"; };
		E638F0F91619910600694FBC /* SingletonProtocol.h */ = {isa = PBXFileReference; fileEncoding = 4; lastKnownFileType = sourcecode.c.h; name = SingletonProtocol.h; path = Factory/SingletonProtocol.h; sourceTree = "<group>"; };
		E638F0FC1619911500694FBC /* BaseTableViewCell.h */ = {isa = PBXFileReference; fileEncoding = 4; lastKnownFileType = sourcecode.c.h; name = BaseTableViewCell.h; path = Base/BaseTableViewCell.h; sourceTree = "<group>"; };
		E638F0FD1619911500694FBC /* BaseTableViewCell.m */ = {isa = PBXFileReference; fileEncoding = 4; lastKnownFileType = sourcecode.c.objc; name = BaseTableViewCell.m; path = Base/BaseTableViewCell.m; sourceTree = "<group>"; };
		E638F0FE1619911600694FBC /* BaseTableViewController.h */ = {isa = PBXFileReference; fileEncoding = 4; lastKnownFileType = sourcecode.c.h; name = BaseTableViewController.h; path = Base/BaseTableViewController.h; sourceTree = "<group>"; };
		E638F0FF1619911700694FBC /* BaseTableViewController.m */ = {isa = PBXFileReference; fileEncoding = 4; lastKnownFileType = sourcecode.c.objc; name = BaseTableViewController.m; path = Base/BaseTableViewController.m; sourceTree = "<group>"; };
		E638F1001619911800694FBC /* BaseViewController.h */ = {isa = PBXFileReference; fileEncoding = 4; lastKnownFileType = sourcecode.c.h; name = BaseViewController.h; path = Base/BaseViewController.h; sourceTree = "<group>"; };
		E638F1011619911900694FBC /* BaseViewController.m */ = {isa = PBXFileReference; fileEncoding = 4; lastKnownFileType = sourcecode.c.objc; name = BaseViewController.m; path = Base/BaseViewController.m; sourceTree = "<group>"; };
		E638F1071619916B00694FBC /* Example.h */ = {isa = PBXFileReference; fileEncoding = 4; lastKnownFileType = sourcecode.c.h; name = Example.h; path = TableViewFactory/Models/Example.h; sourceTree = "<group>"; };
		E638F1081619916B00694FBC /* Example.m */ = {isa = PBXFileReference; fileEncoding = 4; lastKnownFileType = sourcecode.c.objc; name = Example.m; path = TableViewFactory/Models/Example.m; sourceTree = "<group>"; };
		E638F10A1619919900694FBC /* ExampleCell.h */ = {isa = PBXFileReference; fileEncoding = 4; lastKnownFileType = sourcecode.c.h; name = ExampleCell.h; path = TableViewFactory/Cells/ExampleCell.h; sourceTree = "<group>"; };
		E638F10B1619919900694FBC /* ExampleCell.m */ = {isa = PBXFileReference; fileEncoding = 4; lastKnownFileType = sourcecode.c.objc; name = ExampleCell.m; path = TableViewFactory/Cells/ExampleCell.m; sourceTree = "<group>"; };
		E6EA83621615EE6000F8B8C3 /* TableViewFactory.app */ = {isa = PBXFileReference; explicitFileType = wrapper.application; includeInIndex = 0; path = TableViewFactory.app; sourceTree = BUILT_PRODUCTS_DIR; };
		E6EA83661615EE6000F8B8C3 /* UIKit.framework */ = {isa = PBXFileReference; lastKnownFileType = wrapper.framework; name = UIKit.framework; path = System/Library/Frameworks/UIKit.framework; sourceTree = SDKROOT; };
		E6EA83681615EE6000F8B8C3 /* Foundation.framework */ = {isa = PBXFileReference; lastKnownFileType = wrapper.framework; name = Foundation.framework; path = System/Library/Frameworks/Foundation.framework; sourceTree = SDKROOT; };
		E6EA836A1615EE6000F8B8C3 /* CoreGraphics.framework */ = {isa = PBXFileReference; lastKnownFileType = wrapper.framework; name = CoreGraphics.framework; path = System/Library/Frameworks/CoreGraphics.framework; sourceTree = SDKROOT; };
		E6EA836E1615EE6000F8B8C3 /* TableViewFactory-Info.plist */ = {isa = PBXFileReference; lastKnownFileType = text.plist.xml; path = "TableViewFactory-Info.plist"; sourceTree = "<group>"; };
		E6EA83701615EE6000F8B8C3 /* en */ = {isa = PBXFileReference; lastKnownFileType = text.plist.strings; name = en; path = en.lproj/InfoPlist.strings; sourceTree = "<group>"; };
		E6EA83721615EE6000F8B8C3 /* main.m */ = {isa = PBXFileReference; lastKnownFileType = sourcecode.c.objc; path = main.m; sourceTree = "<group>"; };
		E6EA83741615EE6000F8B8C3 /* TableViewFactory-Prefix.pch */ = {isa = PBXFileReference; lastKnownFileType = sourcecode.c.h; path = "TableViewFactory-Prefix.pch"; sourceTree = "<group>"; };
		E6EA83751615EE6000F8B8C3 /* AppDelegate.h */ = {isa = PBXFileReference; lastKnownFileType = sourcecode.c.h; path = AppDelegate.h; sourceTree = "<group>"; };
		E6EA83761615EE6000F8B8C3 /* AppDelegate.m */ = {isa = PBXFileReference; lastKnownFileType = sourcecode.c.objc; path = AppDelegate.m; sourceTree = "<group>"; };
		E6EA83781615EE6000F8B8C3 /* Default.png */ = {isa = PBXFileReference; lastKnownFileType = image.png; path = Default.png; sourceTree = "<group>"; };
		E6EA837A1615EE6000F8B8C3 /* Default@2x.png */ = {isa = PBXFileReference; lastKnownFileType = image.png; path = "Default@2x.png"; sourceTree = "<group>"; };
		E6EA837C1615EE6000F8B8C3 /* Default-568h@2x.png */ = {isa = PBXFileReference; lastKnownFileType = image.png; path = "Default-568h@2x.png"; sourceTree = "<group>"; };
		E6EA837E1615EE6000F8B8C3 /* ExampleTableViewController.h */ = {isa = PBXFileReference; lastKnownFileType = sourcecode.c.h; path = ExampleTableViewController.h; sourceTree = "<group>"; };
		E6EA837F1615EE6000F8B8C3 /* ExampleTableViewController.m */ = {isa = PBXFileReference; lastKnownFileType = sourcecode.c.objc; path = ExampleTableViewController.m; sourceTree = "<group>"; };
		E6EA83821615EE6000F8B8C3 /* en */ = {isa = PBXFileReference; lastKnownFileType = file.xib; name = en; path = en.lproj/ExampleTableViewController.xib; sourceTree = "<group>"; };
/* End PBXFileReference section */

/* Begin PBXFrameworksBuildPhase section */
		E6EA835F1615EE6000F8B8C3 /* Frameworks */ = {
			isa = PBXFrameworksBuildPhase;
			buildActionMask = 2147483647;
			files = (
				E6EA83671615EE6000F8B8C3 /* UIKit.framework in Frameworks */,
				E6EA83691615EE6000F8B8C3 /* Foundation.framework in Frameworks */,
				E6EA836B1615EE6000F8B8C3 /* CoreGraphics.framework in Frameworks */,
			);
			runOnlyForDeploymentPostprocessing = 0;
		};
/* End PBXFrameworksBuildPhase section */

/* Begin PBXGroup section */
		E638F1051619913B00694FBC /* Models */ = {
			isa = PBXGroup;
			children = (
				E638F1071619916B00694FBC /* Example.h */,
				E638F1081619916B00694FBC /* Example.m */,
			);
			name = Models;
			path = ..;
			sourceTree = "<group>";
		};
		E638F1061619914300694FBC /* Cells */ = {
			isa = PBXGroup;
			children = (
				E638F10A1619919900694FBC /* ExampleCell.h */,
				E638F10B1619919900694FBC /* ExampleCell.m */,
			);
			name = Cells;
			path = ..;
			sourceTree = "<group>";
		};
		E6EA83571615EE6000F8B8C3 = {
			isa = PBXGroup;
			children = (
				E6EA836C1615EE6000F8B8C3 /* TableViewFactory */,
				E6EA83651615EE6000F8B8C3 /* Frameworks */,
				E6EA83631615EE6000F8B8C3 /* Products */,
			);
			sourceTree = "<group>";
		};
		E6EA83631615EE6000F8B8C3 /* Products */ = {
			isa = PBXGroup;
			children = (
				E6EA83621615EE6000F8B8C3 /* TableViewFactory.app */,
			);
			name = Products;
			sourceTree = "<group>";
		};
		E6EA83651615EE6000F8B8C3 /* Frameworks */ = {
			isa = PBXGroup;
			children = (
				E6EA83661615EE6000F8B8C3 /* UIKit.framework */,
				E6EA83681615EE6000F8B8C3 /* Foundation.framework */,
				E6EA836A1615EE6000F8B8C3 /* CoreGraphics.framework */,
			);
			name = Frameworks;
			sourceTree = "<group>";
		};
		E6EA836C1615EE6000F8B8C3 /* TableViewFactory */ = {
			isa = PBXGroup;
			children = (
				E6EA83931615F07F00F8B8C3 /* Base */,
				E6EA83891615F04600F8B8C3 /* Factory */,
				E638F1051619913B00694FBC /* Models */,
				E638F1061619914300694FBC /* Cells */,
				E6EA83751615EE6000F8B8C3 /* AppDelegate.h */,
				E6EA83761615EE6000F8B8C3 /* AppDelegate.m */,
				E6EA837E1615EE6000F8B8C3 /* ExampleTableViewController.h */,
				E6EA837F1615EE6000F8B8C3 /* ExampleTableViewController.m */,
				E6EA83811615EE6000F8B8C3 /* ExampleTableViewController.xib */,
				E6EA836D1615EE6000F8B8C3 /* Supporting Files */,
			);
			path = TableViewFactory;
			sourceTree = "<group>";
		};
		E6EA836D1615EE6000F8B8C3 /* Supporting Files */ = {
			isa = PBXGroup;
			children = (
				E6EA836E1615EE6000F8B8C3 /* TableViewFactory-Info.plist */,
				E6EA836F1615EE6000F8B8C3 /* InfoPlist.strings */,
				E6EA83721615EE6000F8B8C3 /* main.m */,
				E6EA83741615EE6000F8B8C3 /* TableViewFactory-Prefix.pch */,
				E6EA83781615EE6000F8B8C3 /* Default.png */,
				E6EA837A1615EE6000F8B8C3 /* Default@2x.png */,
				E6EA837C1615EE6000F8B8C3 /* Default-568h@2x.png */,
			);
			name = "Supporting Files";
			sourceTree = "<group>";
		};
		E6EA83891615F04600F8B8C3 /* Factory */ = {
			isa = PBXGroup;
			children = (
				E6EA838F1615F06800F8B8C3 /* Cell */,
				E6EA838A1615F04D00F8B8C3 /* Singleton */,
			);
			name = Factory;
			sourceTree = "<group>";
		};
		E6EA838A1615F04D00F8B8C3 /* Singleton */ = {
			isa = PBXGroup;
			children = (
				E638F0F51619910600694FBC /* AppDataStore.h */,
				E638F0F61619910600694FBC /* AppDataStore.m */,
				E638F0F71619910600694FBC /* SingletonFactory.h */,
				E638F0F81619910600694FBC /* SingletonFactory.m */,
				E638F0F91619910600694FBC /* SingletonProtocol.h */,
			);
			name = Singleton;
			sourceTree = "<group>";
		};
		E6EA838F1615F06800F8B8C3 /* Cell */ = {
			isa = PBXGroup;
			children = (
				E638F0F2161990F800694FBC /* CellFactory.h */,
				E638F0F3161990F800694FBC /* CellFactory.m */,
			);
			name = Cell;
			sourceTree = "<group>";
		};
		E6EA83931615F07F00F8B8C3 /* Base */ = {
			isa = PBXGroup;
			children = (
				E638F0FC1619911500694FBC /* BaseTableViewCell.h */,
				E638F0FD1619911500694FBC /* BaseTableViewCell.m */,
				E638F0FE1619911600694FBC /* BaseTableViewController.h */,
				E638F0FF1619911700694FBC /* BaseTableViewController.m */,
				E638F1001619911800694FBC /* BaseViewController.h */,
				E638F1011619911900694FBC /* BaseViewController.m */,
			);
			name = Base;
			sourceTree = "<group>";
		};
/* End PBXGroup section */

/* Begin PBXNativeTarget section */
		E6EA83611615EE6000F8B8C3 /* TableViewFactory */ = {
			isa = PBXNativeTarget;
			buildConfigurationList = E6EA83861615EE6000F8B8C3 /* Build configuration list for PBXNativeTarget "TableViewFactory" */;
			buildPhases = (
				E6EA835E1615EE6000F8B8C3 /* Sources */,
				E6EA835F1615EE6000F8B8C3 /* Frameworks */,
				E6EA83601615EE6000F8B8C3 /* Resources */,
			);
			buildRules = (
			);
			dependencies = (
			);
			name = TableViewFactory;
			productName = TableViewFactory;
			productReference = E6EA83621615EE6000F8B8C3 /* TableViewFactory.app */;
			productType = "com.apple.product-type.application";
		};
/* End PBXNativeTarget section */

/* Begin PBXProject section */
		E6EA83591615EE6000F8B8C3 /* Project object */ = {
			isa = PBXProject;
			attributes = {
				LastUpgradeCheck = 0450;
				ORGANIZATIONNAME = "Denys Telezhkin";
			};
			buildConfigurationList = E6EA835C1615EE6000F8B8C3 /* Build configuration list for PBXProject "TableViewFactory" */;
			compatibilityVersion = "Xcode 3.2";
			developmentRegion = English;
			hasScannedForEncodings = 0;
			knownRegions = (
				en,
			);
			mainGroup = E6EA83571615EE6000F8B8C3;
			productRefGroup = E6EA83631615EE6000F8B8C3 /* Products */;
			projectDirPath = "";
			projectRoot = "";
			targets = (
				E6EA83611615EE6000F8B8C3 /* TableViewFactory */,
			);
		};
/* End PBXProject section */

/* Begin PBXResourcesBuildPhase section */
		E6EA83601615EE6000F8B8C3 /* Resources */ = {
			isa = PBXResourcesBuildPhase;
			buildActionMask = 2147483647;
			files = (
				E6EA83711615EE6000F8B8C3 /* InfoPlist.strings in Resources */,
				E6EA83791615EE6000F8B8C3 /* Default.png in Resources */,
				E6EA837B1615EE6000F8B8C3 /* Default@2x.png in Resources */,
				E6EA837D1615EE6000F8B8C3 /* Default-568h@2x.png in Resources */,
				E6EA83831615EE6000F8B8C3 /* ExampleTableViewController.xib in Resources */,
			);
			runOnlyForDeploymentPostprocessing = 0;
		};
/* End PBXResourcesBuildPhase section */

/* Begin PBXSourcesBuildPhase section */
		E6EA835E1615EE6000F8B8C3 /* Sources */ = {
			isa = PBXSourcesBuildPhase;
			buildActionMask = 2147483647;
			files = (
				E6EA83731615EE6000F8B8C3 /* main.m in Sources */,
				E6EA83771615EE6000F8B8C3 /* AppDelegate.m in Sources */,
				E6EA83801615EE6000F8B8C3 /* ExampleTableViewController.m in Sources */,
				E638F0F4161990F800694FBC /* CellFactory.m in Sources */,
				E638F0FA1619910600694FBC /* AppDataStore.m in Sources */,
				E638F0FB1619910600694FBC /* SingletonFactory.m in Sources */,
				E638F1021619911B00694FBC /* BaseTableViewCell.m in Sources */,
				E638F1031619911B00694FBC /* BaseTableViewController.m in Sources */,
				E638F1041619911B00694FBC /* BaseViewController.m in Sources */,
				E638F1091619916B00694FBC /* Example.m in Sources */,
				E638F10C1619919900694FBC /* ExampleCell.m in Sources */,
			);
			runOnlyForDeploymentPostprocessing = 0;
		};
/* End PBXSourcesBuildPhase section */

/* Begin PBXVariantGroup section */
		E6EA836F1615EE6000F8B8C3 /* InfoPlist.strings */ = {
			isa = PBXVariantGroup;
			children = (
				E6EA83701615EE6000F8B8C3 /* en */,
			);
			name = InfoPlist.strings;
			sourceTree = "<group>";
		};
		E6EA83811615EE6000F8B8C3 /* ExampleTableViewController.xib */ = {
			isa = PBXVariantGroup;
			children = (
				E6EA83821615EE6000F8B8C3 /* en */,
			);
			name = ExampleTableViewController.xib;
			sourceTree = "<group>";
		};
/* End PBXVariantGroup section */

/* Begin XCBuildConfiguration section */
		E6EA83841615EE6000F8B8C3 /* Debug */ = {
			isa = XCBuildConfiguration;
			buildSettings = {
				ALWAYS_SEARCH_USER_PATHS = NO;
				CLANG_CXX_LANGUAGE_STANDARD = "gnu++0x";
				CLANG_CXX_LIBRARY = "libc++";
				CLANG_WARN_EMPTY_BODY = YES;
				CLANG_WARN__DUPLICATE_METHOD_MATCH = YES;
				"CODE_SIGN_IDENTITY[sdk=iphoneos*]" = "iPhone Developer";
				COPY_PHASE_STRIP = NO;
				GCC_C_LANGUAGE_STANDARD = gnu99;
				GCC_DYNAMIC_NO_PIC = NO;
				GCC_OPTIMIZATION_LEVEL = 0;
				GCC_PREPROCESSOR_DEFINITIONS = (
					"DEBUG=1",
					"$(inherited)",
				);
				GCC_SYMBOLS_PRIVATE_EXTERN = NO;
				GCC_WARN_ABOUT_RETURN_TYPE = YES;
				GCC_WARN_UNINITIALIZED_AUTOS = YES;
				GCC_WARN_UNUSED_VARIABLE = YES;
				IPHONEOS_DEPLOYMENT_TARGET = 6.0;
				SDKROOT = iphoneos;
			};
			name = Debug;
		};
		E6EA83851615EE6000F8B8C3 /* Release */ = {
			isa = XCBuildConfiguration;
			buildSettings = {
				ALWAYS_SEARCH_USER_PATHS = NO;
				CLANG_CXX_LANGUAGE_STANDARD = "gnu++0x";
				CLANG_CXX_LIBRARY = "libc++";
				CLANG_WARN_EMPTY_BODY = YES;
				CLANG_WARN__DUPLICATE_METHOD_MATCH = YES;
				"CODE_SIGN_IDENTITY[sdk=iphoneos*]" = "iPhone Developer";
				COPY_PHASE_STRIP = YES;
				GCC_C_LANGUAGE_STANDARD = gnu99;
				GCC_WARN_ABOUT_RETURN_TYPE = YES;
				GCC_WARN_UNINITIALIZED_AUTOS = YES;
				GCC_WARN_UNUSED_VARIABLE = YES;
				IPHONEOS_DEPLOYMENT_TARGET = 6.0;
				OTHER_CFLAGS = "-DNS_BLOCK_ASSERTIONS=1";
				SDKROOT = iphoneos;
				VALIDATE_PRODUCT = YES;
			};
			name = Release;
		};
		E6EA83871615EE6000F8B8C3 /* Debug */ = {
			isa = XCBuildConfiguration;
			buildSettings = {
				GCC_PRECOMPILE_PREFIX_HEADER = YES;
				GCC_PREFIX_HEADER = "TableViewFactory/TableViewFactory-Prefix.pch";
				INFOPLIST_FILE = "TableViewFactory/TableViewFactory-Info.plist";
				PRODUCT_NAME = "$(TARGET_NAME)";
				WRAPPER_EXTENSION = app;
			};
			name = Debug;
		};
		E6EA83881615EE6000F8B8C3 /* Release */ = {
			isa = XCBuildConfiguration;
			buildSettings = {
				GCC_PRECOMPILE_PREFIX_HEADER = YES;
				GCC_PREFIX_HEADER = "TableViewFactory/TableViewFactory-Prefix.pch";
				INFOPLIST_FILE = "TableViewFactory/TableViewFactory-Info.plist";
				PRODUCT_NAME = "$(TARGET_NAME)";
				WRAPPER_EXTENSION = app;
			};
			name = Release;
		};
/* End XCBuildConfiguration section */

/* Begin XCConfigurationList section */
		E6EA835C1615EE6000F8B8C3 /* Build configuration list for PBXProject "TableViewFactory" */ = {
			isa = XCConfigurationList;
			buildConfigurations = (
				E6EA83841615EE6000F8B8C3 /* Debug */,
				E6EA83851615EE6000F8B8C3 /* Release */,
			);
			defaultConfigurationIsVisible = 0;
			defaultConfigurationName = Release;
		};
		E6EA83861615EE6000F8B8C3 /* Build configuration list for PBXNativeTarget "TableViewFactory" */ = {
			isa = XCConfigurationList;
			buildConfigurations = (
				E6EA83871615EE6000F8B8C3 /* Debug */,
				E6EA83881615EE6000F8B8C3 /* Release */,
			);
			defaultConfigurationIsVisible = 0;
			defaultConfigurationName = Release;
		};
/* End XCConfigurationList section */
	};
	rootObject = E6EA83591615EE6000F8B8C3 /* Project object */;
}
