// !$*UTF8*$!
{
	archiveVersion = 1;
	classes = {
	};
	objectVersion = 46;
	objects = {

/* Begin PBXBuildFile section */
		9A08A9B41B8A23A100877C62 /* DTTableViewManager.h in Headers */ = {isa = PBXBuildFile; fileRef = 9A08A9AC1B8A23A100877C62 /* DTTableViewManager.h */; settings = {ATTRIBUTES = (Public, ); }; };
		9A08A9B51B8A23A100877C62 /* DTTableViewManager.swift in Sources */ = {isa = PBXBuildFile; fileRef = 9A08A9AD1B8A23A100877C62 /* DTTableViewManager.swift */; };
		9A08A9B61B8A23A100877C62 /* TableViewCellFactory.swift in Sources */ = {isa = PBXBuildFile; fileRef = 9A08A9AE1B8A23A100877C62 /* TableViewCellFactory.swift */; };
		9A08A9B71B8A23A100877C62 /* TableViewConfiguration.swift in Sources */ = {isa = PBXBuildFile; fileRef = 9A08A9AF1B8A23A100877C62 /* TableViewConfiguration.swift */; };
		9A08A9B81B8A23A100877C62 /* TableViewReaction.swift in Sources */ = {isa = PBXBuildFile; fileRef = 9A08A9B01B8A23A100877C62 /* TableViewReaction.swift */; };
		9A08A9B91B8A23A100877C62 /* UIView+XibLoading.swift in Sources */ = {isa = PBXBuildFile; fileRef = 9A08A9B21B8A23A100877C62 /* UIView+XibLoading.swift */; };
		9A08A9BA1B8A23A100877C62 /* ViewModelMapping.swift in Sources */ = {isa = PBXBuildFile; fileRef = 9A08A9B31B8A23A100877C62 /* ViewModelMapping.swift */; };
		9A1663EB1B5A63CA00B2C3C8 /* FixtureViews.swift in Sources */ = {isa = PBXBuildFile; fileRef = 9A1663EA1B5A63CA00B2C3C8 /* FixtureViews.swift */; };
		9A1663ED1B5A68B200B2C3C8 /* NibView.xib in Resources */ = {isa = PBXBuildFile; fileRef = 9A1663EC1B5A68B200B2C3C8 /* NibView.xib */; };
		9A1663EF1B5A68BE00B2C3C8 /* NibHeaderFooterView.xib in Resources */ = {isa = PBXBuildFile; fileRef = 9A1663EE1B5A68BE00B2C3C8 /* NibHeaderFooterView.xib */; };
		9A1A499D1B54527E0006610B /* CreationTestCase.swift in Sources */ = {isa = PBXBuildFile; fileRef = 9A1A499C1B54527E0006610B /* CreationTestCase.swift */; };
		9A1A49A31B5455820006610B /* XibTableViewController.swift in Sources */ = {isa = PBXBuildFile; fileRef = 9A1A49A11B5455820006610B /* XibTableViewController.swift */; };
		9A1A49A41B5455820006610B /* XibTableViewController.xib in Resources */ = {isa = PBXBuildFile; fileRef = 9A1A49A21B5455820006610B /* XibTableViewController.xib */; };
		9A1C66781B8660D600B3DEE0 /* Nimble.framework in Frameworks */ = {isa = PBXBuildFile; fileRef = 9A1C66771B8660D600B3DEE0 /* Nimble.framework */; };
		9A1C667A1B86619900B3DEE0 /* Nimble.framework in CopyFiles */ = {isa = PBXBuildFile; fileRef = 9A1C66771B8660D600B3DEE0 /* Nimble.framework */; settings = {ATTRIBUTES = (CodeSignOnCopy, RemoveHeadersOnCopy, ); }; };
		9A1C66801B8672B500B3DEE0 /* TableViewManageableProtocolExtensionTestCase.swift in Sources */ = {isa = PBXBuildFile; fileRef = 9A1C667F1B8672B500B3DEE0 /* TableViewManageableProtocolExtensionTestCase.swift */; };
		9A244A1E1B6134B0007E4FAA /* ReactingHeaderFooters.swift in Sources */ = {isa = PBXBuildFile; fileRef = 9A244A1D1B6134B0007E4FAA /* ReactingHeaderFooters.swift */; };
		9A2A32231B88E3E600C535A0 /* DTModelStorage.framework in CopyFiles */ = {isa = PBXBuildFile; fileRef = 9A36C7E31B6180660077FAFD /* DTModelStorage.framework */; settings = {ATTRIBUTES = (CodeSignOnCopy, RemoveHeadersOnCopy, ); }; };
		9A36C7E81B61807F0077FAFD /* DTModelStorage.framework in Frameworks */ = {isa = PBXBuildFile; fileRef = 9A36C7E31B6180660077FAFD /* DTModelStorage.framework */; };
		9A41FBDB1B8A176300508207 /* BankCell.xib in Resources */ = {isa = PBXBuildFile; fileRef = 9A41FBDA1B8A176300508207 /* BankCell.xib */; };
		9A41FBE01B8A17C400508207 /* Banks.json in Resources */ = {isa = PBXBuildFile; fileRef = 9A41FBDF1B8A17C400508207 /* Banks.json */; };
		9A41FBE31B8A17E700508207 /* mochaGrunge.png in Resources */ = {isa = PBXBuildFile; fileRef = 9A41FBE11B8A17E700508207 /* mochaGrunge.png */; };
		9A41FBE41B8A17E700508207 /* textured_paper.png in Resources */ = {isa = PBXBuildFile; fileRef = 9A41FBE21B8A17E700508207 /* textured_paper.png */; };
		9A41FBE71B8A181300508207 /* Banks.xcdatamodeld in Sources */ = {isa = PBXBuildFile; fileRef = 9A41FBE51B8A181300508207 /* Banks.xcdatamodeld */; };
		9A4EB0151B88E48F006C2B8D /* DTModelStorage.framework in Frameworks */ = {isa = PBXBuildFile; fileRef = 9A4EB0141B88E48F006C2B8D /* DTModelStorage.framework */; };
		9A5292041B5D3DAC00DC8528 /* DTTableViewManager.framework in Frameworks */ = {isa = PBXBuildFile; fileRef = 9A2A38BC1AEE285E0021E97D /* DTTableViewManager.framework */; };
		9A52DD6B1B5A99F30048F535 /* DatasourceTestCase.swift in Sources */ = {isa = PBXBuildFile; fileRef = 9A52DD6A1B5A99F30048F535 /* DatasourceTestCase.swift */; };
		9A71EDC01B61481300047DE0 /* ReactingHeaderFooterView.xib in Resources */ = {isa = PBXBuildFile; fileRef = 9A71EDBF1B61481300047DE0 /* ReactingHeaderFooterView.xib */; };
		9A75CEC11B55AE6F007FB06C /* MappingTestCase.swift in Sources */ = {isa = PBXBuildFile; fileRef = 9A75CEC01B55AE6F007FB06C /* MappingTestCase.swift */; };
		9A75CEC41B55AF68007FB06C /* TableViewController+UnitTests.swift in Sources */ = {isa = PBXBuildFile; fileRef = 9A75CEC31B55AF68007FB06C /* TableViewController+UnitTests.swift */; };
		9A75CEC71B55B2E2007FB06C /* FixtureCells.swift in Sources */ = {isa = PBXBuildFile; fileRef = 9A75CEC61B55B2E2007FB06C /* FixtureCells.swift */; };
		9A75CEC91B55B43B007FB06C /* NSIndexPath+Constructor.swift in Sources */ = {isa = PBXBuildFile; fileRef = 9A75CEC81B55B43B007FB06C /* NSIndexPath+Constructor.swift */; };
		9A952DFF1B567BE900B9255E /* NibCell.xib in Resources */ = {isa = PBXBuildFile; fileRef = 9A952DFC1B567BE900B9255E /* NibCell.xib */; };
		9A952E041B56832100B9255E /* RandomNibNameCell.xib in Resources */ = {isa = PBXBuildFile; fileRef = 9A952E021B56832100B9255E /* RandomNibNameCell.xib */; };
		9A9793B31B5BDA7A00908C72 /* ReactingTableCell.swift in Sources */ = {isa = PBXBuildFile; fileRef = 9A9793B21B5BDA7A00908C72 /* ReactingTableCell.swift */; };
		9A9793B51B5BDB4400908C72 /* ReactingToEventsTestCase.swift in Sources */ = {isa = PBXBuildFile; fileRef = 9A9793B41B5BDB4400908C72 /* ReactingToEventsTestCase.swift */; };
		9A9B17071B65771600D8ABD3 /* AppDelegate.swift in Sources */ = {isa = PBXBuildFile; fileRef = 9A9B17061B65771600D8ABD3 /* AppDelegate.swift */; };
		9A9B170E1B65771600D8ABD3 /* Main.storyboard in Resources */ = {isa = PBXBuildFile; fileRef = 9A9B170C1B65771600D8ABD3 /* Main.storyboard */; };
		9A9B17101B65771600D8ABD3 /* Images.xcassets in Resources */ = {isa = PBXBuildFile; fileRef = 9A9B170F1B65771600D8ABD3 /* Images.xcassets */; };
		9A9B17131B65771600D8ABD3 /* LaunchScreen.xib in Resources */ = {isa = PBXBuildFile; fileRef = 9A9B17111B65771600D8ABD3 /* LaunchScreen.xib */; };
		9A9B17261B65772E00D8ABD3 /* DTTableViewManager.framework in Frameworks */ = {isa = PBXBuildFile; fileRef = 9A2A38BC1AEE285E0021E97D /* DTTableViewManager.framework */; };
		9A9B17271B65772E00D8ABD3 /* DTModelStorage.framework in Frameworks */ = {isa = PBXBuildFile; fileRef = 9A36C7E31B6180660077FAFD /* DTModelStorage.framework */; };
		9ABE07401B85FC8400636D78 /* CoreDataSearchViewController.swift in Sources */ = {isa = PBXBuildFile; fileRef = 9ABE073F1B85FC8400636D78 /* CoreDataSearchViewController.swift */; };
		9ABE07421B85FCCC00636D78 /* CoreDataManager.swift in Sources */ = {isa = PBXBuildFile; fileRef = 9ABE07411B85FCCC00636D78 /* CoreDataManager.swift */; };
		9ABE07451B85FE4E00636D78 /* Bank.swift in Sources */ = {isa = PBXBuildFile; fileRef = 9ABE07441B85FE4E00636D78 /* Bank.swift */; };
		9ABE074D1B861BCF00636D78 /* BankCell.swift in Sources */ = {isa = PBXBuildFile; fileRef = 9ABE074B1B86074900636D78 /* BankCell.swift */; };
		9AD9D9DF1B6EB2F700AD49AC /* AddRemoveViewController.swift in Sources */ = {isa = PBXBuildFile; fileRef = 9AD9D9DE1B6EB2F700AD49AC /* AddRemoveViewController.swift */; };
		9AD9D9E21B6EB3C700AD49AC /* StringCell.swift in Sources */ = {isa = PBXBuildFile; fileRef = 9AD9D9E11B6EB3C700AD49AC /* StringCell.swift */; };
		9AD9D9E41B6EB8AB00AD49AC /* ReorderViewController.swift in Sources */ = {isa = PBXBuildFile; fileRef = 9AD9D9E31B6EB8AB00AD49AC /* ReorderViewController.swift */; };
		9AD9D9E91B6EBD7D00AD49AC /* CustomViewsController.swift in Sources */ = {isa = PBXBuildFile; fileRef = 9AD9D9E81B6EBD7D00AD49AC /* CustomViewsController.swift */; };
		9AD9D9ED1B6EBEAD00AD49AC /* CustomStringCell.swift in Sources */ = {isa = PBXBuildFile; fileRef = 9AD9D9EB1B6EBEAD00AD49AC /* CustomStringCell.swift */; };
		9AD9D9EE1B6EBEAD00AD49AC /* CustomStringCell.xib in Resources */ = {isa = PBXBuildFile; fileRef = 9AD9D9EC1B6EBEAD00AD49AC /* CustomStringCell.xib */; };
		9AD9D9F01B6EBF7700AD49AC /* CustomHeaderFooterView.swift in Sources */ = {isa = PBXBuildFile; fileRef = 9AD9D9EF1B6EBF7700AD49AC /* CustomHeaderFooterView.swift */; };
		9AD9D9F21B6EBF8800AD49AC /* CustomHeaderFooterView.xib in Resources */ = {isa = PBXBuildFile; fileRef = 9AD9D9F11B6EBF8800AD49AC /* CustomHeaderFooterView.xib */; };
		9ADA632F1B888DC60060B2C0 /* DTTestTableViewController.swift in Sources */ = {isa = PBXBuildFile; fileRef = 9ADA632E1B888DC60060B2C0 /* DTTestTableViewController.swift */; };
		9ADA63331B88A56F0060B2C0 /* TableViewController.swift in Sources */ = {isa = PBXBuildFile; fileRef = 9ADA63321B88A56F0060B2C0 /* TableViewController.swift */; };
		9AF931551B5936A800456503 /* OptionalCells.swift in Sources */ = {isa = PBXBuildFile; fileRef = 9AF931541B5936A800456503 /* OptionalCells.swift */; };
/* End PBXBuildFile section */

/* Begin PBXContainerItemProxy section */
		9A1A499E1B5452FA0006610B /* PBXContainerItemProxy */ = {
			isa = PBXContainerItemProxy;
			containerPortal = E6EA83591615EE6000F8B8C3 /* Project object */;
			proxyType = 1;
			remoteGlobalIDString = 9A2A38BB1AEE285E0021E97D;
			remoteInfo = DTTableViewManager;
		};
		9A36C7E01B6180660077FAFD /* PBXContainerItemProxy */ = {
			isa = PBXContainerItemProxy;
			containerPortal = 9A36C7DA1B6180660077FAFD /* DTModelStorageTests.xcodeproj */;
			proxyType = 2;
			remoteGlobalIDString = 9A7D5BAB19D860700083673D;
			remoteInfo = XCTests;
		};
		9A36C7E21B6180660077FAFD /* PBXContainerItemProxy */ = {
			isa = PBXContainerItemProxy;
			containerPortal = 9A36C7DA1B6180660077FAFD /* DTModelStorageTests.xcodeproj */;
			proxyType = 2;
			remoteGlobalIDString = 9A2A385B1AEE24340021E97D;
			remoteInfo = ModelStorage;
		};
		9A36C7E61B6180750077FAFD /* PBXContainerItemProxy */ = {
			isa = PBXContainerItemProxy;
			containerPortal = 9A36C7DA1B6180660077FAFD /* DTModelStorageTests.xcodeproj */;
			proxyType = 1;
			remoteGlobalIDString = 9A2A385A1AEE24340021E97D;
			remoteInfo = ModelStorage;
		};
		9A9B17281B65773500D8ABD3 /* PBXContainerItemProxy */ = {
			isa = PBXContainerItemProxy;
			containerPortal = 9A36C7DA1B6180660077FAFD /* DTModelStorageTests.xcodeproj */;
			proxyType = 1;
			remoteGlobalIDString = 9A2A385A1AEE24340021E97D;
			remoteInfo = ModelStorage;
		};
		9A9B172A1B65773800D8ABD3 /* PBXContainerItemProxy */ = {
			isa = PBXContainerItemProxy;
			containerPortal = E6EA83591615EE6000F8B8C3 /* Project object */;
			proxyType = 1;
			remoteGlobalIDString = 9A2A38BB1AEE285E0021E97D;
			remoteInfo = DTTableViewManager;
		};
/* End PBXContainerItemProxy section */

/* Begin PBXCopyFilesBuildPhase section */
		9A1C66791B86618F00B3DEE0 /* CopyFiles */ = {
			isa = PBXCopyFilesBuildPhase;
			buildActionMask = 2147483647;
			dstPath = "";
			dstSubfolderSpec = 10;
			files = (
				9A2A32231B88E3E600C535A0 /* DTModelStorage.framework in CopyFiles */,
				9A1C667A1B86619900B3DEE0 /* Nimble.framework in CopyFiles */,
			);
			runOnlyForDeploymentPostprocessing = 0;
		};
/* End PBXCopyFilesBuildPhase section */

/* Begin PBXFileReference section */
		95BCE72F1792C7B300526954 /* Default-568h@2x.png */ = {isa = PBXFileReference; lastKnownFileType = image.png; path = "Default-568h@2x.png"; sourceTree = "<group>"; };
		9A08A9AC1B8A23A100877C62 /* DTTableViewManager.h */ = {isa = PBXFileReference; fileEncoding = 4; lastKnownFileType = sourcecode.c.h; path = DTTableViewManager.h; sourceTree = "<group>"; };
		9A08A9AD1B8A23A100877C62 /* DTTableViewManager.swift */ = {isa = PBXFileReference; fileEncoding = 4; lastKnownFileType = sourcecode.swift; path = DTTableViewManager.swift; sourceTree = "<group>"; };
		9A08A9AE1B8A23A100877C62 /* TableViewCellFactory.swift */ = {isa = PBXFileReference; fileEncoding = 4; lastKnownFileType = sourcecode.swift; path = TableViewCellFactory.swift; sourceTree = "<group>"; };
		9A08A9AF1B8A23A100877C62 /* TableViewConfiguration.swift */ = {isa = PBXFileReference; fileEncoding = 4; lastKnownFileType = sourcecode.swift; path = TableViewConfiguration.swift; sourceTree = "<group>"; };
		9A08A9B01B8A23A100877C62 /* TableViewReaction.swift */ = {isa = PBXFileReference; fileEncoding = 4; lastKnownFileType = sourcecode.swift; path = TableViewReaction.swift; sourceTree = "<group>"; };
		9A08A9B21B8A23A100877C62 /* UIView+XibLoading.swift */ = {isa = PBXFileReference; fileEncoding = 4; lastKnownFileType = sourcecode.swift; path = "UIView+XibLoading.swift"; sourceTree = "<group>"; };
		9A08A9B31B8A23A100877C62 /* ViewModelMapping.swift */ = {isa = PBXFileReference; fileEncoding = 4; lastKnownFileType = sourcecode.swift; path = ViewModelMapping.swift; sourceTree = "<group>"; };
		9A1663EA1B5A63CA00B2C3C8 /* FixtureViews.swift */ = {isa = PBXFileReference; fileEncoding = 4; lastKnownFileType = sourcecode.swift; name = FixtureViews.swift; path = Fixtures/FixtureViews.swift; sourceTree = "<group>"; };
		9A1663EC1B5A68B200B2C3C8 /* NibView.xib */ = {isa = PBXFileReference; fileEncoding = 4; lastKnownFileType = file.xib; name = NibView.xib; path = Fixtures/NibView.xib; sourceTree = "<group>"; };
		9A1663EE1B5A68BE00B2C3C8 /* NibHeaderFooterView.xib */ = {isa = PBXFileReference; fileEncoding = 4; lastKnownFileType = file.xib; name = NibHeaderFooterView.xib; path = Fixtures/NibHeaderFooterView.xib; sourceTree = "<group>"; };
		9A1A499C1B54527E0006610B /* CreationTestCase.swift */ = {isa = PBXFileReference; fileEncoding = 4; lastKnownFileType = sourcecode.swift; path = CreationTestCase.swift; sourceTree = "<group>"; };
		9A1A49A11B5455820006610B /* XibTableViewController.swift */ = {isa = PBXFileReference; fileEncoding = 4; lastKnownFileType = sourcecode.swift; name = XibTableViewController.swift; path = Fixtures/XibTableViewController.swift; sourceTree = "<group>"; };
		9A1A49A21B5455820006610B /* XibTableViewController.xib */ = {isa = PBXFileReference; fileEncoding = 4; lastKnownFileType = file.xib; name = XibTableViewController.xib; path = Fixtures/XibTableViewController.xib; sourceTree = "<group>"; };
		9A1C66771B8660D600B3DEE0 /* Nimble.framework */ = {isa = PBXFileReference; lastKnownFileType = wrapper.framework; name = Nimble.framework; path = ../Carthage/Build/iOS/Nimble.framework; sourceTree = "<group>"; };
		9A1C667F1B8672B500B3DEE0 /* TableViewManageableProtocolExtensionTestCase.swift */ = {isa = PBXFileReference; fileEncoding = 4; lastKnownFileType = sourcecode.swift; path = TableViewManageableProtocolExtensionTestCase.swift; sourceTree = "<group>"; };
		9A244A1D1B6134B0007E4FAA /* ReactingHeaderFooters.swift */ = {isa = PBXFileReference; fileEncoding = 4; lastKnownFileType = sourcecode.swift; name = ReactingHeaderFooters.swift; path = Fixtures/ReactingHeaderFooters.swift; sourceTree = "<group>"; };
		9A2A38BC1AEE285E0021E97D /* DTTableViewManager.framework */ = {isa = PBXFileReference; explicitFileType = wrapper.framework; includeInIndex = 0; path = DTTableViewManager.framework; sourceTree = BUILT_PRODUCTS_DIR; };
		9A2A38BF1AEE285E0021E97D /* Info.plist */ = {isa = PBXFileReference; lastKnownFileType = text.plist.xml; path = Info.plist; sourceTree = "<group>"; };
		9A36C7DA1B6180660077FAFD /* DTModelStorageTests.xcodeproj */ = {isa = PBXFileReference; lastKnownFileType = "wrapper.pb-project"; name = DTModelStorageTests.xcodeproj; path = ../Carthage/Checkouts/DTModelStorage/DTModelStorageTests/DTModelStorageTests.xcodeproj; sourceTree = "<group>"; };
		9A41FBDA1B8A176300508207 /* BankCell.xib */ = {isa = PBXFileReference; fileEncoding = 4; lastKnownFileType = file.xib; name = BankCell.xib; path = Cells/BankCell.xib; sourceTree = "<group>"; };
		9A41FBDF1B8A17C400508207 /* Banks.json */ = {isa = PBXFileReference; fileEncoding = 4; lastKnownFileType = text.json; name = Banks.json; path = "Example controllers/Search/Banks.json"; sourceTree = "<group>"; };
		9A41FBE11B8A17E700508207 /* mochaGrunge.png */ = {isa = PBXFileReference; lastKnownFileType = image.png; name = mochaGrunge.png; path = Resources/mochaGrunge.png; sourceTree = "<group>"; };
		9A41FBE21B8A17E700508207 /* textured_paper.png */ = {isa = PBXFileReference; lastKnownFileType = image.png; name = textured_paper.png; path = Resources/textured_paper.png; sourceTree = "<group>"; };
		9A41FBE61B8A181300508207 /* Banks.xcdatamodel */ = {isa = PBXFileReference; lastKnownFileType = wrapper.xcdatamodel; path = Banks.xcdatamodel; sourceTree = "<group>"; };
		9A4EB0141B88E48F006C2B8D /* DTModelStorage.framework */ = {isa = PBXFileReference; lastKnownFileType = wrapper.framework; name = DTModelStorage.framework; path = /Users/Denys/Projects/DTTableViewManager/Carthage/Checkouts/DTModelStorage/DTModelStorageTests/../../../Build/iOS/DTModelStorage.framework; sourceTree = "<absolute>"; };
		9A52DD6A1B5A99F30048F535 /* DatasourceTestCase.swift */ = {isa = PBXFileReference; fileEncoding = 4; lastKnownFileType = sourcecode.swift; path = DatasourceTestCase.swift; sourceTree = "<group>"; };
		9A71EDBF1B61481300047DE0 /* ReactingHeaderFooterView.xib */ = {isa = PBXFileReference; fileEncoding = 4; lastKnownFileType = file.xib; name = ReactingHeaderFooterView.xib; path = Fixtures/ReactingHeaderFooterView.xib; sourceTree = "<group>"; };
		9A75CEC01B55AE6F007FB06C /* MappingTestCase.swift */ = {isa = PBXFileReference; fileEncoding = 4; lastKnownFileType = sourcecode.swift; path = MappingTestCase.swift; sourceTree = "<group>"; };
		9A75CEC31B55AF68007FB06C /* TableViewController+UnitTests.swift */ = {isa = PBXFileReference; fileEncoding = 4; lastKnownFileType = sourcecode.swift; path = "TableViewController+UnitTests.swift"; sourceTree = "<group>"; };
		9A75CEC61B55B2E2007FB06C /* FixtureCells.swift */ = {isa = PBXFileReference; fileEncoding = 4; lastKnownFileType = sourcecode.swift; name = FixtureCells.swift; path = Fixtures/FixtureCells.swift; sourceTree = "<group>"; };
		9A75CEC81B55B43B007FB06C /* NSIndexPath+Constructor.swift */ = {isa = PBXFileReference; fileEncoding = 4; lastKnownFileType = sourcecode.swift; path = "NSIndexPath+Constructor.swift"; sourceTree = "<group>"; };
		9A88F5A819EAC683008436C9 /* Images.xcassets */ = {isa = PBXFileReference; lastKnownFileType = folder.assetcatalog; name = Images.xcassets; path = Example/Images.xcassets; sourceTree = "<group>"; };
		9A952DFC1B567BE900B9255E /* NibCell.xib */ = {isa = PBXFileReference; fileEncoding = 4; lastKnownFileType = file.xib; name = NibCell.xib; path = Fixtures/NibCell.xib; sourceTree = "<group>"; };
		9A952E021B56832100B9255E /* RandomNibNameCell.xib */ = {isa = PBXFileReference; fileEncoding = 4; lastKnownFileType = file.xib; name = RandomNibNameCell.xib; path = Fixtures/RandomNibNameCell.xib; sourceTree = "<group>"; };
		9A9793B21B5BDA7A00908C72 /* ReactingTableCell.swift */ = {isa = PBXFileReference; fileEncoding = 4; lastKnownFileType = sourcecode.swift; name = ReactingTableCell.swift; path = Fixtures/ReactingTableCell.swift; sourceTree = "<group>"; };
		9A9793B41B5BDB4400908C72 /* ReactingToEventsTestCase.swift */ = {isa = PBXFileReference; fileEncoding = 4; lastKnownFileType = sourcecode.swift; path = ReactingToEventsTestCase.swift; sourceTree = "<group>"; };
		9A9B17021B65771600D8ABD3 /* Example.app */ = {isa = PBXFileReference; explicitFileType = wrapper.application; includeInIndex = 0; path = Example.app; sourceTree = BUILT_PRODUCTS_DIR; };
		9A9B17051B65771600D8ABD3 /* Info.plist */ = {isa = PBXFileReference; lastKnownFileType = text.plist.xml; path = Info.plist; sourceTree = "<group>"; };
		9A9B17061B65771600D8ABD3 /* AppDelegate.swift */ = {isa = PBXFileReference; lastKnownFileType = sourcecode.swift; path = AppDelegate.swift; sourceTree = "<group>"; };
		9A9B170D1B65771600D8ABD3 /* Base */ = {isa = PBXFileReference; lastKnownFileType = file.storyboard; name = Base; path = Base.lproj/Main.storyboard; sourceTree = "<group>"; };
		9A9B170F1B65771600D8ABD3 /* Images.xcassets */ = {isa = PBXFileReference; lastKnownFileType = folder.assetcatalog; path = Images.xcassets; sourceTree = "<group>"; };
		9A9B17121B65771600D8ABD3 /* Base */ = {isa = PBXFileReference; lastKnownFileType = file.xib; name = Base; path = Base.lproj/LaunchScreen.xib; sourceTree = "<group>"; };
		9ABE073F1B85FC8400636D78 /* CoreDataSearchViewController.swift */ = {isa = PBXFileReference; fileEncoding = 4; lastKnownFileType = sourcecode.swift; name = CoreDataSearchViewController.swift; path = "Example controllers/Search/CoreDataSearchViewController.swift"; sourceTree = "<group>"; };
		9ABE07411B85FCCC00636D78 /* CoreDataManager.swift */ = {isa = PBXFileReference; fileEncoding = 4; lastKnownFileType = sourcecode.swift; path = CoreDataManager.swift; sourceTree = "<group>"; };
		9ABE07441B85FE4E00636D78 /* Bank.swift */ = {isa = PBXFileReference; fileEncoding = 4; lastKnownFileType = sourcecode.swift; name = Bank.swift; path = CoreData/Bank.swift; sourceTree = "<group>"; };
		9ABE074B1B86074900636D78 /* BankCell.swift */ = {isa = PBXFileReference; fileEncoding = 4; lastKnownFileType = sourcecode.swift; name = BankCell.swift; path = "Example controllers/Search/BankCell.swift"; sourceTree = "<group>"; };
		9AD9D9DE1B6EB2F700AD49AC /* AddRemoveViewController.swift */ = {isa = PBXFileReference; fileEncoding = 4; lastKnownFileType = sourcecode.swift; name = AddRemoveViewController.swift; path = "Example controllers/AddRemoveViewController.swift"; sourceTree = "<group>"; };
		9AD9D9E11B6EB3C700AD49AC /* StringCell.swift */ = {isa = PBXFileReference; fileEncoding = 4; lastKnownFileType = sourcecode.swift; name = StringCell.swift; path = Cells/StringCell.swift; sourceTree = "<group>"; };
		9AD9D9E31B6EB8AB00AD49AC /* ReorderViewController.swift */ = {isa = PBXFileReference; fileEncoding = 4; lastKnownFileType = sourcecode.swift; name = ReorderViewController.swift; path = "Example controllers/ReorderViewController.swift"; sourceTree = "<group>"; };
		9AD9D9E81B6EBD7D00AD49AC /* CustomViewsController.swift */ = {isa = PBXFileReference; fileEncoding = 4; lastKnownFileType = sourcecode.swift; name = CustomViewsController.swift; path = "Example controllers/CustomViewsController.swift"; sourceTree = "<group>"; };
		9AD9D9EB1B6EBEAD00AD49AC /* CustomStringCell.swift */ = {isa = PBXFileReference; fileEncoding = 4; lastKnownFileType = sourcecode.swift; name = CustomStringCell.swift; path = Cells/CustomStringCell.swift; sourceTree = "<group>"; };
		9AD9D9EC1B6EBEAD00AD49AC /* CustomStringCell.xib */ = {isa = PBXFileReference; fileEncoding = 4; lastKnownFileType = file.xib; name = CustomStringCell.xib; path = Cells/CustomStringCell.xib; sourceTree = "<group>"; };
		9AD9D9EF1B6EBF7700AD49AC /* CustomHeaderFooterView.swift */ = {isa = PBXFileReference; fileEncoding = 4; lastKnownFileType = sourcecode.swift; name = CustomHeaderFooterView.swift; path = "Headers:Footers/CustomHeaderFooterView.swift"; sourceTree = "<group>"; };
		9AD9D9F11B6EBF8800AD49AC /* CustomHeaderFooterView.xib */ = {isa = PBXFileReference; fileEncoding = 4; lastKnownFileType = file.xib; name = CustomHeaderFooterView.xib; path = "Headers:Footers/CustomHeaderFooterView.xib"; sourceTree = "<group>"; };
		9ADA632E1B888DC60060B2C0 /* DTTestTableViewController.swift */ = {isa = PBXFileReference; fileEncoding = 4; lastKnownFileType = sourcecode.swift; path = DTTestTableViewController.swift; sourceTree = "<group>"; };
		9ADA63321B88A56F0060B2C0 /* TableViewController.swift */ = {isa = PBXFileReference; fileEncoding = 4; lastKnownFileType = sourcecode.swift; name = TableViewController.swift; path = "Example controllers/TableViewController.swift"; sourceTree = "<group>"; };
		9AF0031A1A5ABE7000ABFC90 /* XCTests.xctest */ = {isa = PBXFileReference; explicitFileType = wrapper.cfbundle; includeInIndex = 0; path = XCTests.xctest; sourceTree = BUILT_PRODUCTS_DIR; };
		9AF0031D1A5ABE7000ABFC90 /* Info.plist */ = {isa = PBXFileReference; lastKnownFileType = text.plist.xml; path = Info.plist; sourceTree = "<group>"; };
		9AF931541B5936A800456503 /* OptionalCells.swift */ = {isa = PBXFileReference; fileEncoding = 4; lastKnownFileType = sourcecode.swift; name = OptionalCells.swift; path = Fixtures/OptionalCells.swift; sourceTree = "<group>"; };
/* End PBXFileReference section */

/* Begin PBXFrameworksBuildPhase section */
		9A2A38B81AEE285E0021E97D /* Frameworks */ = {
			isa = PBXFrameworksBuildPhase;
			buildActionMask = 2147483647;
			files = (
				9A36C7E81B61807F0077FAFD /* DTModelStorage.framework in Frameworks */,
			);
			runOnlyForDeploymentPostprocessing = 0;
		};
		9A9B16FF1B65771600D8ABD3 /* Frameworks */ = {
			isa = PBXFrameworksBuildPhase;
			buildActionMask = 2147483647;
			files = (
				9A9B17261B65772E00D8ABD3 /* DTTableViewManager.framework in Frameworks */,
				9A9B17271B65772E00D8ABD3 /* DTModelStorage.framework in Frameworks */,
			);
			runOnlyForDeploymentPostprocessing = 0;
		};
		9AF003171A5ABE7000ABFC90 /* Frameworks */ = {
			isa = PBXFrameworksBuildPhase;
			buildActionMask = 2147483647;
			files = (
				9A1C66781B8660D600B3DEE0 /* Nimble.framework in Frameworks */,
				9A4EB0151B88E48F006C2B8D /* DTModelStorage.framework in Frameworks */,
				9A5292041B5D3DAC00DC8528 /* DTTableViewManager.framework in Frameworks */,
			);
			runOnlyForDeploymentPostprocessing = 0;
		};
/* End PBXFrameworksBuildPhase section */

/* Begin PBXGroup section */
		9A08A9AB1B8A23A100877C62 /* DTTableViewManager */ = {
			isa = PBXGroup;
			children = (
				9A08A9AC1B8A23A100877C62 /* DTTableViewManager.h */,
				9A08A9AD1B8A23A100877C62 /* DTTableViewManager.swift */,
				9A08A9AE1B8A23A100877C62 /* TableViewCellFactory.swift */,
				9A08A9AF1B8A23A100877C62 /* TableViewConfiguration.swift */,
				9A08A9B01B8A23A100877C62 /* TableViewReaction.swift */,
				9A08A9B11B8A23A100877C62 /* Utilities */,
			);
			name = DTTableViewManager;
			path = ../DTTableViewManager;
			sourceTree = "<group>";
		};
		9A08A9B11B8A23A100877C62 /* Utilities */ = {
			isa = PBXGroup;
			children = (
				9A08A9B21B8A23A100877C62 /* UIView+XibLoading.swift */,
				9A08A9B31B8A23A100877C62 /* ViewModelMapping.swift */,
			);
			path = Utilities;
			sourceTree = "<group>";
		};
		9A1663E91B5A63BB00B2C3C8 /* Views */ = {
			isa = PBXGroup;
			children = (
				9A1663EA1B5A63CA00B2C3C8 /* FixtureViews.swift */,
				9A1663EC1B5A68B200B2C3C8 /* NibView.xib */,
				9A1663EE1B5A68BE00B2C3C8 /* NibHeaderFooterView.xib */,
			);
			name = Views;
			sourceTree = "<group>";
		};
		9A1A49A01B54555D0006610B /* Fixtures */ = {
			isa = PBXGroup;
			children = (
				9A1663E91B5A63BB00B2C3C8 /* Views */,
				9A75CEC51B55B2CA007FB06C /* Cells */,
				9A1A49A11B5455820006610B /* XibTableViewController.swift */,
				9A1A49A21B5455820006610B /* XibTableViewController.xib */,
			);
			name = Fixtures;
			sourceTree = "<group>";
		};
		9A2A38BD1AEE285E0021E97D /* DTTableViewManager */ = {
			isa = PBXGroup;
			children = (
				9A2A38BE1AEE285E0021E97D /* Supporting Files */,
			);
			path = DTTableViewManager;
			sourceTree = "<group>";
		};
		9A2A38BE1AEE285E0021E97D /* Supporting Files */ = {
			isa = PBXGroup;
			children = (
				9A2A38BF1AEE285E0021E97D /* Info.plist */,
			);
			name = "Supporting Files";
			sourceTree = "<group>";
		};
		9A30334D1B77A303000B3355 /* Search */ = {
			isa = PBXGroup;
			children = (
				9ABE073E1B85FC6C00636D78 /* CoreData */,
			);
			name = Search;
			sourceTree = "<group>";
		};
		9A36C7DB1B6180660077FAFD /* Products */ = {
			isa = PBXGroup;
			children = (
				9A36C7E11B6180660077FAFD /* XCTests.xctest */,
				9A36C7E31B6180660077FAFD /* DTModelStorage.framework */,
			);
			name = Products;
			sourceTree = "<group>";
		};
		9A5292031B5D39F200DC8528 /* Frameworks */ = {
			isa = PBXGroup;
			children = (
				9A36C7DA1B6180660077FAFD /* DTModelStorageTests.xcodeproj */,
				9A1C66771B8660D600B3DEE0 /* Nimble.framework */,
				9A4EB0141B88E48F006C2B8D /* DTModelStorage.framework */,
			);
			name = Frameworks;
			sourceTree = "<group>";
		};
		9A75CEC21B55AF52007FB06C /* Helpers */ = {
			isa = PBXGroup;
			children = (
			);
			name = Helpers;
			sourceTree = "<group>";
		};
		9A75CEC51B55B2CA007FB06C /* Cells */ = {
			isa = PBXGroup;
			children = (
				9A75CEC61B55B2E2007FB06C /* FixtureCells.swift */,
				9AF931541B5936A800456503 /* OptionalCells.swift */,
				9A952DFC1B567BE900B9255E /* NibCell.xib */,
				9A952E021B56832100B9255E /* RandomNibNameCell.xib */,
				9A9793B21B5BDA7A00908C72 /* ReactingTableCell.swift */,
				9A244A1D1B6134B0007E4FAA /* ReactingHeaderFooters.swift */,
				9A71EDBF1B61481300047DE0 /* ReactingHeaderFooterView.xib */,
			);
			name = Cells;
			sourceTree = "<group>";
		};
		9A9B17031B65771600D8ABD3 /* Example */ = {
			isa = PBXGroup;
			children = (
				9AD9D9E51B6EB96B00AD49AC /* Headers/Footers */,
				9AD9D9E01B6EB3AC00AD49AC /* Cells */,
				9AD9D9DD1B6EB2D500AD49AC /* ExampleControllers */,
				9A9B17061B65771600D8ABD3 /* AppDelegate.swift */,
				9A9B170C1B65771600D8ABD3 /* Main.storyboard */,
				9A9B170F1B65771600D8ABD3 /* Images.xcassets */,
				9A9B17111B65771600D8ABD3 /* LaunchScreen.xib */,
				9A9B17041B65771600D8ABD3 /* Supporting Files */,
			);
			path = Example;
			sourceTree = "<group>";
		};
		9A9B17041B65771600D8ABD3 /* Supporting Files */ = {
			isa = PBXGroup;
			children = (
				9A41FBE11B8A17E700508207 /* mochaGrunge.png */,
				9A41FBE21B8A17E700508207 /* textured_paper.png */,
				9A9B17051B65771600D8ABD3 /* Info.plist */,
			);
			name = "Supporting Files";
			sourceTree = "<group>";
		};
		9ABE073E1B85FC6C00636D78 /* CoreData */ = {
			isa = PBXGroup;
			children = (
				9A41FBDF1B8A17C400508207 /* Banks.json */,
				9A41FBE51B8A181300508207 /* Banks.xcdatamodeld */,
				9ABE073F1B85FC8400636D78 /* CoreDataSearchViewController.swift */,
				9ABE07411B85FCCC00636D78 /* CoreDataManager.swift */,
				9ABE07441B85FE4E00636D78 /* Bank.swift */,
				9ABE074B1B86074900636D78 /* BankCell.swift */,
			);
			name = CoreData;
			sourceTree = "<group>";
		};
		9AD9D9DD1B6EB2D500AD49AC /* ExampleControllers */ = {
			isa = PBXGroup;
			children = (
				9A30334D1B77A303000B3355 /* Search */,
				9AD9D9EA1B6EBD9F00AD49AC /* Custom views example */,
				9AD9D9DE1B6EB2F700AD49AC /* AddRemoveViewController.swift */,
				9AD9D9E31B6EB8AB00AD49AC /* ReorderViewController.swift */,
				9ADA63321B88A56F0060B2C0 /* TableViewController.swift */,
			);
			name = ExampleControllers;
			sourceTree = "<group>";
		};
		9AD9D9E01B6EB3AC00AD49AC /* Cells */ = {
			isa = PBXGroup;
			children = (
				9A41FBDA1B8A176300508207 /* BankCell.xib */,
				9AD9D9E11B6EB3C700AD49AC /* StringCell.swift */,
				9AD9D9EB1B6EBEAD00AD49AC /* CustomStringCell.swift */,
				9AD9D9EC1B6EBEAD00AD49AC /* CustomStringCell.xib */,
			);
			name = Cells;
			sourceTree = "<group>";
		};
		9AD9D9E51B6EB96B00AD49AC /* Headers/Footers */ = {
			isa = PBXGroup;
			children = (
				9AD9D9EF1B6EBF7700AD49AC /* CustomHeaderFooterView.swift */,
				9AD9D9F11B6EBF8800AD49AC /* CustomHeaderFooterView.xib */,
			);
			name = Headers/Footers;
			sourceTree = "<group>";
		};
		9AD9D9EA1B6EBD9F00AD49AC /* Custom views example */ = {
			isa = PBXGroup;
			children = (
				9AD9D9E81B6EBD7D00AD49AC /* CustomViewsController.swift */,
			);
			name = "Custom views example";
			sourceTree = "<group>";
		};
		9AF0031B1A5ABE7000ABFC90 /* XCTests */ = {
			isa = PBXGroup;
			children = (
				9A75CEC21B55AF52007FB06C /* Helpers */,
				9A75CEC31B55AF68007FB06C /* TableViewController+UnitTests.swift */,
				9A75CEC81B55B43B007FB06C /* NSIndexPath+Constructor.swift */,
				9ADA632E1B888DC60060B2C0 /* DTTestTableViewController.swift */,
				9A1A49A01B54555D0006610B /* Fixtures */,
				9A1A499C1B54527E0006610B /* CreationTestCase.swift */,
				9A75CEC01B55AE6F007FB06C /* MappingTestCase.swift */,
				9A52DD6A1B5A99F30048F535 /* DatasourceTestCase.swift */,
				9A1C667F1B8672B500B3DEE0 /* TableViewManageableProtocolExtensionTestCase.swift */,
				9A9793B41B5BDB4400908C72 /* ReactingToEventsTestCase.swift */,
				9AF0031C1A5ABE7000ABFC90 /* Supporting Files */,
			);
			path = XCTests;
			sourceTree = "<group>";
		};
		9AF0031C1A5ABE7000ABFC90 /* Supporting Files */ = {
			isa = PBXGroup;
			children = (
				9AF0031D1A5ABE7000ABFC90 /* Info.plist */,
			);
			name = "Supporting Files";
			sourceTree = "<group>";
		};
		E6EA83571615EE6000F8B8C3 = {
			isa = PBXGroup;
			children = (
				9A08A9AB1B8A23A100877C62 /* DTTableViewManager */,
				9A9B17031B65771600D8ABD3 /* Example */,
				9A5292031B5D39F200DC8528 /* Frameworks */,
				9A88F5A819EAC683008436C9 /* Images.xcassets */,
				95BCE72F1792C7B300526954 /* Default-568h@2x.png */,
				9AF0031B1A5ABE7000ABFC90 /* XCTests */,
				9A2A38BD1AEE285E0021E97D /* DTTableViewManager */,
				E6EA83631615EE6000F8B8C3 /* Products */,
			);
			sourceTree = "<group>";
		};
		E6EA83631615EE6000F8B8C3 /* Products */ = {
			isa = PBXGroup;
			children = (
				9AF0031A1A5ABE7000ABFC90 /* XCTests.xctest */,
				9A2A38BC1AEE285E0021E97D /* DTTableViewManager.framework */,
				9A9B17021B65771600D8ABD3 /* Example.app */,
			);
			name = Products;
			sourceTree = "<group>";
		};
/* End PBXGroup section */

/* Begin PBXHeadersBuildPhase section */
		9A2A38B91AEE285E0021E97D /* Headers */ = {
			isa = PBXHeadersBuildPhase;
			buildActionMask = 2147483647;
			files = (
				9A08A9B41B8A23A100877C62 /* DTTableViewManager.h in Headers */,
			);
			runOnlyForDeploymentPostprocessing = 0;
		};
/* End PBXHeadersBuildPhase section */

/* Begin PBXNativeTarget section */
		9A2A38BB1AEE285E0021E97D /* DTTableViewManager */ = {
			isa = PBXNativeTarget;
			buildConfigurationList = 9A2A38D31AEE285E0021E97D /* Build configuration list for PBXNativeTarget "DTTableViewManager" */;
			buildPhases = (
				9A2A38B71AEE285E0021E97D /* Sources */,
				9A2A38B81AEE285E0021E97D /* Frameworks */,
				9A2A38B91AEE285E0021E97D /* Headers */,
			);
			buildRules = (
			);
			dependencies = (
				9A36C7E71B6180750077FAFD /* PBXTargetDependency */,
			);
			name = DTTableViewManager;
			productName = DTTableViewManager;
			productReference = 9A2A38BC1AEE285E0021E97D /* DTTableViewManager.framework */;
			productType = "com.apple.product-type.framework";
		};
		9A9B17011B65771600D8ABD3 /* Example */ = {
			isa = PBXNativeTarget;
			buildConfigurationList = 9A9B17201B65771600D8ABD3 /* Build configuration list for PBXNativeTarget "Example" */;
			buildPhases = (
				9A9B16FE1B65771600D8ABD3 /* Sources */,
				9A9B16FF1B65771600D8ABD3 /* Frameworks */,
				9A9B17001B65771600D8ABD3 /* Resources */,
			);
			buildRules = (
			);
			dependencies = (
				9A9B172B1B65773800D8ABD3 /* PBXTargetDependency */,
				9A9B17291B65773500D8ABD3 /* PBXTargetDependency */,
			);
			name = Example;
			productName = Example;
			productReference = 9A9B17021B65771600D8ABD3 /* Example.app */;
			productType = "com.apple.product-type.application";
		};
		9AF003191A5ABE7000ABFC90 /* XCTests */ = {
			isa = PBXNativeTarget;
			buildConfigurationList = 9AF003241A5ABE7000ABFC90 /* Build configuration list for PBXNativeTarget "XCTests" */;
			buildPhases = (
				9AF003161A5ABE7000ABFC90 /* Sources */,
				9AF003171A5ABE7000ABFC90 /* Frameworks */,
				9AF003181A5ABE7000ABFC90 /* Resources */,
				9A1C66791B86618F00B3DEE0 /* CopyFiles */,
			);
			buildRules = (
			);
			dependencies = (
				9A1A499F1B5452FA0006610B /* PBXTargetDependency */,
			);
			name = XCTests;
			productName = XCTests;
			productReference = 9AF0031A1A5ABE7000ABFC90 /* XCTests.xctest */;
			productType = "com.apple.product-type.bundle.unit-test";
		};
/* End PBXNativeTarget section */

/* Begin PBXProject section */
		E6EA83591615EE6000F8B8C3 /* Project object */ = {
			isa = PBXProject;
			attributes = {
				LastSwiftUpdateCheck = 0700;
				LastUpgradeCheck = 0700;
				ORGANIZATIONNAME = "Denys Telezhkin";
				TargetAttributes = {
					9A2A38BB1AEE285E0021E97D = {
						CreatedOnToolsVersion = 6.3.1;
					};
					9A9B17011B65771600D8ABD3 = {
						CreatedOnToolsVersion = 6.4;
					};
					9AF003191A5ABE7000ABFC90 = {
						CreatedOnToolsVersion = 6.1.1;
					};
				};
			};
			buildConfigurationList = E6EA835C1615EE6000F8B8C3 /* Build configuration list for PBXProject "DTTableViewManager" */;
			compatibilityVersion = "Xcode 3.2";
			developmentRegion = English;
			hasScannedForEncodings = 0;
			knownRegions = (
				en,
				Base,
			);
			mainGroup = E6EA83571615EE6000F8B8C3;
			productRefGroup = E6EA83631615EE6000F8B8C3 /* Products */;
			projectDirPath = "";
			projectReferences = (
				{
					ProductGroup = 9A36C7DB1B6180660077FAFD /* Products */;
					ProjectRef = 9A36C7DA1B6180660077FAFD /* DTModelStorageTests.xcodeproj */;
				},
			);
			projectRoot = "";
			targets = (
				9A9B17011B65771600D8ABD3 /* Example */,
				9AF003191A5ABE7000ABFC90 /* XCTests */,
				9A2A38BB1AEE285E0021E97D /* DTTableViewManager */,
			);
		};
/* End PBXProject section */

/* Begin PBXReferenceProxy section */
		9A36C7E11B6180660077FAFD /* XCTests.xctest */ = {
			isa = PBXReferenceProxy;
			fileType = wrapper.cfbundle;
			path = XCTests.xctest;
			remoteRef = 9A36C7E01B6180660077FAFD /* PBXContainerItemProxy */;
			sourceTree = BUILT_PRODUCTS_DIR;
		};
		9A36C7E31B6180660077FAFD /* DTModelStorage.framework */ = {
			isa = PBXReferenceProxy;
			fileType = wrapper.framework;
			path = DTModelStorage.framework;
			remoteRef = 9A36C7E21B6180660077FAFD /* PBXContainerItemProxy */;
			sourceTree = BUILT_PRODUCTS_DIR;
		};
/* End PBXReferenceProxy section */

/* Begin PBXResourcesBuildPhase section */
		9A9B17001B65771600D8ABD3 /* Resources */ = {
			isa = PBXResourcesBuildPhase;
			buildActionMask = 2147483647;
			files = (
				9A41FBE41B8A17E700508207 /* textured_paper.png in Resources */,
				9AD9D9F21B6EBF8800AD49AC /* CustomHeaderFooterView.xib in Resources */,
				9A9B170E1B65771600D8ABD3 /* Main.storyboard in Resources */,
				9A9B17131B65771600D8ABD3 /* LaunchScreen.xib in Resources */,
				9A9B17101B65771600D8ABD3 /* Images.xcassets in Resources */,
				9A41FBDB1B8A176300508207 /* BankCell.xib in Resources */,
				9A41FBE01B8A17C400508207 /* Banks.json in Resources */,
				9A41FBE31B8A17E700508207 /* mochaGrunge.png in Resources */,
				9AD9D9EE1B6EBEAD00AD49AC /* CustomStringCell.xib in Resources */,
			);
			runOnlyForDeploymentPostprocessing = 0;
		};
		9AF003181A5ABE7000ABFC90 /* Resources */ = {
			isa = PBXResourcesBuildPhase;
			buildActionMask = 2147483647;
			files = (
				9A1A49A41B5455820006610B /* XibTableViewController.xib in Resources */,
				9A952DFF1B567BE900B9255E /* NibCell.xib in Resources */,
				9A952E041B56832100B9255E /* RandomNibNameCell.xib in Resources */,
				9A71EDC01B61481300047DE0 /* ReactingHeaderFooterView.xib in Resources */,
				9A1663ED1B5A68B200B2C3C8 /* NibView.xib in Resources */,
				9A1663EF1B5A68BE00B2C3C8 /* NibHeaderFooterView.xib in Resources */,
			);
			runOnlyForDeploymentPostprocessing = 0;
		};
/* End PBXResourcesBuildPhase section */

/* Begin PBXSourcesBuildPhase section */
		9A2A38B71AEE285E0021E97D /* Sources */ = {
			isa = PBXSourcesBuildPhase;
			buildActionMask = 2147483647;
			files = (
				9A08A9B61B8A23A100877C62 /* TableViewCellFactory.swift in Sources */,
				9A08A9B91B8A23A100877C62 /* UIView+XibLoading.swift in Sources */,
				9A08A9B71B8A23A100877C62 /* TableViewConfiguration.swift in Sources */,
				9A08A9BA1B8A23A100877C62 /* ViewModelMapping.swift in Sources */,
				9A08A9B81B8A23A100877C62 /* TableViewReaction.swift in Sources */,
				9A08A9B51B8A23A100877C62 /* DTTableViewManager.swift in Sources */,
			);
			runOnlyForDeploymentPostprocessing = 0;
		};
		9A9B16FE1B65771600D8ABD3 /* Sources */ = {
			isa = PBXSourcesBuildPhase;
			buildActionMask = 2147483647;
			files = (
				9AD9D9E41B6EB8AB00AD49AC /* ReorderViewController.swift in Sources */,
				9AD9D9E91B6EBD7D00AD49AC /* CustomViewsController.swift in Sources */,
				9ADA63331B88A56F0060B2C0 /* TableViewController.swift in Sources */,
				9ABE07401B85FC8400636D78 /* CoreDataSearchViewController.swift in Sources */,
				9ABE074D1B861BCF00636D78 /* BankCell.swift in Sources */,
				9AD9D9ED1B6EBEAD00AD49AC /* CustomStringCell.swift in Sources */,
				9ABE07421B85FCCC00636D78 /* CoreDataManager.swift in Sources */,
				9A9B17071B65771600D8ABD3 /* AppDelegate.swift in Sources */,
				9AD9D9F01B6EBF7700AD49AC /* CustomHeaderFooterView.swift in Sources */,
				9AD9D9E21B6EB3C700AD49AC /* StringCell.swift in Sources */,
				9A41FBE71B8A181300508207 /* Banks.xcdatamodeld in Sources */,
				9ABE07451B85FE4E00636D78 /* Bank.swift in Sources */,
				9AD9D9DF1B6EB2F700AD49AC /* AddRemoveViewController.swift in Sources */,
			);
			runOnlyForDeploymentPostprocessing = 0;
		};
		9AF003161A5ABE7000ABFC90 /* Sources */ = {
			isa = PBXSourcesBuildPhase;
			buildActionMask = 2147483647;
			files = (
				9A1A49A31B5455820006610B /* XibTableViewController.swift in Sources */,
				9A75CEC41B55AF68007FB06C /* TableViewController+UnitTests.swift in Sources */,
				9A1663EB1B5A63CA00B2C3C8 /* FixtureViews.swift in Sources */,
				9A52DD6B1B5A99F30048F535 /* DatasourceTestCase.swift in Sources */,
				9A75CEC11B55AE6F007FB06C /* MappingTestCase.swift in Sources */,
				9A9793B51B5BDB4400908C72 /* ReactingToEventsTestCase.swift in Sources */,
				9A244A1E1B6134B0007E4FAA /* ReactingHeaderFooters.swift in Sources */,
				9A9793B31B5BDA7A00908C72 /* ReactingTableCell.swift in Sources */,
				9AF931551B5936A800456503 /* OptionalCells.swift in Sources */,
				9ADA632F1B888DC60060B2C0 /* DTTestTableViewController.swift in Sources */,
				9A75CEC71B55B2E2007FB06C /* FixtureCells.swift in Sources */,
				9A1A499D1B54527E0006610B /* CreationTestCase.swift in Sources */,
				9A1C66801B8672B500B3DEE0 /* TableViewManageableProtocolExtensionTestCase.swift in Sources */,
				9A75CEC91B55B43B007FB06C /* NSIndexPath+Constructor.swift in Sources */,
			);
			runOnlyForDeploymentPostprocessing = 0;
		};
/* End PBXSourcesBuildPhase section */

/* Begin PBXTargetDependency section */
		9A1A499F1B5452FA0006610B /* PBXTargetDependency */ = {
			isa = PBXTargetDependency;
			target = 9A2A38BB1AEE285E0021E97D /* DTTableViewManager */;
			targetProxy = 9A1A499E1B5452FA0006610B /* PBXContainerItemProxy */;
		};
		9A36C7E71B6180750077FAFD /* PBXTargetDependency */ = {
			isa = PBXTargetDependency;
			name = ModelStorage;
			targetProxy = 9A36C7E61B6180750077FAFD /* PBXContainerItemProxy */;
		};
		9A9B17291B65773500D8ABD3 /* PBXTargetDependency */ = {
			isa = PBXTargetDependency;
			name = ModelStorage;
			targetProxy = 9A9B17281B65773500D8ABD3 /* PBXContainerItemProxy */;
		};
		9A9B172B1B65773800D8ABD3 /* PBXTargetDependency */ = {
			isa = PBXTargetDependency;
			target = 9A2A38BB1AEE285E0021E97D /* DTTableViewManager */;
			targetProxy = 9A9B172A1B65773800D8ABD3 /* PBXContainerItemProxy */;
		};
/* End PBXTargetDependency section */

/* Begin PBXVariantGroup section */
		9A9B170C1B65771600D8ABD3 /* Main.storyboard */ = {
			isa = PBXVariantGroup;
			children = (
				9A9B170D1B65771600D8ABD3 /* Base */,
			);
			name = Main.storyboard;
			sourceTree = "<group>";
		};
		9A9B17111B65771600D8ABD3 /* LaunchScreen.xib */ = {
			isa = PBXVariantGroup;
			children = (
				9A9B17121B65771600D8ABD3 /* Base */,
			);
			name = LaunchScreen.xib;
			sourceTree = "<group>";
		};
/* End PBXVariantGroup section */

/* Begin XCBuildConfiguration section */
		9A2A38CF1AEE285E0021E97D /* Debug */ = {
			isa = XCBuildConfiguration;
			buildSettings = {
				CLANG_ALLOW_NON_MODULAR_INCLUDES_IN_FRAMEWORK_MODULES = NO;
				CLANG_ENABLE_MODULES = YES;
				CLANG_ENABLE_OBJC_ARC = YES;
				CLANG_WARN_BOOL_CONVERSION = YES;
				CLANG_WARN_CONSTANT_CONVERSION = YES;
				CLANG_WARN_DIRECT_OBJC_ISA_USAGE = YES_ERROR;
				CLANG_WARN_ENUM_CONVERSION = YES;
				CLANG_WARN_INT_CONVERSION = YES;
				CLANG_WARN_OBJC_ROOT_CLASS = YES_ERROR;
				CLANG_WARN_UNREACHABLE_CODE = YES;
				CURRENT_PROJECT_VERSION = 1;
				DEBUG_INFORMATION_FORMAT = "dwarf-with-dsym";
				DEFINES_MODULE = YES;
				DYLIB_COMPATIBILITY_VERSION = 1;
				DYLIB_CURRENT_VERSION = 1;
				DYLIB_INSTALL_NAME_BASE = "@rpath";
				ENABLE_STRICT_OBJC_MSGSEND = YES;
				GCC_NO_COMMON_BLOCKS = YES;
				GCC_PREPROCESSOR_DEFINITIONS = (
					"DEBUG=1",
					"$(inherited)",
				);
				GCC_WARN_64_TO_32_BIT_CONVERSION = YES;
				GCC_WARN_ABOUT_RETURN_TYPE = YES_ERROR;
				GCC_WARN_UNDECLARED_SELECTOR = YES;
				GCC_WARN_UNINITIALIZED_AUTOS = YES_AGGRESSIVE;
				GCC_WARN_UNUSED_FUNCTION = YES;
				INFOPLIST_FILE = DTTableViewManager/Info.plist;
				INSTALL_PATH = "$(LOCAL_LIBRARY_DIR)/Frameworks";
				IPHONEOS_DEPLOYMENT_TARGET = 8.0;
				LD_RUNPATH_SEARCH_PATHS = "$(inherited) @executable_path/Frameworks @loader_path/Frameworks";
				MTL_ENABLE_DEBUG_INFO = YES;
				PRODUCT_BUNDLE_IDENTIFIER = "com.mlsdev.$(PRODUCT_NAME:rfc1034identifier)";
				PRODUCT_NAME = "$(TARGET_NAME)";
				SKIP_INSTALL = YES;
				SWIFT_OPTIMIZATION_LEVEL = "-Onone";
				TARGETED_DEVICE_FAMILY = "1,2";
				VERSIONING_SYSTEM = "apple-generic";
				VERSION_INFO_PREFIX = "";
			};
			name = Debug;
		};
		9A2A38D01AEE285E0021E97D /* Release */ = {
			isa = XCBuildConfiguration;
			buildSettings = {
				CLANG_ALLOW_NON_MODULAR_INCLUDES_IN_FRAMEWORK_MODULES = NO;
				CLANG_ENABLE_MODULES = YES;
				CLANG_ENABLE_OBJC_ARC = YES;
				CLANG_WARN_BOOL_CONVERSION = YES;
				CLANG_WARN_CONSTANT_CONVERSION = YES;
				CLANG_WARN_DIRECT_OBJC_ISA_USAGE = YES_ERROR;
				CLANG_WARN_ENUM_CONVERSION = YES;
				CLANG_WARN_INT_CONVERSION = YES;
				CLANG_WARN_OBJC_ROOT_CLASS = YES_ERROR;
				CLANG_WARN_UNREACHABLE_CODE = YES;
				COPY_PHASE_STRIP = NO;
				CURRENT_PROJECT_VERSION = 1;
				DEBUG_INFORMATION_FORMAT = "dwarf-with-dsym";
				DEFINES_MODULE = YES;
				DYLIB_COMPATIBILITY_VERSION = 1;
				DYLIB_CURRENT_VERSION = 1;
				DYLIB_INSTALL_NAME_BASE = "@rpath";
				ENABLE_NS_ASSERTIONS = NO;
				ENABLE_STRICT_OBJC_MSGSEND = YES;
				GCC_NO_COMMON_BLOCKS = YES;
				GCC_WARN_64_TO_32_BIT_CONVERSION = YES;
				GCC_WARN_ABOUT_RETURN_TYPE = YES_ERROR;
				GCC_WARN_UNDECLARED_SELECTOR = YES;
				GCC_WARN_UNINITIALIZED_AUTOS = YES_AGGRESSIVE;
				GCC_WARN_UNUSED_FUNCTION = YES;
				INFOPLIST_FILE = DTTableViewManager/Info.plist;
				INSTALL_PATH = "$(LOCAL_LIBRARY_DIR)/Frameworks";
				IPHONEOS_DEPLOYMENT_TARGET = 8.0;
				LD_RUNPATH_SEARCH_PATHS = "$(inherited) @executable_path/Frameworks @loader_path/Frameworks";
				MTL_ENABLE_DEBUG_INFO = NO;
				PRODUCT_BUNDLE_IDENTIFIER = "com.mlsdev.$(PRODUCT_NAME:rfc1034identifier)";
				PRODUCT_NAME = "$(TARGET_NAME)";
				SKIP_INSTALL = YES;
				TARGETED_DEVICE_FAMILY = "1,2";
				VERSIONING_SYSTEM = "apple-generic";
				VERSION_INFO_PREFIX = "";
			};
			name = Release;
		};
		9A9B17211B65771600D8ABD3 /* Debug */ = {
			isa = XCBuildConfiguration;
			buildSettings = {
				ASSETCATALOG_COMPILER_APPICON_NAME = AppIcon;
				CLANG_CXX_LANGUAGE_STANDARD = "gnu++0x";
				CLANG_CXX_LIBRARY = "libc++";
				CLANG_ENABLE_OBJC_ARC = YES;
				CLANG_WARN_BOOL_CONVERSION = YES;
				CLANG_WARN_CONSTANT_CONVERSION = YES;
				CLANG_WARN_DIRECT_OBJC_ISA_USAGE = YES_ERROR;
				CLANG_WARN_ENUM_CONVERSION = YES;
				CLANG_WARN_INT_CONVERSION = YES;
				CLANG_WARN_OBJC_ROOT_CLASS = YES_ERROR;
				CLANG_WARN_UNREACHABLE_CODE = YES;
				DEBUG_INFORMATION_FORMAT = "dwarf-with-dsym";
				ENABLE_STRICT_OBJC_MSGSEND = YES;
				GCC_C_LANGUAGE_STANDARD = gnu99;
				GCC_NO_COMMON_BLOCKS = YES;
				GCC_PREPROCESSOR_DEFINITIONS = (
					"DEBUG=1",
					"$(inherited)",
				);
				GCC_WARN_64_TO_32_BIT_CONVERSION = YES;
				GCC_WARN_ABOUT_RETURN_TYPE = YES_ERROR;
				GCC_WARN_UNDECLARED_SELECTOR = YES;
				GCC_WARN_UNINITIALIZED_AUTOS = YES_AGGRESSIVE;
				GCC_WARN_UNUSED_FUNCTION = YES;
				INFOPLIST_FILE = Example/Info.plist;
				IPHONEOS_DEPLOYMENT_TARGET = 8.4;
				LD_RUNPATH_SEARCH_PATHS = "$(inherited) @executable_path/Frameworks";
				MTL_ENABLE_DEBUG_INFO = YES;
				PRODUCT_BUNDLE_IDENTIFIER = "MLSDev.$(PRODUCT_NAME:rfc1034identifier)";
				PRODUCT_NAME = "$(TARGET_NAME)";
				SWIFT_OPTIMIZATION_LEVEL = "-Onone";
				TARGETED_DEVICE_FAMILY = "1,2";
			};
			name = Debug;
		};
		9A9B17221B65771600D8ABD3 /* Release */ = {
			isa = XCBuildConfiguration;
			buildSettings = {
				ASSETCATALOG_COMPILER_APPICON_NAME = AppIcon;
				CLANG_CXX_LANGUAGE_STANDARD = "gnu++0x";
				CLANG_CXX_LIBRARY = "libc++";
				CLANG_ENABLE_OBJC_ARC = YES;
				CLANG_WARN_BOOL_CONVERSION = YES;
				CLANG_WARN_CONSTANT_CONVERSION = YES;
				CLANG_WARN_DIRECT_OBJC_ISA_USAGE = YES_ERROR;
				CLANG_WARN_ENUM_CONVERSION = YES;
				CLANG_WARN_INT_CONVERSION = YES;
				CLANG_WARN_OBJC_ROOT_CLASS = YES_ERROR;
				CLANG_WARN_UNREACHABLE_CODE = YES;
				COPY_PHASE_STRIP = NO;
				DEBUG_INFORMATION_FORMAT = "dwarf-with-dsym";
				ENABLE_NS_ASSERTIONS = NO;
				ENABLE_STRICT_OBJC_MSGSEND = YES;
				GCC_C_LANGUAGE_STANDARD = gnu99;
				GCC_NO_COMMON_BLOCKS = YES;
				GCC_WARN_64_TO_32_BIT_CONVERSION = YES;
				GCC_WARN_ABOUT_RETURN_TYPE = YES_ERROR;
				GCC_WARN_UNDECLARED_SELECTOR = YES;
				GCC_WARN_UNINITIALIZED_AUTOS = YES_AGGRESSIVE;
				GCC_WARN_UNUSED_FUNCTION = YES;
				INFOPLIST_FILE = Example/Info.plist;
				IPHONEOS_DEPLOYMENT_TARGET = 8.4;
				LD_RUNPATH_SEARCH_PATHS = "$(inherited) @executable_path/Frameworks";
				MTL_ENABLE_DEBUG_INFO = NO;
				PRODUCT_BUNDLE_IDENTIFIER = "MLSDev.$(PRODUCT_NAME:rfc1034identifier)";
				PRODUCT_NAME = "$(TARGET_NAME)";
				TARGETED_DEVICE_FAMILY = "1,2";
			};
			name = Release;
		};
		9AF003221A5ABE7000ABFC90 /* Debug */ = {
			isa = XCBuildConfiguration;
			buildSettings = {
				CLANG_ENABLE_MODULES = YES;
				CLANG_ENABLE_OBJC_ARC = YES;
				CLANG_WARN_BOOL_CONVERSION = YES;
				CLANG_WARN_CONSTANT_CONVERSION = YES;
				CLANG_WARN_DIRECT_OBJC_ISA_USAGE = YES_ERROR;
				CLANG_WARN_ENUM_CONVERSION = YES;
				CLANG_WARN_INT_CONVERSION = YES;
				CLANG_WARN_OBJC_ROOT_CLASS = YES_ERROR;
				CLANG_WARN_UNREACHABLE_CODE = YES;
				"CODE_SIGN_IDENTITY[sdk=iphoneos*]" = "";
				ENABLE_STRICT_OBJC_MSGSEND = YES;
				FRAMEWORK_SEARCH_PATHS = (
					"$(SDKROOT)/Developer/Library/Frameworks",
					"$(inherited)",
					"../Carthage/Build/iOS/**",
				);
				GCC_PRECOMPILE_PREFIX_HEADER = YES;
				GCC_PREFIX_HEADER = "TableViewFactory/XCTests-Prefix.pch";
				GCC_PREPROCESSOR_DEFINITIONS = (
					"DEBUG=1",
					"$(inherited)",
				);
				GCC_WARN_64_TO_32_BIT_CONVERSION = YES;
				GCC_WARN_ABOUT_RETURN_TYPE = YES_ERROR;
				GCC_WARN_UNDECLARED_SELECTOR = YES;
				GCC_WARN_UNINITIALIZED_AUTOS = YES_AGGRESSIVE;
				GCC_WARN_UNUSED_FUNCTION = YES;
				INFOPLIST_FILE = XCTests/Info.plist;
				IPHONEOS_DEPLOYMENT_TARGET = 8.1;
				LD_RUNPATH_SEARCH_PATHS = "$(inherited) @executable_path/Frameworks @loader_path/Frameworks";
				MTL_ENABLE_DEBUG_INFO = YES;
				PRODUCT_BUNDLE_IDENTIFIER = "MLSDev.$(PRODUCT_NAME:rfc1034identifier)";
				PRODUCT_NAME = "$(TARGET_NAME)";
				SWIFT_OPTIMIZATION_LEVEL = "-Onone";
			};
			name = Debug;
		};
		9AF003231A5ABE7000ABFC90 /* Release */ = {
			isa = XCBuildConfiguration;
			buildSettings = {
				CLANG_ENABLE_MODULES = YES;
				CLANG_ENABLE_OBJC_ARC = YES;
				CLANG_WARN_BOOL_CONVERSION = YES;
				CLANG_WARN_CONSTANT_CONVERSION = YES;
				CLANG_WARN_DIRECT_OBJC_ISA_USAGE = YES_ERROR;
				CLANG_WARN_ENUM_CONVERSION = YES;
				CLANG_WARN_INT_CONVERSION = YES;
				CLANG_WARN_OBJC_ROOT_CLASS = YES_ERROR;
				CLANG_WARN_UNREACHABLE_CODE = YES;
				"CODE_SIGN_IDENTITY[sdk=iphoneos*]" = "";
				ENABLE_NS_ASSERTIONS = NO;
				ENABLE_STRICT_OBJC_MSGSEND = YES;
				FRAMEWORK_SEARCH_PATHS = (
					"$(SDKROOT)/Developer/Library/Frameworks",
					"$(inherited)",
					"../Carthage/Build/iOS/**",
				);
				GCC_PRECOMPILE_PREFIX_HEADER = YES;
				GCC_PREFIX_HEADER = "TableViewFactory/XCTests-Prefix.pch";
				GCC_WARN_64_TO_32_BIT_CONVERSION = YES;
				GCC_WARN_ABOUT_RETURN_TYPE = YES_ERROR;
				GCC_WARN_UNDECLARED_SELECTOR = YES;
				GCC_WARN_UNINITIALIZED_AUTOS = YES_AGGRESSIVE;
				GCC_WARN_UNUSED_FUNCTION = YES;
				INFOPLIST_FILE = XCTests/Info.plist;
				IPHONEOS_DEPLOYMENT_TARGET = 8.1;
				LD_RUNPATH_SEARCH_PATHS = "$(inherited) @executable_path/Frameworks @loader_path/Frameworks";
				MTL_ENABLE_DEBUG_INFO = NO;
				PRODUCT_BUNDLE_IDENTIFIER = "MLSDev.$(PRODUCT_NAME:rfc1034identifier)";
				PRODUCT_NAME = "$(TARGET_NAME)";
			};
			name = Release;
		};
		E6EA83841615EE6000F8B8C3 /* Debug */ = {
			isa = XCBuildConfiguration;
			buildSettings = {
				ALWAYS_SEARCH_USER_PATHS = NO;
				CLANG_ALLOW_NON_MODULAR_INCLUDES_IN_FRAMEWORK_MODULES = YES;
				CLANG_ENABLE_MODULES = YES;
				CLANG_WARN_EMPTY_BODY = YES;
				CLANG_WARN__DUPLICATE_METHOD_MATCH = YES;
				"CODE_SIGN_IDENTITY[sdk=iphoneos*]" = "iPhone Developer";
				COPY_PHASE_STRIP = NO;
				EMBEDDED_CONTENT_CONTAINS_SWIFT = YES;
				ENABLE_TESTABILITY = YES;
				GCC_DYNAMIC_NO_PIC = NO;
				GCC_OPTIMIZATION_LEVEL = 0;
				GCC_PREPROCESSOR_DEFINITIONS = (
					"DEBUG=1",
					"$(inherited)",
				);
				GCC_SYMBOLS_PRIVATE_EXTERN = NO;
				GCC_WARN_ABOUT_RETURN_TYPE = YES;
				GCC_WARN_UNINITIALIZED_AUTOS = YES;
				GCC_WARN_UNUSED_VARIABLE = YES;
				IPHONEOS_DEPLOYMENT_TARGET = 7.0;
				ONLY_ACTIVE_ARCH = YES;
				SDKROOT = iphoneos;
			};
			name = Debug;
		};
		E6EA83851615EE6000F8B8C3 /* Release */ = {
			isa = XCBuildConfiguration;
			buildSettings = {
				ALWAYS_SEARCH_USER_PATHS = NO;
				CLANG_ALLOW_NON_MODULAR_INCLUDES_IN_FRAMEWORK_MODULES = YES;
				CLANG_ENABLE_MODULES = YES;
				CLANG_WARN_EMPTY_BODY = YES;
				CLANG_WARN__DUPLICATE_METHOD_MATCH = YES;
				"CODE_SIGN_IDENTITY[sdk=iphoneos*]" = "iPhone Developer";
				COPY_PHASE_STRIP = YES;
				EMBEDDED_CONTENT_CONTAINS_SWIFT = YES;
				GCC_WARN_ABOUT_RETURN_TYPE = YES;
				GCC_WARN_UNINITIALIZED_AUTOS = YES;
				GCC_WARN_UNUSED_VARIABLE = YES;
				IPHONEOS_DEPLOYMENT_TARGET = 7.0;
				OTHER_CFLAGS = "-DNS_BLOCK_ASSERTIONS=1";
				SDKROOT = iphoneos;
				VALIDATE_PRODUCT = YES;
			};
			name = Release;
		};
/* End XCBuildConfiguration section */

/* Begin XCConfigurationList section */
		9A2A38D31AEE285E0021E97D /* Build configuration list for PBXNativeTarget "DTTableViewManager" */ = {
			isa = XCConfigurationList;
			buildConfigurations = (
				9A2A38CF1AEE285E0021E97D /* Debug */,
				9A2A38D01AEE285E0021E97D /* Release */,
			);
			defaultConfigurationIsVisible = 0;
			defaultConfigurationName = Release;
		};
		9A9B17201B65771600D8ABD3 /* Build configuration list for PBXNativeTarget "Example" */ = {
			isa = XCConfigurationList;
			buildConfigurations = (
				9A9B17211B65771600D8ABD3 /* Debug */,
				9A9B17221B65771600D8ABD3 /* Release */,
			);
			defaultConfigurationIsVisible = 0;
			defaultConfigurationName = Release;
		};
		9AF003241A5ABE7000ABFC90 /* Build configuration list for PBXNativeTarget "XCTests" */ = {
			isa = XCConfigurationList;
			buildConfigurations = (
				9AF003221A5ABE7000ABFC90 /* Debug */,
				9AF003231A5ABE7000ABFC90 /* Release */,
			);
			defaultConfigurationIsVisible = 0;
			defaultConfigurationName = Release;
		};
		E6EA835C1615EE6000F8B8C3 /* Build configuration list for PBXProject "DTTableViewManager" */ = {
			isa = XCConfigurationList;
			buildConfigurations = (
				E6EA83841615EE6000F8B8C3 /* Debug */,
				E6EA83851615EE6000F8B8C3 /* Release */,
			);
			defaultConfigurationIsVisible = 0;
			defaultConfigurationName = Release;
		};
/* End XCConfigurationList section */

/* Begin XCVersionGroup section */
		9A41FBE51B8A181300508207 /* Banks.xcdatamodeld */ = {
			isa = XCVersionGroup;
			children = (
				9A41FBE61B8A181300508207 /* Banks.xcdatamodel */,
			);
			currentVersion = 9A41FBE61B8A181300508207 /* Banks.xcdatamodel */;
			name = Banks.xcdatamodeld;
			path = "Example controllers/Search/Banks.xcdatamodeld";
			sourceTree = "<group>";
			versionGroupType = wrapper.xcdatamodel;
		};
/* End XCVersionGroup section */
	};
	rootObject = E6EA83591615EE6000F8B8C3 /* Project object */;
}
